{
  "version": 4,
  "terraform_version": "1.8.4",
  "serial": 225,
  "lineage": "2bdd6931-053c-4f4a-6664-c527de6adede",
  "outputs": {
    "s3-bucket": {
      "value": {
        "aws_s3_object": {
          "ABOUT THIS TEMPLATE.txt": {
            "acl": null,
            "arn": "arn:aws:s3:::oluwasesan-static-bucket/ABOUT THIS TEMPLATE.txt",
            "bucket": "oluwasesan-static-bucket",
            "bucket_key_enabled": false,
            "cache_control": "",
            "checksum_algorithm": null,
            "checksum_crc32": "",
            "checksum_crc32c": "",
            "checksum_sha1": "",
            "checksum_sha256": "",
            "content": null,
            "content_base64": null,
            "content_disposition": "",
            "content_encoding": "",
            "content_language": "",
            "content_type": "ABOUT THIS TEMPLATE.txt",
            "etag": "60e144dba413e51ea856e890e69fde4d",
            "force_destroy": false,
            "id": "ABOUT THIS TEMPLATE.txt",
            "key": "ABOUT THIS TEMPLATE.txt",
            "kms_key_id": null,
            "metadata": {},
            "object_lock_legal_hold_status": "",
            "object_lock_mode": "",
            "object_lock_retain_until_date": "",
            "override_provider": [],
            "server_side_encryption": "AES256",
            "source": "modules/s3_bucket/oclean/ABOUT THIS TEMPLATE.txt",
            "source_hash": null,
            "storage_class": "STANDARD",
            "tags": {},
            "tags_all": {},
            "version_id": "",
            "website_redirect": ""
          },
          "about.html": {
            "acl": null,
            "arn": "arn:aws:s3:::oluwasesan-static-bucket/about.html",
            "bucket": "oluwasesan-static-bucket",
            "bucket_key_enabled": false,
            "cache_control": "",
            "checksum_algorithm": null,
            "checksum_crc32": "",
            "checksum_crc32c": "",
            "checksum_sha1": "",
            "checksum_sha256": "",
            "content": null,
            "content_base64": null,
            "content_disposition": "",
            "content_encoding": "",
            "content_language": "",
            "content_type": "about.html",
            "etag": "afb886411b2c9ade914bfaa6632ee3c6",
            "force_destroy": false,
            "id": "about.html",
            "key": "about.html",
            "kms_key_id": null,
            "metadata": {},
            "object_lock_legal_hold_status": "",
            "object_lock_mode": "",
            "object_lock_retain_until_date": "",
            "override_provider": [],
            "server_side_encryption": "AES256",
            "source": "modules/s3_bucket/oclean/about.html",
            "source_hash": null,
            "storage_class": "STANDARD",
            "tags": {},
            "tags_all": {},
            "version_id": "",
            "website_redirect": ""
          },
          "coming-soon.html": {
            "acl": null,
            "arn": "arn:aws:s3:::oluwasesan-static-bucket/coming-soon.html",
            "bucket": "oluwasesan-static-bucket",
            "bucket_key_enabled": false,
            "cache_control": "",
            "checksum_algorithm": null,
            "checksum_crc32": "",
            "checksum_crc32c": "",
            "checksum_sha1": "",
            "checksum_sha256": "",
            "content": null,
            "content_base64": null,
            "content_disposition": "",
            "content_encoding": "",
            "content_language": "",
            "content_type": "coming-soon.html",
            "etag": "7a488630daabee751e3da5f8ac7e5552",
            "force_destroy": false,
            "id": "coming-soon.html",
            "key": "coming-soon.html",
            "kms_key_id": null,
            "metadata": {},
            "object_lock_legal_hold_status": "",
            "object_lock_mode": "",
            "object_lock_retain_until_date": "",
            "override_provider": [],
            "server_side_encryption": "AES256",
            "source": "modules/s3_bucket/oclean/coming-soon.html",
            "source_hash": null,
            "storage_class": "STANDARD",
            "tags": {},
            "tags_all": {},
            "version_id": "",
            "website_redirect": ""
          },
          "contact.html": {
            "acl": null,
            "arn": "arn:aws:s3:::oluwasesan-static-bucket/contact.html",
            "bucket": "oluwasesan-static-bucket",
            "bucket_key_enabled": false,
            "cache_control": "",
            "checksum_algorithm": null,
            "checksum_crc32": "",
            "checksum_crc32c": "",
            "checksum_sha1": "",
            "checksum_sha256": "",
            "content": null,
            "content_base64": null,
            "content_disposition": "",
            "content_encoding": "",
            "content_language": "",
            "content_type": "contact.html",
            "etag": "ce65435dbc8bfda64c24a491e12864ae",
            "force_destroy": false,
            "id": "contact.html",
            "key": "contact.html",
            "kms_key_id": null,
            "metadata": {},
            "object_lock_legal_hold_status": "",
            "object_lock_mode": "",
            "object_lock_retain_until_date": "",
            "override_provider": [],
            "server_side_encryption": "AES256",
            "source": "modules/s3_bucket/oclean/contact.html",
            "source_hash": null,
            "storage_class": "STANDARD",
            "tags": {},
            "tags_all": {},
            "version_id": "",
            "website_redirect": ""
          },
          "css/bootstrap-icons.css": {
            "acl": null,
            "arn": "arn:aws:s3:::oluwasesan-static-bucket/css/bootstrap-icons.css",
            "bucket": "oluwasesan-static-bucket",
            "bucket_key_enabled": false,
            "cache_control": "",
            "checksum_algorithm": null,
            "checksum_crc32": "",
            "checksum_crc32c": "",
            "checksum_sha1": "",
            "checksum_sha256": "",
            "content": null,
            "content_base64": null,
            "content_disposition": "",
            "content_encoding": "",
            "content_language": "",
            "content_type": "css/bootstrap-icons.css",
            "etag": "b9d9e9a30b876b742023776c87829f3a",
            "force_destroy": false,
            "id": "css/bootstrap-icons.css",
            "key": "css/bootstrap-icons.css",
            "kms_key_id": null,
            "metadata": {},
            "object_lock_legal_hold_status": "",
            "object_lock_mode": "",
            "object_lock_retain_until_date": "",
            "override_provider": [],
            "server_side_encryption": "AES256",
            "source": "modules/s3_bucket/oclean/css/bootstrap-icons.css",
            "source_hash": null,
            "storage_class": "STANDARD",
            "tags": {},
            "tags_all": {},
            "version_id": "",
            "website_redirect": ""
          },
          "css/bootstrap.min.css": {
            "acl": null,
            "arn": "arn:aws:s3:::oluwasesan-static-bucket/css/bootstrap.min.css",
            "bucket": "oluwasesan-static-bucket",
            "bucket_key_enabled": false,
            "cache_control": "",
            "checksum_algorithm": null,
            "checksum_crc32": "",
            "checksum_crc32c": "",
            "checksum_sha1": "",
            "checksum_sha256": "",
            "content": null,
            "content_base64": null,
            "content_disposition": "",
            "content_encoding": "",
            "content_language": "",
            "content_type": "css/bootstrap.min.css",
            "etag": "94994c66fec8c3468b269dc0cc242151",
            "force_destroy": false,
            "id": "css/bootstrap.min.css",
            "key": "css/bootstrap.min.css",
            "kms_key_id": null,
            "metadata": {},
            "object_lock_legal_hold_status": "",
            "object_lock_mode": "",
            "object_lock_retain_until_date": "",
            "override_provider": [],
            "server_side_encryption": "AES256",
            "source": "modules/s3_bucket/oclean/css/bootstrap.min.css",
            "source_hash": null,
            "storage_class": "STANDARD",
            "tags": {},
            "tags_all": {},
            "version_id": "",
            "website_redirect": ""
          },
          "css/magnific-popup.css": {
            "acl": null,
            "arn": "arn:aws:s3:::oluwasesan-static-bucket/css/magnific-popup.css",
            "bucket": "oluwasesan-static-bucket",
            "bucket_key_enabled": false,
            "cache_control": "",
            "checksum_algorithm": null,
            "checksum_crc32": "",
            "checksum_crc32c": "",
            "checksum_sha1": "",
            "checksum_sha256": "",
            "content": null,
            "content_base64": null,
            "content_disposition": "",
            "content_encoding": "",
            "content_language": "",
            "content_type": "css/magnific-popup.css",
            "etag": "30b593b71d7672658f89bfea0ab360c9",
            "force_destroy": false,
            "id": "css/magnific-popup.css",
            "key": "css/magnific-popup.css",
            "kms_key_id": null,
            "metadata": {},
            "object_lock_legal_hold_status": "",
            "object_lock_mode": "",
            "object_lock_retain_until_date": "",
            "override_provider": [],
            "server_side_encryption": "AES256",
            "source": "modules/s3_bucket/oclean/css/magnific-popup.css",
            "source_hash": null,
            "storage_class": "STANDARD",
            "tags": {},
            "tags_all": {},
            "version_id": "",
            "website_redirect": ""
          },
          "css/tooplate-clean-work.css": {
            "acl": null,
            "arn": "arn:aws:s3:::oluwasesan-static-bucket/css/tooplate-clean-work.css",
            "bucket": "oluwasesan-static-bucket",
            "bucket_key_enabled": false,
            "cache_control": "",
            "checksum_algorithm": null,
            "checksum_crc32": "",
            "checksum_crc32c": "",
            "checksum_sha1": "",
            "checksum_sha256": "",
            "content": null,
            "content_base64": null,
            "content_disposition": "",
            "content_encoding": "",
            "content_language": "",
            "content_type": "css/tooplate-clean-work.css",
            "etag": "bf0745d1f9f16f3dd74cee8c17126b1f",
            "force_destroy": false,
            "id": "css/tooplate-clean-work.css",
            "key": "css/tooplate-clean-work.css",
            "kms_key_id": null,
            "metadata": {},
            "object_lock_legal_hold_status": "",
            "object_lock_mode": "",
            "object_lock_retain_until_date": "",
            "override_provider": [],
            "server_side_encryption": "AES256",
            "source": "modules/s3_bucket/oclean/css/tooplate-clean-work.css",
            "source_hash": null,
            "storage_class": "STANDARD",
            "tags": {},
            "tags_all": {},
            "version_id": "",
            "website_redirect": ""
          },
          "fonts/Metropolis/Metropolis-Bold.woff": {
            "acl": null,
            "arn": "arn:aws:s3:::oluwasesan-static-bucket/fonts/Metropolis/Metropolis-Bold.woff",
            "bucket": "oluwasesan-static-bucket",
            "bucket_key_enabled": false,
            "cache_control": "",
            "checksum_algorithm": null,
            "checksum_crc32": "",
            "checksum_crc32c": "",
            "checksum_sha1": "",
            "checksum_sha256": "",
            "content": null,
            "content_base64": null,
            "content_disposition": "",
            "content_encoding": "",
            "content_language": "",
            "content_type": "fonts/Metropolis/Metropolis-Bold.woff",
            "etag": "7807d92adbb7c63f8f318762f6d626f9",
            "force_destroy": false,
            "id": "fonts/Metropolis/Metropolis-Bold.woff",
            "key": "fonts/Metropolis/Metropolis-Bold.woff",
            "kms_key_id": null,
            "metadata": {},
            "object_lock_legal_hold_status": "",
            "object_lock_mode": "",
            "object_lock_retain_until_date": "",
            "override_provider": [],
            "server_side_encryption": "AES256",
            "source": "modules/s3_bucket/oclean/fonts/Metropolis/Metropolis-Bold.woff",
            "source_hash": null,
            "storage_class": "STANDARD",
            "tags": {},
            "tags_all": {},
            "version_id": "",
            "website_redirect": ""
          },
          "fonts/Metropolis/Metropolis-Bold.woff2": {
            "acl": null,
            "arn": "arn:aws:s3:::oluwasesan-static-bucket/fonts/Metropolis/Metropolis-Bold.woff2",
            "bucket": "oluwasesan-static-bucket",
            "bucket_key_enabled": false,
            "cache_control": "",
            "checksum_algorithm": null,
            "checksum_crc32": "",
            "checksum_crc32c": "",
            "checksum_sha1": "",
            "checksum_sha256": "",
            "content": null,
            "content_base64": null,
            "content_disposition": "",
            "content_encoding": "",
            "content_language": "",
            "content_type": "fonts/Metropolis/Metropolis-Bold.woff2",
            "etag": "2a2d4461c922acb1b818f6b6c6e7d34b",
            "force_destroy": false,
            "id": "fonts/Metropolis/Metropolis-Bold.woff2",
            "key": "fonts/Metropolis/Metropolis-Bold.woff2",
            "kms_key_id": null,
            "metadata": {},
            "object_lock_legal_hold_status": "",
            "object_lock_mode": "",
            "object_lock_retain_until_date": "",
            "override_provider": [],
            "server_side_encryption": "AES256",
            "source": "modules/s3_bucket/oclean/fonts/Metropolis/Metropolis-Bold.woff2",
            "source_hash": null,
            "storage_class": "STANDARD",
            "tags": {},
            "tags_all": {},
            "version_id": "",
            "website_redirect": ""
          },
          "fonts/Metropolis/Metropolis-Light.woff": {
            "acl": null,
            "arn": "arn:aws:s3:::oluwasesan-static-bucket/fonts/Metropolis/Metropolis-Light.woff",
            "bucket": "oluwasesan-static-bucket",
            "bucket_key_enabled": false,
            "cache_control": "",
            "checksum_algorithm": null,
            "checksum_crc32": "",
            "checksum_crc32c": "",
            "checksum_sha1": "",
            "checksum_sha256": "",
            "content": null,
            "content_base64": null,
            "content_disposition": "",
            "content_encoding": "",
            "content_language": "",
            "content_type": "fonts/Metropolis/Metropolis-Light.woff",
            "etag": "ed49461a07962eac75df99355aefbf0b",
            "force_destroy": false,
            "id": "fonts/Metropolis/Metropolis-Light.woff",
            "key": "fonts/Metropolis/Metropolis-Light.woff",
            "kms_key_id": null,
            "metadata": {},
            "object_lock_legal_hold_status": "",
            "object_lock_mode": "",
            "object_lock_retain_until_date": "",
            "override_provider": [],
            "server_side_encryption": "AES256",
            "source": "modules/s3_bucket/oclean/fonts/Metropolis/Metropolis-Light.woff",
            "source_hash": null,
            "storage_class": "STANDARD",
            "tags": {},
            "tags_all": {},
            "version_id": "",
            "website_redirect": ""
          },
          "fonts/Metropolis/Metropolis-Light.woff2": {
            "acl": null,
            "arn": "arn:aws:s3:::oluwasesan-static-bucket/fonts/Metropolis/Metropolis-Light.woff2",
            "bucket": "oluwasesan-static-bucket",
            "bucket_key_enabled": false,
            "cache_control": "",
            "checksum_algorithm": null,
            "checksum_crc32": "",
            "checksum_crc32c": "",
            "checksum_sha1": "",
            "checksum_sha256": "",
            "content": null,
            "content_base64": null,
            "content_disposition": "",
            "content_encoding": "",
            "content_language": "",
            "content_type": "fonts/Metropolis/Metropolis-Light.woff2",
            "etag": "d0f9816d3bd98c048cde2fd0fcab3a69",
            "force_destroy": false,
            "id": "fonts/Metropolis/Metropolis-Light.woff2",
            "key": "fonts/Metropolis/Metropolis-Light.woff2",
            "kms_key_id": null,
            "metadata": {},
            "object_lock_legal_hold_status": "",
            "object_lock_mode": "",
            "object_lock_retain_until_date": "",
            "override_provider": [],
            "server_side_encryption": "AES256",
            "source": "modules/s3_bucket/oclean/fonts/Metropolis/Metropolis-Light.woff2",
            "source_hash": null,
            "storage_class": "STANDARD",
            "tags": {},
            "tags_all": {},
            "version_id": "",
            "website_redirect": ""
          },
          "fonts/Metropolis/Metropolis-Regular.woff": {
            "acl": null,
            "arn": "arn:aws:s3:::oluwasesan-static-bucket/fonts/Metropolis/Metropolis-Regular.woff",
            "bucket": "oluwasesan-static-bucket",
            "bucket_key_enabled": false,
            "cache_control": "",
            "checksum_algorithm": null,
            "checksum_crc32": "",
            "checksum_crc32c": "",
            "checksum_sha1": "",
            "checksum_sha256": "",
            "content": null,
            "content_base64": null,
            "content_disposition": "",
            "content_encoding": "",
            "content_language": "",
            "content_type": "fonts/Metropolis/Metropolis-Regular.woff",
            "etag": "867ae290b26671633b952e655780a827",
            "force_destroy": false,
            "id": "fonts/Metropolis/Metropolis-Regular.woff",
            "key": "fonts/Metropolis/Metropolis-Regular.woff",
            "kms_key_id": null,
            "metadata": {},
            "object_lock_legal_hold_status": "",
            "object_lock_mode": "",
            "object_lock_retain_until_date": "",
            "override_provider": [],
            "server_side_encryption": "AES256",
            "source": "modules/s3_bucket/oclean/fonts/Metropolis/Metropolis-Regular.woff",
            "source_hash": null,
            "storage_class": "STANDARD",
            "tags": {},
            "tags_all": {},
            "version_id": "",
            "website_redirect": ""
          },
          "fonts/Metropolis/Metropolis-Regular.woff2": {
            "acl": null,
            "arn": "arn:aws:s3:::oluwasesan-static-bucket/fonts/Metropolis/Metropolis-Regular.woff2",
            "bucket": "oluwasesan-static-bucket",
            "bucket_key_enabled": false,
            "cache_control": "",
            "checksum_algorithm": null,
            "checksum_crc32": "",
            "checksum_crc32c": "",
            "checksum_sha1": "",
            "checksum_sha256": "",
            "content": null,
            "content_base64": null,
            "content_disposition": "",
            "content_encoding": "",
            "content_language": "",
            "content_type": "fonts/Metropolis/Metropolis-Regular.woff2",
            "etag": "f941008648387c19db06494992d5735e",
            "force_destroy": false,
            "id": "fonts/Metropolis/Metropolis-Regular.woff2",
            "key": "fonts/Metropolis/Metropolis-Regular.woff2",
            "kms_key_id": null,
            "metadata": {},
            "object_lock_legal_hold_status": "",
            "object_lock_mode": "",
            "object_lock_retain_until_date": "",
            "override_provider": [],
            "server_side_encryption": "AES256",
            "source": "modules/s3_bucket/oclean/fonts/Metropolis/Metropolis-Regular.woff2",
            "source_hash": null,
            "storage_class": "STANDARD",
            "tags": {},
            "tags_all": {},
            "version_id": "",
            "website_redirect": ""
          },
          "fonts/Metropolis/Metropolis-SemiBold.woff": {
            "acl": null,
            "arn": "arn:aws:s3:::oluwasesan-static-bucket/fonts/Metropolis/Metropolis-SemiBold.woff",
            "bucket": "oluwasesan-static-bucket",
            "bucket_key_enabled": false,
            "cache_control": "",
            "checksum_algorithm": null,
            "checksum_crc32": "",
            "checksum_crc32c": "",
            "checksum_sha1": "",
            "checksum_sha256": "",
            "content": null,
            "content_base64": null,
            "content_disposition": "",
            "content_encoding": "",
            "content_language": "",
            "content_type": "fonts/Metropolis/Metropolis-SemiBold.woff",
            "etag": "598f348de6e3b3a05565295af625b113",
            "force_destroy": false,
            "id": "fonts/Metropolis/Metropolis-SemiBold.woff",
            "key": "fonts/Metropolis/Metropolis-SemiBold.woff",
            "kms_key_id": null,
            "metadata": {},
            "object_lock_legal_hold_status": "",
            "object_lock_mode": "",
            "object_lock_retain_until_date": "",
            "override_provider": [],
            "server_side_encryption": "AES256",
            "source": "modules/s3_bucket/oclean/fonts/Metropolis/Metropolis-SemiBold.woff",
            "source_hash": null,
            "storage_class": "STANDARD",
            "tags": {},
            "tags_all": {},
            "version_id": "",
            "website_redirect": ""
          },
          "fonts/Metropolis/Metropolis-SemiBold.woff2": {
            "acl": null,
            "arn": "arn:aws:s3:::oluwasesan-static-bucket/fonts/Metropolis/Metropolis-SemiBold.woff2",
            "bucket": "oluwasesan-static-bucket",
            "bucket_key_enabled": false,
            "cache_control": "",
            "checksum_algorithm": null,
            "checksum_crc32": "",
            "checksum_crc32c": "",
            "checksum_sha1": "",
            "checksum_sha256": "",
            "content": null,
            "content_base64": null,
            "content_disposition": "",
            "content_encoding": "",
            "content_language": "",
            "content_type": "fonts/Metropolis/Metropolis-SemiBold.woff2",
            "etag": "d731fbae4bdeaf9f3445197fd6df674b",
            "force_destroy": false,
            "id": "fonts/Metropolis/Metropolis-SemiBold.woff2",
            "key": "fonts/Metropolis/Metropolis-SemiBold.woff2",
            "kms_key_id": null,
            "metadata": {},
            "object_lock_legal_hold_status": "",
            "object_lock_mode": "",
            "object_lock_retain_until_date": "",
            "override_provider": [],
            "server_side_encryption": "AES256",
            "source": "modules/s3_bucket/oclean/fonts/Metropolis/Metropolis-SemiBold.woff2",
            "source_hash": null,
            "storage_class": "STANDARD",
            "tags": {},
            "tags_all": {},
            "version_id": "",
            "website_redirect": ""
          },
          "fonts/bootstrap-icons.woff": {
            "acl": null,
            "arn": "arn:aws:s3:::oluwasesan-static-bucket/fonts/bootstrap-icons.woff",
            "bucket": "oluwasesan-static-bucket",
            "bucket_key_enabled": false,
            "cache_control": "",
            "checksum_algorithm": null,
            "checksum_crc32": "",
            "checksum_crc32c": "",
            "checksum_sha1": "",
            "checksum_sha256": "",
            "content": null,
            "content_base64": null,
            "content_disposition": "",
            "content_encoding": "",
            "content_language": "",
            "content_type": "fonts/bootstrap-icons.woff",
            "etag": "b0dc21936e27b98d6c65bd72dd705c65",
            "force_destroy": false,
            "id": "fonts/bootstrap-icons.woff",
            "key": "fonts/bootstrap-icons.woff",
            "kms_key_id": null,
            "metadata": {},
            "object_lock_legal_hold_status": "",
            "object_lock_mode": "",
            "object_lock_retain_until_date": "",
            "override_provider": [],
            "server_side_encryption": "AES256",
            "source": "modules/s3_bucket/oclean/fonts/bootstrap-icons.woff",
            "source_hash": null,
            "storage_class": "STANDARD",
            "tags": {},
            "tags_all": {},
            "version_id": "",
            "website_redirect": ""
          },
          "fonts/bootstrap-icons.woff2": {
            "acl": null,
            "arn": "arn:aws:s3:::oluwasesan-static-bucket/fonts/bootstrap-icons.woff2",
            "bucket": "oluwasesan-static-bucket",
            "bucket_key_enabled": false,
            "cache_control": "",
            "checksum_algorithm": null,
            "checksum_crc32": "",
            "checksum_crc32c": "",
            "checksum_sha1": "",
            "checksum_sha256": "",
            "content": null,
            "content_base64": null,
            "content_disposition": "",
            "content_encoding": "",
            "content_language": "",
            "content_type": "fonts/bootstrap-icons.woff2",
            "etag": "c5787b4ab55835580294696c3cbcc521",
            "force_destroy": false,
            "id": "fonts/bootstrap-icons.woff2",
            "key": "fonts/bootstrap-icons.woff2",
            "kms_key_id": null,
            "metadata": {},
            "object_lock_legal_hold_status": "",
            "object_lock_mode": "",
            "object_lock_retain_until_date": "",
            "override_provider": [],
            "server_side_encryption": "AES256",
            "source": "modules/s3_bucket/oclean/fonts/bootstrap-icons.woff2",
            "source_hash": null,
            "storage_class": "STANDARD",
            "tags": {},
            "tags_all": {},
            "version_id": "",
            "website_redirect": ""
          },
          "images/avatar/happy-customer-01.jpg": {
            "acl": null,
            "arn": "arn:aws:s3:::oluwasesan-static-bucket/images/avatar/happy-customer-01.jpg",
            "bucket": "oluwasesan-static-bucket",
            "bucket_key_enabled": false,
            "cache_control": "",
            "checksum_algorithm": null,
            "checksum_crc32": "",
            "checksum_crc32c": "",
            "checksum_sha1": "",
            "checksum_sha256": "",
            "content": null,
            "content_base64": null,
            "content_disposition": "",
            "content_encoding": "",
            "content_language": "",
            "content_type": "images/avatar/happy-customer-01.jpg",
            "etag": "7c9558f6227bad101965e7935e5d7d2a",
            "force_destroy": false,
            "id": "images/avatar/happy-customer-01.jpg",
            "key": "images/avatar/happy-customer-01.jpg",
            "kms_key_id": null,
            "metadata": {},
            "object_lock_legal_hold_status": "",
            "object_lock_mode": "",
            "object_lock_retain_until_date": "",
            "override_provider": [],
            "server_side_encryption": "AES256",
            "source": "modules/s3_bucket/oclean/images/avatar/happy-customer-01.jpg",
            "source_hash": null,
            "storage_class": "STANDARD",
            "tags": {},
            "tags_all": {},
            "version_id": "",
            "website_redirect": ""
          },
          "images/avatar/happy-customer-02.jpg": {
            "acl": null,
            "arn": "arn:aws:s3:::oluwasesan-static-bucket/images/avatar/happy-customer-02.jpg",
            "bucket": "oluwasesan-static-bucket",
            "bucket_key_enabled": false,
            "cache_control": "",
            "checksum_algorithm": null,
            "checksum_crc32": "",
            "checksum_crc32c": "",
            "checksum_sha1": "",
            "checksum_sha256": "",
            "content": null,
            "content_base64": null,
            "content_disposition": "",
            "content_encoding": "",
            "content_language": "",
            "content_type": "images/avatar/happy-customer-02.jpg",
            "etag": "bf7699158fc96f628c4d91011e33ffe1",
            "force_destroy": false,
            "id": "images/avatar/happy-customer-02.jpg",
            "key": "images/avatar/happy-customer-02.jpg",
            "kms_key_id": null,
            "metadata": {},
            "object_lock_legal_hold_status": "",
            "object_lock_mode": "",
            "object_lock_retain_until_date": "",
            "override_provider": [],
            "server_side_encryption": "AES256",
            "source": "modules/s3_bucket/oclean/images/avatar/happy-customer-02.jpg",
            "source_hash": null,
            "storage_class": "STANDARD",
            "tags": {},
            "tags_all": {},
            "version_id": "",
            "website_redirect": ""
          },
          "images/avatar/happy-customer-03.jpg": {
            "acl": null,
            "arn": "arn:aws:s3:::oluwasesan-static-bucket/images/avatar/happy-customer-03.jpg",
            "bucket": "oluwasesan-static-bucket",
            "bucket_key_enabled": false,
            "cache_control": "",
            "checksum_algorithm": null,
            "checksum_crc32": "",
            "checksum_crc32c": "",
            "checksum_sha1": "",
            "checksum_sha256": "",
            "content": null,
            "content_base64": null,
            "content_disposition": "",
            "content_encoding": "",
            "content_language": "",
            "content_type": "images/avatar/happy-customer-03.jpg",
            "etag": "1d4f394bee3acc781bc929bf64b4bca4",
            "force_destroy": false,
            "id": "images/avatar/happy-customer-03.jpg",
            "key": "images/avatar/happy-customer-03.jpg",
            "kms_key_id": null,
            "metadata": {},
            "object_lock_legal_hold_status": "",
            "object_lock_mode": "",
            "object_lock_retain_until_date": "",
            "override_provider": [],
            "server_side_encryption": "AES256",
            "source": "modules/s3_bucket/oclean/images/avatar/happy-customer-03.jpg",
            "source_hash": null,
            "storage_class": "STANDARD",
            "tags": {},
            "tags_all": {},
            "version_id": "",
            "website_redirect": ""
          },
          "images/avatar/happy-customer-04.jpg": {
            "acl": null,
            "arn": "arn:aws:s3:::oluwasesan-static-bucket/images/avatar/happy-customer-04.jpg",
            "bucket": "oluwasesan-static-bucket",
            "bucket_key_enabled": false,
            "cache_control": "",
            "checksum_algorithm": null,
            "checksum_crc32": "",
            "checksum_crc32c": "",
            "checksum_sha1": "",
            "checksum_sha256": "",
            "content": null,
            "content_base64": null,
            "content_disposition": "",
            "content_encoding": "",
            "content_language": "",
            "content_type": "images/avatar/happy-customer-04.jpg",
            "etag": "48ba934b346b88ea3a9caf52c4ada5f2",
            "force_destroy": false,
            "id": "images/avatar/happy-customer-04.jpg",
            "key": "images/avatar/happy-customer-04.jpg",
            "kms_key_id": null,
            "metadata": {},
            "object_lock_legal_hold_status": "",
            "object_lock_mode": "",
            "object_lock_retain_until_date": "",
            "override_provider": [],
            "server_side_encryption": "AES256",
            "source": "modules/s3_bucket/oclean/images/avatar/happy-customer-04.jpg",
            "source_hash": null,
            "storage_class": "STANDARD",
            "tags": {},
            "tags_all": {},
            "version_id": "",
            "website_redirect": ""
          },
          "images/avatar/happy-customer-05.jpg": {
            "acl": null,
            "arn": "arn:aws:s3:::oluwasesan-static-bucket/images/avatar/happy-customer-05.jpg",
            "bucket": "oluwasesan-static-bucket",
            "bucket_key_enabled": false,
            "cache_control": "",
            "checksum_algorithm": null,
            "checksum_crc32": "",
            "checksum_crc32c": "",
            "checksum_sha1": "",
            "checksum_sha256": "",
            "content": null,
            "content_base64": null,
            "content_disposition": "",
            "content_encoding": "",
            "content_language": "",
            "content_type": "images/avatar/happy-customer-05.jpg",
            "etag": "79daec4dd70f024c377f74f1647f3c96",
            "force_destroy": false,
            "id": "images/avatar/happy-customer-05.jpg",
            "key": "images/avatar/happy-customer-05.jpg",
            "kms_key_id": null,
            "metadata": {},
            "object_lock_legal_hold_status": "",
            "object_lock_mode": "",
            "object_lock_retain_until_date": "",
            "override_provider": [],
            "server_side_encryption": "AES256",
            "source": "modules/s3_bucket/oclean/images/avatar/happy-customer-05.jpg",
            "source_hash": null,
            "storage_class": "STANDARD",
            "tags": {},
            "tags_all": {},
            "version_id": "",
            "website_redirect": ""
          },
          "images/avatar/happy-customer-06.jpg": {
            "acl": null,
            "arn": "arn:aws:s3:::oluwasesan-static-bucket/images/avatar/happy-customer-06.jpg",
            "bucket": "oluwasesan-static-bucket",
            "bucket_key_enabled": false,
            "cache_control": "",
            "checksum_algorithm": null,
            "checksum_crc32": "",
            "checksum_crc32c": "",
            "checksum_sha1": "",
            "checksum_sha256": "",
            "content": null,
            "content_base64": null,
            "content_disposition": "",
            "content_encoding": "",
            "content_language": "",
            "content_type": "images/avatar/happy-customer-06.jpg",
            "etag": "b2da3d37e28e9522ffa749eeaeb3dcae",
            "force_destroy": false,
            "id": "images/avatar/happy-customer-06.jpg",
            "key": "images/avatar/happy-customer-06.jpg",
            "kms_key_id": null,
            "metadata": {},
            "object_lock_legal_hold_status": "",
            "object_lock_mode": "",
            "object_lock_retain_until_date": "",
            "override_provider": [],
            "server_side_encryption": "AES256",
            "source": "modules/s3_bucket/oclean/images/avatar/happy-customer-06.jpg",
            "source_hash": null,
            "storage_class": "STANDARD",
            "tags": {},
            "tags_all": {},
            "version_id": "",
            "website_redirect": ""
          },
          "images/bubbles.png": {
            "acl": null,
            "arn": "arn:aws:s3:::oluwasesan-static-bucket/images/bubbles.png",
            "bucket": "oluwasesan-static-bucket",
            "bucket_key_enabled": false,
            "cache_control": "",
            "checksum_algorithm": null,
            "checksum_crc32": "",
            "checksum_crc32c": "",
            "checksum_sha1": "",
            "checksum_sha256": "",
            "content": null,
            "content_base64": null,
            "content_disposition": "",
            "content_encoding": "",
            "content_language": "",
            "content_type": "images/bubbles.png",
            "etag": "fa95141ea34b765e34b722f68868b085",
            "force_destroy": false,
            "id": "images/bubbles.png",
            "key": "images/bubbles.png",
            "kms_key_id": null,
            "metadata": {},
            "object_lock_legal_hold_status": "",
            "object_lock_mode": "",
            "object_lock_retain_until_date": "",
            "override_provider": [],
            "server_side_encryption": "AES256",
            "source": "modules/s3_bucket/oclean/images/bubbles.png",
            "source_hash": null,
            "storage_class": "STANDARD",
            "tags": {},
            "tags_all": {},
            "version_id": "",
            "website_redirect": ""
          },
          "images/cleaning-concept-with-man-showing-business-card.jpg": {
            "acl": null,
            "arn": "arn:aws:s3:::oluwasesan-static-bucket/images/cleaning-concept-with-man-showing-business-card.jpg",
            "bucket": "oluwasesan-static-bucket",
            "bucket_key_enabled": false,
            "cache_control": "",
            "checksum_algorithm": null,
            "checksum_crc32": "",
            "checksum_crc32c": "",
            "checksum_sha1": "",
            "checksum_sha256": "",
            "content": null,
            "content_base64": null,
            "content_disposition": "",
            "content_encoding": "",
            "content_language": "",
            "content_type": "images/cleaning-concept-with-man-showing-business-card.jpg",
            "etag": "f61d177c98852b94263330e711d87369",
            "force_destroy": false,
            "id": "images/cleaning-concept-with-man-showing-business-card.jpg",
            "key": "images/cleaning-concept-with-man-showing-business-card.jpg",
            "kms_key_id": null,
            "metadata": {},
            "object_lock_legal_hold_status": "",
            "object_lock_mode": "",
            "object_lock_retain_until_date": "",
            "override_provider": [],
            "server_side_encryption": "AES256",
            "source": "modules/s3_bucket/oclean/images/cleaning-concept-with-man-showing-business-card.jpg",
            "source_hash": null,
            "storage_class": "STANDARD",
            "tags": {},
            "tags_all": {},
            "version_id": "",
            "website_redirect": ""
          },
          "images/coffe-shop-with-wooden-walls-unfocused.jpg": {
            "acl": null,
            "arn": "arn:aws:s3:::oluwasesan-static-bucket/images/coffe-shop-with-wooden-walls-unfocused.jpg",
            "bucket": "oluwasesan-static-bucket",
            "bucket_key_enabled": false,
            "cache_control": "",
            "checksum_algorithm": null,
            "checksum_crc32": "",
            "checksum_crc32c": "",
            "checksum_sha1": "",
            "checksum_sha256": "",
            "content": null,
            "content_base64": null,
            "content_disposition": "",
            "content_encoding": "",
            "content_language": "",
            "content_type": "images/coffe-shop-with-wooden-walls-unfocused.jpg",
            "etag": "00bac990c53ac80ef90a7789bf574585",
            "force_destroy": false,
            "id": "images/coffe-shop-with-wooden-walls-unfocused.jpg",
            "key": "images/coffe-shop-with-wooden-walls-unfocused.jpg",
            "kms_key_id": null,
            "metadata": {},
            "object_lock_legal_hold_status": "",
            "object_lock_mode": "",
            "object_lock_retain_until_date": "",
            "override_provider": [],
            "server_side_encryption": "AES256",
            "source": "modules/s3_bucket/oclean/images/coffe-shop-with-wooden-walls-unfocused.jpg",
            "source_hash": null,
            "storage_class": "STANDARD",
            "tags": {},
            "tags_all": {},
            "version_id": "",
            "website_redirect": ""
          },
          "images/coronavirus-pandemic-disinfector-protective-suit-mask-sprays-disinfectants-house-office.jpg": {
            "acl": null,
            "arn": "arn:aws:s3:::oluwasesan-static-bucket/images/coronavirus-pandemic-disinfector-protective-suit-mask-sprays-disinfectants-house-office.jpg",
            "bucket": "oluwasesan-static-bucket",
            "bucket_key_enabled": false,
            "cache_control": "",
            "checksum_algorithm": null,
            "checksum_crc32": "",
            "checksum_crc32c": "",
            "checksum_sha1": "",
            "checksum_sha256": "",
            "content": null,
            "content_base64": null,
            "content_disposition": "",
            "content_encoding": "",
            "content_language": "",
            "content_type": "images/coronavirus-pandemic-disinfector-protective-suit-mask-sprays-disinfectants-house-office.jpg",
            "etag": "ac04f2909eb400b2b0c7a8768ff371ed",
            "force_destroy": false,
            "id": "images/coronavirus-pandemic-disinfector-protective-suit-mask-sprays-disinfectants-house-office.jpg",
            "key": "images/coronavirus-pandemic-disinfector-protective-suit-mask-sprays-disinfectants-house-office.jpg",
            "kms_key_id": null,
            "metadata": {},
            "object_lock_legal_hold_status": "",
            "object_lock_mode": "",
            "object_lock_retain_until_date": "",
            "override_provider": [],
            "server_side_encryption": "AES256",
            "source": "modules/s3_bucket/oclean/images/coronavirus-pandemic-disinfector-protective-suit-mask-sprays-disinfectants-house-office.jpg",
            "source_hash": null,
            "storage_class": "STANDARD",
            "tags": {},
            "tags_all": {},
            "version_id": "",
            "website_redirect": ""
          },
          "images/disinfecting-home.jpg": {
            "acl": null,
            "arn": "arn:aws:s3:::oluwasesan-static-bucket/images/disinfecting-home.jpg",
            "bucket": "oluwasesan-static-bucket",
            "bucket_key_enabled": false,
            "cache_control": "",
            "checksum_algorithm": null,
            "checksum_crc32": "",
            "checksum_crc32c": "",
            "checksum_sha1": "",
            "checksum_sha256": "",
            "content": null,
            "content_base64": null,
            "content_disposition": "",
            "content_encoding": "",
            "content_language": "",
            "content_type": "images/disinfecting-home.jpg",
            "etag": "70f5bce156aa2019deb5ec26b679a31d",
            "force_destroy": false,
            "id": "images/disinfecting-home.jpg",
            "key": "images/disinfecting-home.jpg",
            "kms_key_id": null,
            "metadata": {},
            "object_lock_legal_hold_status": "",
            "object_lock_mode": "",
            "object_lock_retain_until_date": "",
            "override_provider": [],
            "server_side_encryption": "AES256",
            "source": "modules/s3_bucket/oclean/images/disinfecting-home.jpg",
            "source_hash": null,
            "storage_class": "STANDARD",
            "tags": {},
            "tags_all": {},
            "version_id": "",
            "website_redirect": ""
          },
          "images/essential-goods-during-epidemic-prevention-protection.jpg": {
            "acl": null,
            "arn": "arn:aws:s3:::oluwasesan-static-bucket/images/essential-goods-during-epidemic-prevention-protection.jpg",
            "bucket": "oluwasesan-static-bucket",
            "bucket_key_enabled": false,
            "cache_control": "",
            "checksum_algorithm": null,
            "checksum_crc32": "",
            "checksum_crc32c": "",
            "checksum_sha1": "",
            "checksum_sha256": "",
            "content": null,
            "content_base64": null,
            "content_disposition": "",
            "content_encoding": "",
            "content_language": "",
            "content_type": "images/essential-goods-during-epidemic-prevention-protection.jpg",
            "etag": "62abb96646a7386d716b951685eb99b7",
            "force_destroy": false,
            "id": "images/essential-goods-during-epidemic-prevention-protection.jpg",
            "key": "images/essential-goods-during-epidemic-prevention-protection.jpg",
            "kms_key_id": null,
            "metadata": {},
            "object_lock_legal_hold_status": "",
            "object_lock_mode": "",
            "object_lock_retain_until_date": "",
            "override_provider": [],
            "server_side_encryption": "AES256",
            "source": "modules/s3_bucket/oclean/images/essential-goods-during-epidemic-prevention-protection.jpg",
            "source_hash": null,
            "storage_class": "STANDARD",
            "tags": {},
            "tags_all": {},
            "version_id": "",
            "website_redirect": ""
          },
          "images/high-angle-woman-cleaning-floors.jpg": {
            "acl": null,
            "arn": "arn:aws:s3:::oluwasesan-static-bucket/images/high-angle-woman-cleaning-floors.jpg",
            "bucket": "oluwasesan-static-bucket",
            "bucket_key_enabled": false,
            "cache_control": "",
            "checksum_algorithm": null,
            "checksum_crc32": "",
            "checksum_crc32c": "",
            "checksum_sha1": "",
            "checksum_sha256": "",
            "content": null,
            "content_base64": null,
            "content_disposition": "",
            "content_encoding": "",
            "content_language": "",
            "content_type": "images/high-angle-woman-cleaning-floors.jpg",
            "etag": "a14c8178b103ce633811257592a327f9",
            "force_destroy": false,
            "id": "images/high-angle-woman-cleaning-floors.jpg",
            "key": "images/high-angle-woman-cleaning-floors.jpg",
            "kms_key_id": null,
            "metadata": {},
            "object_lock_legal_hold_status": "",
            "object_lock_mode": "",
            "object_lock_retain_until_date": "",
            "override_provider": [],
            "server_side_encryption": "AES256",
            "source": "modules/s3_bucket/oclean/images/high-angle-woman-cleaning-floors.jpg",
            "source_hash": null,
            "storage_class": "STANDARD",
            "tags": {},
            "tags_all": {},
            "version_id": "",
            "website_redirect": ""
          },
          "images/male-wearing-apron-female-white-t-shirt-smiling-broadly-being-glad-clean.png": {
            "acl": null,
            "arn": "arn:aws:s3:::oluwasesan-static-bucket/images/male-wearing-apron-female-white-t-shirt-smiling-broadly-being-glad-clean.png",
            "bucket": "oluwasesan-static-bucket",
            "bucket_key_enabled": false,
            "cache_control": "",
            "checksum_algorithm": null,
            "checksum_crc32": "",
            "checksum_crc32c": "",
            "checksum_sha1": "",
            "checksum_sha256": "",
            "content": null,
            "content_base64": null,
            "content_disposition": "",
            "content_encoding": "",
            "content_language": "",
            "content_type": "images/male-wearing-apron-female-white-t-shirt-smiling-broadly-being-glad-clean.png",
            "etag": "909ec9b73df7f752089477688b9591b1",
            "force_destroy": false,
            "id": "images/male-wearing-apron-female-white-t-shirt-smiling-broadly-being-glad-clean.png",
            "key": "images/male-wearing-apron-female-white-t-shirt-smiling-broadly-being-glad-clean.png",
            "kms_key_id": null,
            "metadata": {},
            "object_lock_legal_hold_status": "",
            "object_lock_mode": "",
            "object_lock_retain_until_date": "",
            "override_provider": [],
            "server_side_encryption": "AES256",
            "source": "modules/s3_bucket/oclean/images/male-wearing-apron-female-white-t-shirt-smiling-broadly-being-glad-clean.png",
            "source_hash": null,
            "storage_class": "STANDARD",
            "tags": {},
            "tags_all": {},
            "version_id": "",
            "website_redirect": ""
          },
          "images/partners/glorix.svg": {
            "acl": null,
            "arn": "arn:aws:s3:::oluwasesan-static-bucket/images/partners/glorix.svg",
            "bucket": "oluwasesan-static-bucket",
            "bucket_key_enabled": false,
            "cache_control": "",
            "checksum_algorithm": null,
            "checksum_crc32": "",
            "checksum_crc32c": "",
            "checksum_sha1": "",
            "checksum_sha256": "",
            "content": null,
            "content_base64": null,
            "content_disposition": "",
            "content_encoding": "",
            "content_language": "",
            "content_type": "images/partners/glorix.svg",
            "etag": "0202ac1e5bbd898154bf917aa85fca04",
            "force_destroy": false,
            "id": "images/partners/glorix.svg",
            "key": "images/partners/glorix.svg",
            "kms_key_id": null,
            "metadata": {},
            "object_lock_legal_hold_status": "",
            "object_lock_mode": "",
            "object_lock_retain_until_date": "",
            "override_provider": [],
            "server_side_encryption": "AES256",
            "source": "modules/s3_bucket/oclean/images/partners/glorix.svg",
            "source_hash": null,
            "storage_class": "STANDARD",
            "tags": {},
            "tags_all": {},
            "version_id": "",
            "website_redirect": ""
          },
          "images/partners/rolf-leasing.svg": {
            "acl": null,
            "arn": "arn:aws:s3:::oluwasesan-static-bucket/images/partners/rolf-leasing.svg",
            "bucket": "oluwasesan-static-bucket",
            "bucket_key_enabled": false,
            "cache_control": "",
            "checksum_algorithm": null,
            "checksum_crc32": "",
            "checksum_crc32c": "",
            "checksum_sha1": "",
            "checksum_sha256": "",
            "content": null,
            "content_base64": null,
            "content_disposition": "",
            "content_encoding": "",
            "content_language": "",
            "content_type": "images/partners/rolf-leasing.svg",
            "etag": "97b2c4bcf2fb91e0efe1a885ace54fc1",
            "force_destroy": false,
            "id": "images/partners/rolf-leasing.svg",
            "key": "images/partners/rolf-leasing.svg",
            "kms_key_id": null,
            "metadata": {},
            "object_lock_legal_hold_status": "",
            "object_lock_mode": "",
            "object_lock_retain_until_date": "",
            "override_provider": [],
            "server_side_encryption": "AES256",
            "source": "modules/s3_bucket/oclean/images/partners/rolf-leasing.svg",
            "source_hash": null,
            "storage_class": "STANDARD",
            "tags": {},
            "tags_all": {},
            "version_id": "",
            "website_redirect": ""
          },
          "images/partners/toprak-leasing.svg": {
            "acl": null,
            "arn": "arn:aws:s3:::oluwasesan-static-bucket/images/partners/toprak-leasing.svg",
            "bucket": "oluwasesan-static-bucket",
            "bucket_key_enabled": false,
            "cache_control": "",
            "checksum_algorithm": null,
            "checksum_crc32": "",
            "checksum_crc32c": "",
            "checksum_sha1": "",
            "checksum_sha256": "",
            "content": null,
            "content_base64": null,
            "content_disposition": "",
            "content_encoding": "",
            "content_language": "",
            "content_type": "images/partners/toprak-leasing.svg",
            "etag": "f6c45f8fcf6772917544428bf0c84a10",
            "force_destroy": false,
            "id": "images/partners/toprak-leasing.svg",
            "key": "images/partners/toprak-leasing.svg",
            "kms_key_id": null,
            "metadata": {},
            "object_lock_legal_hold_status": "",
            "object_lock_mode": "",
            "object_lock_retain_until_date": "",
            "override_provider": [],
            "server_side_encryption": "AES256",
            "source": "modules/s3_bucket/oclean/images/partners/toprak-leasing.svg",
            "source_hash": null,
            "storage_class": "STANDARD",
            "tags": {},
            "tags_all": {},
            "version_id": "",
            "website_redirect": ""
          },
          "images/partners/unilabs.svg": {
            "acl": null,
            "arn": "arn:aws:s3:::oluwasesan-static-bucket/images/partners/unilabs.svg",
            "bucket": "oluwasesan-static-bucket",
            "bucket_key_enabled": false,
            "cache_control": "",
            "checksum_algorithm": null,
            "checksum_crc32": "",
            "checksum_crc32c": "",
            "checksum_sha1": "",
            "checksum_sha256": "",
            "content": null,
            "content_base64": null,
            "content_disposition": "",
            "content_encoding": "",
            "content_language": "",
            "content_type": "images/partners/unilabs.svg",
            "etag": "d2d74ce3c8c40efbb2a0e62a1d63f1dc",
            "force_destroy": false,
            "id": "images/partners/unilabs.svg",
            "key": "images/partners/unilabs.svg",
            "kms_key_id": null,
            "metadata": {},
            "object_lock_legal_hold_status": "",
            "object_lock_mode": "",
            "object_lock_retain_until_date": "",
            "override_provider": [],
            "server_side_encryption": "AES256",
            "source": "modules/s3_bucket/oclean/images/partners/unilabs.svg",
            "source_hash": null,
            "storage_class": "STANDARD",
            "tags": {},
            "tags_all": {},
            "version_id": "",
            "website_redirect": ""
          },
          "images/partners/woocommerce.svg": {
            "acl": null,
            "arn": "arn:aws:s3:::oluwasesan-static-bucket/images/partners/woocommerce.svg",
            "bucket": "oluwasesan-static-bucket",
            "bucket_key_enabled": false,
            "cache_control": "",
            "checksum_algorithm": null,
            "checksum_crc32": "",
            "checksum_crc32c": "",
            "checksum_sha1": "",
            "checksum_sha256": "",
            "content": null,
            "content_base64": null,
            "content_disposition": "",
            "content_encoding": "",
            "content_language": "",
            "content_type": "images/partners/woocommerce.svg",
            "etag": "75a3b44bf31584e719403183de506dc6",
            "force_destroy": false,
            "id": "images/partners/woocommerce.svg",
            "key": "images/partners/woocommerce.svg",
            "kms_key_id": null,
            "metadata": {},
            "object_lock_legal_hold_status": "",
            "object_lock_mode": "",
            "object_lock_retain_until_date": "",
            "override_provider": [],
            "server_side_encryption": "AES256",
            "source": "modules/s3_bucket/oclean/images/partners/woocommerce.svg",
            "source_hash": null,
            "storage_class": "STANDARD",
            "tags": {},
            "tags_all": {},
            "version_id": "",
            "website_redirect": ""
          },
          "images/services/close-up-mop-cleaning-industrial-plant-floor.jpg": {
            "acl": null,
            "arn": "arn:aws:s3:::oluwasesan-static-bucket/images/services/close-up-mop-cleaning-industrial-plant-floor.jpg",
            "bucket": "oluwasesan-static-bucket",
            "bucket_key_enabled": false,
            "cache_control": "",
            "checksum_algorithm": null,
            "checksum_crc32": "",
            "checksum_crc32c": "",
            "checksum_sha1": "",
            "checksum_sha256": "",
            "content": null,
            "content_base64": null,
            "content_disposition": "",
            "content_encoding": "",
            "content_language": "",
            "content_type": "images/services/close-up-mop-cleaning-industrial-plant-floor.jpg",
            "etag": "45c2d5fa90e3c227262ec77f1e61bc9b",
            "force_destroy": false,
            "id": "images/services/close-up-mop-cleaning-industrial-plant-floor.jpg",
            "key": "images/services/close-up-mop-cleaning-industrial-plant-floor.jpg",
            "kms_key_id": null,
            "metadata": {},
            "object_lock_legal_hold_status": "",
            "object_lock_mode": "",
            "object_lock_retain_until_date": "",
            "override_provider": [],
            "server_side_encryption": "AES256",
            "source": "modules/s3_bucket/oclean/images/services/close-up-mop-cleaning-industrial-plant-floor.jpg",
            "source_hash": null,
            "storage_class": "STANDARD",
            "tags": {},
            "tags_all": {},
            "version_id": "",
            "website_redirect": ""
          },
          "images/services/man-polishing-car-inside-car-service.jpg": {
            "acl": null,
            "arn": "arn:aws:s3:::oluwasesan-static-bucket/images/services/man-polishing-car-inside-car-service.jpg",
            "bucket": "oluwasesan-static-bucket",
            "bucket_key_enabled": false,
            "cache_control": "",
            "checksum_algorithm": null,
            "checksum_crc32": "",
            "checksum_crc32c": "",
            "checksum_sha1": "",
            "checksum_sha256": "",
            "content": null,
            "content_base64": null,
            "content_disposition": "",
            "content_encoding": "",
            "content_language": "",
            "content_type": "images/services/man-polishing-car-inside-car-service.jpg",
            "etag": "c46a73ddb423ce9aca275a7c7fb69f74",
            "force_destroy": false,
            "id": "images/services/man-polishing-car-inside-car-service.jpg",
            "key": "images/services/man-polishing-car-inside-car-service.jpg",
            "kms_key_id": null,
            "metadata": {},
            "object_lock_legal_hold_status": "",
            "object_lock_mode": "",
            "object_lock_retain_until_date": "",
            "override_provider": [],
            "server_side_encryption": "AES256",
            "source": "modules/s3_bucket/oclean/images/services/man-polishing-car-inside-car-service.jpg",
            "source_hash": null,
            "storage_class": "STANDARD",
            "tags": {},
            "tags_all": {},
            "version_id": "",
            "website_redirect": ""
          },
          "images/services/man-polishing-car-inside.jpg": {
            "acl": null,
            "arn": "arn:aws:s3:::oluwasesan-static-bucket/images/services/man-polishing-car-inside.jpg",
            "bucket": "oluwasesan-static-bucket",
            "bucket_key_enabled": false,
            "cache_control": "",
            "checksum_algorithm": null,
            "checksum_crc32": "",
            "checksum_crc32c": "",
            "checksum_sha1": "",
            "checksum_sha256": "",
            "content": null,
            "content_base64": null,
            "content_disposition": "",
            "content_encoding": "",
            "content_language": "",
            "content_type": "images/services/man-polishing-car-inside.jpg",
            "etag": "2987b8fc4e08681bba7349e8465974a4",
            "force_destroy": false,
            "id": "images/services/man-polishing-car-inside.jpg",
            "key": "images/services/man-polishing-car-inside.jpg",
            "kms_key_id": null,
            "metadata": {},
            "object_lock_legal_hold_status": "",
            "object_lock_mode": "",
            "object_lock_retain_until_date": "",
            "override_provider": [],
            "server_side_encryption": "AES256",
            "source": "modules/s3_bucket/oclean/images/services/man-polishing-car-inside.jpg",
            "source_hash": null,
            "storage_class": "STANDARD",
            "tags": {},
            "tags_all": {},
            "version_id": "",
            "website_redirect": ""
          },
          "images/services/people-taking-care-office-cleaning.jpg": {
            "acl": null,
            "arn": "arn:aws:s3:::oluwasesan-static-bucket/images/services/people-taking-care-office-cleaning.jpg",
            "bucket": "oluwasesan-static-bucket",
            "bucket_key_enabled": false,
            "cache_control": "",
            "checksum_algorithm": null,
            "checksum_crc32": "",
            "checksum_crc32c": "",
            "checksum_sha1": "",
            "checksum_sha256": "",
            "content": null,
            "content_base64": null,
            "content_disposition": "",
            "content_encoding": "",
            "content_language": "",
            "content_type": "images/services/people-taking-care-office-cleaning.jpg",
            "etag": "db32eb27702d9095f25df1199e6f460b",
            "force_destroy": false,
            "id": "images/services/people-taking-care-office-cleaning.jpg",
            "key": "images/services/people-taking-care-office-cleaning.jpg",
            "kms_key_id": null,
            "metadata": {},
            "object_lock_legal_hold_status": "",
            "object_lock_mode": "",
            "object_lock_retain_until_date": "",
            "override_provider": [],
            "server_side_encryption": "AES256",
            "source": "modules/s3_bucket/oclean/images/services/people-taking-care-office-cleaning.jpg",
            "source_hash": null,
            "storage_class": "STANDARD",
            "tags": {},
            "tags_all": {},
            "version_id": "",
            "website_redirect": ""
          },
          "images/services/person-taking-care-office.jpg": {
            "acl": null,
            "arn": "arn:aws:s3:::oluwasesan-static-bucket/images/services/person-taking-care-office.jpg",
            "bucket": "oluwasesan-static-bucket",
            "bucket_key_enabled": false,
            "cache_control": "",
            "checksum_algorithm": null,
            "checksum_crc32": "",
            "checksum_crc32c": "",
            "checksum_sha1": "",
            "checksum_sha256": "",
            "content": null,
            "content_base64": null,
            "content_disposition": "",
            "content_encoding": "",
            "content_language": "",
            "content_type": "images/services/person-taking-care-office.jpg",
            "etag": "e8f56346725155bd40d907fcc299b635",
            "force_destroy": false,
            "id": "images/services/person-taking-care-office.jpg",
            "key": "images/services/person-taking-care-office.jpg",
            "kms_key_id": null,
            "metadata": {},
            "object_lock_legal_hold_status": "",
            "object_lock_mode": "",
            "object_lock_retain_until_date": "",
            "override_provider": [],
            "server_side_encryption": "AES256",
            "source": "modules/s3_bucket/oclean/images/services/person-taking-care-office.jpg",
            "source_hash": null,
            "storage_class": "STANDARD",
            "tags": {},
            "tags_all": {},
            "version_id": "",
            "website_redirect": ""
          },
          "images/services/professional-industrial-cleaner-protective-uniform-cleaning-floor-food-processing-plant.jpg": {
            "acl": null,
            "arn": "arn:aws:s3:::oluwasesan-static-bucket/images/services/professional-industrial-cleaner-protective-uniform-cleaning-floor-food-processing-plant.jpg",
            "bucket": "oluwasesan-static-bucket",
            "bucket_key_enabled": false,
            "cache_control": "",
            "checksum_algorithm": null,
            "checksum_crc32": "",
            "checksum_crc32c": "",
            "checksum_sha1": "",
            "checksum_sha256": "",
            "content": null,
            "content_base64": null,
            "content_disposition": "",
            "content_encoding": "",
            "content_language": "",
            "content_type": "images/services/professional-industrial-cleaner-protective-uniform-cleaning-floor-food-processing-plant.jpg",
            "etag": "698e4f0086060db17f5c98da49079e70",
            "force_destroy": false,
            "id": "images/services/professional-industrial-cleaner-protective-uniform-cleaning-floor-food-processing-plant.jpg",
            "key": "images/services/professional-industrial-cleaner-protective-uniform-cleaning-floor-food-processing-plant.jpg",
            "kms_key_id": null,
            "metadata": {},
            "object_lock_legal_hold_status": "",
            "object_lock_mode": "",
            "object_lock_retain_until_date": "",
            "override_provider": [],
            "server_side_encryption": "AES256",
            "source": "modules/s3_bucket/oclean/images/services/professional-industrial-cleaner-protective-uniform-cleaning-floor-food-processing-plant.jpg",
            "source_hash": null,
            "storage_class": "STANDARD",
            "tags": {},
            "tags_all": {},
            "version_id": "",
            "website_redirect": ""
          },
          "images/services/woman-holding-rag-detergent-cleaning-cooker.jpg": {
            "acl": null,
            "arn": "arn:aws:s3:::oluwasesan-static-bucket/images/services/woman-holding-rag-detergent-cleaning-cooker.jpg",
            "bucket": "oluwasesan-static-bucket",
            "bucket_key_enabled": false,
            "cache_control": "",
            "checksum_algorithm": null,
            "checksum_crc32": "",
            "checksum_crc32c": "",
            "checksum_sha1": "",
            "checksum_sha256": "",
            "content": null,
            "content_base64": null,
            "content_disposition": "",
            "content_encoding": "",
            "content_language": "",
            "content_type": "images/services/woman-holding-rag-detergent-cleaning-cooker.jpg",
            "etag": "e925bf93ec64bdad4cb482c6f2d5c4c3",
            "force_destroy": false,
            "id": "images/services/woman-holding-rag-detergent-cleaning-cooker.jpg",
            "key": "images/services/woman-holding-rag-detergent-cleaning-cooker.jpg",
            "kms_key_id": null,
            "metadata": {},
            "object_lock_legal_hold_status": "",
            "object_lock_mode": "",
            "object_lock_retain_until_date": "",
            "override_provider": [],
            "server_side_encryption": "AES256",
            "source": "modules/s3_bucket/oclean/images/services/woman-holding-rag-detergent-cleaning-cooker.jpg",
            "source_hash": null,
            "storage_class": "STANDARD",
            "tags": {},
            "tags_all": {},
            "version_id": "",
            "website_redirect": ""
          },
          "images/services/young-smiling-woman-wearing-rubber-gloves-cleaning-stove.jpg": {
            "acl": null,
            "arn": "arn:aws:s3:::oluwasesan-static-bucket/images/services/young-smiling-woman-wearing-rubber-gloves-cleaning-stove.jpg",
            "bucket": "oluwasesan-static-bucket",
            "bucket_key_enabled": false,
            "cache_control": "",
            "checksum_algorithm": null,
            "checksum_crc32": "",
            "checksum_crc32c": "",
            "checksum_sha1": "",
            "checksum_sha256": "",
            "content": null,
            "content_base64": null,
            "content_disposition": "",
            "content_encoding": "",
            "content_language": "",
            "content_type": "images/services/young-smiling-woman-wearing-rubber-gloves-cleaning-stove.jpg",
            "etag": "87ca5b3202516505c82ee7db66946a44",
            "force_destroy": false,
            "id": "images/services/young-smiling-woman-wearing-rubber-gloves-cleaning-stove.jpg",
            "key": "images/services/young-smiling-woman-wearing-rubber-gloves-cleaning-stove.jpg",
            "kms_key_id": null,
            "metadata": {},
            "object_lock_legal_hold_status": "",
            "object_lock_mode": "",
            "object_lock_retain_until_date": "",
            "override_provider": [],
            "server_side_encryption": "AES256",
            "source": "modules/s3_bucket/oclean/images/services/young-smiling-woman-wearing-rubber-gloves-cleaning-stove.jpg",
            "source_hash": null,
            "storage_class": "STANDARD",
            "tags": {},
            "tags_all": {},
            "version_id": "",
            "website_redirect": ""
          },
          "images/slideshow/afro-woman-cleaning-window-with-rag-home.jpg": {
            "acl": null,
            "arn": "arn:aws:s3:::oluwasesan-static-bucket/images/slideshow/afro-woman-cleaning-window-with-rag-home.jpg",
            "bucket": "oluwasesan-static-bucket",
            "bucket_key_enabled": false,
            "cache_control": "",
            "checksum_algorithm": null,
            "checksum_crc32": "",
            "checksum_crc32c": "",
            "checksum_sha1": "",
            "checksum_sha256": "",
            "content": null,
            "content_base64": null,
            "content_disposition": "",
            "content_encoding": "",
            "content_language": "",
            "content_type": "images/slideshow/afro-woman-cleaning-window-with-rag-home.jpg",
            "etag": "e16d12f48a6a0ce9c44070d962049ce0",
            "force_destroy": false,
            "id": "images/slideshow/afro-woman-cleaning-window-with-rag-home.jpg",
            "key": "images/slideshow/afro-woman-cleaning-window-with-rag-home.jpg",
            "kms_key_id": null,
            "metadata": {},
            "object_lock_legal_hold_status": "",
            "object_lock_mode": "",
            "object_lock_retain_until_date": "",
            "override_provider": [],
            "server_side_encryption": "AES256",
            "source": "modules/s3_bucket/oclean/images/slideshow/afro-woman-cleaning-window-with-rag-home.jpg",
            "source_hash": null,
            "storage_class": "STANDARD",
            "tags": {},
            "tags_all": {},
            "version_id": "",
            "website_redirect": ""
          },
          "images/slideshow/afro-woman-holding-bucket-with-cleaning-items.jpg": {
            "acl": null,
            "arn": "arn:aws:s3:::oluwasesan-static-bucket/images/slideshow/afro-woman-holding-bucket-with-cleaning-items.jpg",
            "bucket": "oluwasesan-static-bucket",
            "bucket_key_enabled": false,
            "cache_control": "",
            "checksum_algorithm": null,
            "checksum_crc32": "",
            "checksum_crc32c": "",
            "checksum_sha1": "",
            "checksum_sha256": "",
            "content": null,
            "content_base64": null,
            "content_disposition": "",
            "content_encoding": "",
            "content_language": "",
            "content_type": "images/slideshow/afro-woman-holding-bucket-with-cleaning-items.jpg",
            "etag": "57a89c9515523cb65dbd0bb0c0955463",
            "force_destroy": false,
            "id": "images/slideshow/afro-woman-holding-bucket-with-cleaning-items.jpg",
            "key": "images/slideshow/afro-woman-holding-bucket-with-cleaning-items.jpg",
            "kms_key_id": null,
            "metadata": {},
            "object_lock_legal_hold_status": "",
            "object_lock_mode": "",
            "object_lock_retain_until_date": "",
            "override_provider": [],
            "server_side_encryption": "AES256",
            "source": "modules/s3_bucket/oclean/images/slideshow/afro-woman-holding-bucket-with-cleaning-items.jpg",
            "source_hash": null,
            "storage_class": "STANDARD",
            "tags": {},
            "tags_all": {},
            "version_id": "",
            "website_redirect": ""
          },
          "images/slideshow/unrecognizable-cleaner-walking-into-hotel-room-with-tools-detergents.jpg": {
            "acl": null,
            "arn": "arn:aws:s3:::oluwasesan-static-bucket/images/slideshow/unrecognizable-cleaner-walking-into-hotel-room-with-tools-detergents.jpg",
            "bucket": "oluwasesan-static-bucket",
            "bucket_key_enabled": false,
            "cache_control": "",
            "checksum_algorithm": null,
            "checksum_crc32": "",
            "checksum_crc32c": "",
            "checksum_sha1": "",
            "checksum_sha256": "",
            "content": null,
            "content_base64": null,
            "content_disposition": "",
            "content_encoding": "",
            "content_language": "",
            "content_type": "images/slideshow/unrecognizable-cleaner-walking-into-hotel-room-with-tools-detergents.jpg",
            "etag": "756016130007d9e2a3ab37b232dc988b",
            "force_destroy": false,
            "id": "images/slideshow/unrecognizable-cleaner-walking-into-hotel-room-with-tools-detergents.jpg",
            "key": "images/slideshow/unrecognizable-cleaner-walking-into-hotel-room-with-tools-detergents.jpg",
            "kms_key_id": null,
            "metadata": {},
            "object_lock_legal_hold_status": "",
            "object_lock_mode": "",
            "object_lock_retain_until_date": "",
            "override_provider": [],
            "server_side_encryption": "AES256",
            "source": "modules/s3_bucket/oclean/images/slideshow/unrecognizable-cleaner-walking-into-hotel-room-with-tools-detergents.jpg",
            "source_hash": null,
            "storage_class": "STANDARD",
            "tags": {},
            "tags_all": {},
            "version_id": "",
            "website_redirect": ""
          },
          "images/teams/happy-young-woman-wiping-kitchen-counter-wearing-yellow-gloves.jpg": {
            "acl": null,
            "arn": "arn:aws:s3:::oluwasesan-static-bucket/images/teams/happy-young-woman-wiping-kitchen-counter-wearing-yellow-gloves.jpg",
            "bucket": "oluwasesan-static-bucket",
            "bucket_key_enabled": false,
            "cache_control": "",
            "checksum_algorithm": null,
            "checksum_crc32": "",
            "checksum_crc32c": "",
            "checksum_sha1": "",
            "checksum_sha256": "",
            "content": null,
            "content_base64": null,
            "content_disposition": "",
            "content_encoding": "",
            "content_language": "",
            "content_type": "images/teams/happy-young-woman-wiping-kitchen-counter-wearing-yellow-gloves.jpg",
            "etag": "1f42a322f68025cef2c3a764d42d7164",
            "force_destroy": false,
            "id": "images/teams/happy-young-woman-wiping-kitchen-counter-wearing-yellow-gloves.jpg",
            "key": "images/teams/happy-young-woman-wiping-kitchen-counter-wearing-yellow-gloves.jpg",
            "kms_key_id": null,
            "metadata": {},
            "object_lock_legal_hold_status": "",
            "object_lock_mode": "",
            "object_lock_retain_until_date": "",
            "override_provider": [],
            "server_side_encryption": "AES256",
            "source": "modules/s3_bucket/oclean/images/teams/happy-young-woman-wiping-kitchen-counter-wearing-yellow-gloves.jpg",
            "source_hash": null,
            "storage_class": "STANDARD",
            "tags": {},
            "tags_all": {},
            "version_id": "",
            "website_redirect": ""
          },
          "images/teams/young-cleaning-man-wearing-casual-clothes.jpg": {
            "acl": null,
            "arn": "arn:aws:s3:::oluwasesan-static-bucket/images/teams/young-cleaning-man-wearing-casual-clothes.jpg",
            "bucket": "oluwasesan-static-bucket",
            "bucket_key_enabled": false,
            "cache_control": "",
            "checksum_algorithm": null,
            "checksum_crc32": "",
            "checksum_crc32c": "",
            "checksum_sha1": "",
            "checksum_sha256": "",
            "content": null,
            "content_base64": null,
            "content_disposition": "",
            "content_encoding": "",
            "content_language": "",
            "content_type": "images/teams/young-cleaning-man-wearing-casual-clothes.jpg",
            "etag": "0bef0cefebe7cd49a272c0f86ac5f010",
            "force_destroy": false,
            "id": "images/teams/young-cleaning-man-wearing-casual-clothes.jpg",
            "key": "images/teams/young-cleaning-man-wearing-casual-clothes.jpg",
            "kms_key_id": null,
            "metadata": {},
            "object_lock_legal_hold_status": "",
            "object_lock_mode": "",
            "object_lock_retain_until_date": "",
            "override_provider": [],
            "server_side_encryption": "AES256",
            "source": "modules/s3_bucket/oclean/images/teams/young-cleaning-man-wearing-casual-clothes.jpg",
            "source_hash": null,
            "storage_class": "STANDARD",
            "tags": {},
            "tags_all": {},
            "version_id": "",
            "website_redirect": ""
          },
          "index.html": {
            "acl": null,
            "arn": "arn:aws:s3:::oluwasesan-static-bucket/index.html",
            "bucket": "oluwasesan-static-bucket",
            "bucket_key_enabled": false,
            "cache_control": "",
            "checksum_algorithm": null,
            "checksum_crc32": "",
            "checksum_crc32c": "",
            "checksum_sha1": "",
            "checksum_sha256": "",
            "content": null,
            "content_base64": null,
            "content_disposition": "",
            "content_encoding": "",
            "content_language": "",
            "content_type": "index.html",
            "etag": "95ac78953f05a8e2a6953d93ee77f97e",
            "force_destroy": false,
            "id": "index.html",
            "key": "index.html",
            "kms_key_id": null,
            "metadata": {},
            "object_lock_legal_hold_status": "",
            "object_lock_mode": "",
            "object_lock_retain_until_date": "",
            "override_provider": [],
            "server_side_encryption": "AES256",
            "source": "modules/s3_bucket/oclean/index.html",
            "source_hash": null,
            "storage_class": "STANDARD",
            "tags": {},
            "tags_all": {},
            "version_id": "",
            "website_redirect": ""
          },
          "js/animated-headline.js": {
            "acl": null,
            "arn": "arn:aws:s3:::oluwasesan-static-bucket/js/animated-headline.js",
            "bucket": "oluwasesan-static-bucket",
            "bucket_key_enabled": false,
            "cache_control": "",
            "checksum_algorithm": null,
            "checksum_crc32": "",
            "checksum_crc32c": "",
            "checksum_sha1": "",
            "checksum_sha256": "",
            "content": null,
            "content_base64": null,
            "content_disposition": "",
            "content_encoding": "",
            "content_language": "",
            "content_type": "js/animated-headline.js",
            "etag": "497ebc8ef71e0997ba5fda09be7ef211",
            "force_destroy": false,
            "id": "js/animated-headline.js",
            "key": "js/animated-headline.js",
            "kms_key_id": null,
            "metadata": {},
            "object_lock_legal_hold_status": "",
            "object_lock_mode": "",
            "object_lock_retain_until_date": "",
            "override_provider": [],
            "server_side_encryption": "AES256",
            "source": "modules/s3_bucket/oclean/js/animated-headline.js",
            "source_hash": null,
            "storage_class": "STANDARD",
            "tags": {},
            "tags_all": {},
            "version_id": "",
            "website_redirect": ""
          },
          "js/bootstrap.min.js": {
            "acl": null,
            "arn": "arn:aws:s3:::oluwasesan-static-bucket/js/bootstrap.min.js",
            "bucket": "oluwasesan-static-bucket",
            "bucket_key_enabled": false,
            "cache_control": "",
            "checksum_algorithm": null,
            "checksum_crc32": "",
            "checksum_crc32c": "",
            "checksum_sha1": "",
            "checksum_sha256": "",
            "content": null,
            "content_base64": null,
            "content_disposition": "",
            "content_encoding": "",
            "content_language": "",
            "content_type": "js/bootstrap.min.js",
            "etag": "259e416ef6833be43801b8b68a93b008",
            "force_destroy": false,
            "id": "js/bootstrap.min.js",
            "key": "js/bootstrap.min.js",
            "kms_key_id": null,
            "metadata": {},
            "object_lock_legal_hold_status": "",
            "object_lock_mode": "",
            "object_lock_retain_until_date": "",
            "override_provider": [],
            "server_side_encryption": "AES256",
            "source": "modules/s3_bucket/oclean/js/bootstrap.min.js",
            "source_hash": null,
            "storage_class": "STANDARD",
            "tags": {},
            "tags_all": {},
            "version_id": "",
            "website_redirect": ""
          },
          "js/countdown.js": {
            "acl": null,
            "arn": "arn:aws:s3:::oluwasesan-static-bucket/js/countdown.js",
            "bucket": "oluwasesan-static-bucket",
            "bucket_key_enabled": false,
            "cache_control": "",
            "checksum_algorithm": null,
            "checksum_crc32": "",
            "checksum_crc32c": "",
            "checksum_sha1": "",
            "checksum_sha256": "",
            "content": null,
            "content_base64": null,
            "content_disposition": "",
            "content_encoding": "",
            "content_language": "",
            "content_type": "js/countdown.js",
            "etag": "a0b0fd3ca6aa85a134538760660c5ce7",
            "force_destroy": false,
            "id": "js/countdown.js",
            "key": "js/countdown.js",
            "kms_key_id": null,
            "metadata": {},
            "object_lock_legal_hold_status": "",
            "object_lock_mode": "",
            "object_lock_retain_until_date": "",
            "override_provider": [],
            "server_side_encryption": "AES256",
            "source": "modules/s3_bucket/oclean/js/countdown.js",
            "source_hash": null,
            "storage_class": "STANDARD",
            "tags": {},
            "tags_all": {},
            "version_id": "",
            "website_redirect": ""
          },
          "js/counter.js": {
            "acl": null,
            "arn": "arn:aws:s3:::oluwasesan-static-bucket/js/counter.js",
            "bucket": "oluwasesan-static-bucket",
            "bucket_key_enabled": false,
            "cache_control": "",
            "checksum_algorithm": null,
            "checksum_crc32": "",
            "checksum_crc32c": "",
            "checksum_sha1": "",
            "checksum_sha256": "",
            "content": null,
            "content_base64": null,
            "content_disposition": "",
            "content_encoding": "",
            "content_language": "",
            "content_type": "js/counter.js",
            "etag": "725cba3aeb9a4d544dd52eb1d0eff6be",
            "force_destroy": false,
            "id": "js/counter.js",
            "key": "js/counter.js",
            "kms_key_id": null,
            "metadata": {},
            "object_lock_legal_hold_status": "",
            "object_lock_mode": "",
            "object_lock_retain_until_date": "",
            "override_provider": [],
            "server_side_encryption": "AES256",
            "source": "modules/s3_bucket/oclean/js/counter.js",
            "source_hash": null,
            "storage_class": "STANDARD",
            "tags": {},
            "tags_all": {},
            "version_id": "",
            "website_redirect": ""
          },
          "js/custom.js": {
            "acl": null,
            "arn": "arn:aws:s3:::oluwasesan-static-bucket/js/custom.js",
            "bucket": "oluwasesan-static-bucket",
            "bucket_key_enabled": false,
            "cache_control": "",
            "checksum_algorithm": null,
            "checksum_crc32": "",
            "checksum_crc32c": "",
            "checksum_sha1": "",
            "checksum_sha256": "",
            "content": null,
            "content_base64": null,
            "content_disposition": "",
            "content_encoding": "",
            "content_language": "",
            "content_type": "js/custom.js",
            "etag": "cdd353e0af5a6c8482e5ea959783b2bb",
            "force_destroy": false,
            "id": "js/custom.js",
            "key": "js/custom.js",
            "kms_key_id": null,
            "metadata": {},
            "object_lock_legal_hold_status": "",
            "object_lock_mode": "",
            "object_lock_retain_until_date": "",
            "override_provider": [],
            "server_side_encryption": "AES256",
            "source": "modules/s3_bucket/oclean/js/custom.js",
            "source_hash": null,
            "storage_class": "STANDARD",
            "tags": {},
            "tags_all": {},
            "version_id": "",
            "website_redirect": ""
          },
          "js/init.js": {
            "acl": null,
            "arn": "arn:aws:s3:::oluwasesan-static-bucket/js/init.js",
            "bucket": "oluwasesan-static-bucket",
            "bucket_key_enabled": false,
            "cache_control": "",
            "checksum_algorithm": null,
            "checksum_crc32": "",
            "checksum_crc32c": "",
            "checksum_sha1": "",
            "checksum_sha256": "",
            "content": null,
            "content_base64": null,
            "content_disposition": "",
            "content_encoding": "",
            "content_language": "",
            "content_type": "js/init.js",
            "etag": "9a0097cbc232e4a10706874695ac66ee",
            "force_destroy": false,
            "id": "js/init.js",
            "key": "js/init.js",
            "kms_key_id": null,
            "metadata": {},
            "object_lock_legal_hold_status": "",
            "object_lock_mode": "",
            "object_lock_retain_until_date": "",
            "override_provider": [],
            "server_side_encryption": "AES256",
            "source": "modules/s3_bucket/oclean/js/init.js",
            "source_hash": null,
            "storage_class": "STANDARD",
            "tags": {},
            "tags_all": {},
            "version_id": "",
            "website_redirect": ""
          },
          "js/jquery.backstretch.min.js": {
            "acl": null,
            "arn": "arn:aws:s3:::oluwasesan-static-bucket/js/jquery.backstretch.min.js",
            "bucket": "oluwasesan-static-bucket",
            "bucket_key_enabled": false,
            "cache_control": "",
            "checksum_algorithm": null,
            "checksum_crc32": "",
            "checksum_crc32c": "",
            "checksum_sha1": "",
            "checksum_sha256": "",
            "content": null,
            "content_base64": null,
            "content_disposition": "",
            "content_encoding": "",
            "content_language": "",
            "content_type": "js/jquery.backstretch.min.js",
            "etag": "03df077412c98f86c17c326f7fcc43f3",
            "force_destroy": false,
            "id": "js/jquery.backstretch.min.js",
            "key": "js/jquery.backstretch.min.js",
            "kms_key_id": null,
            "metadata": {},
            "object_lock_legal_hold_status": "",
            "object_lock_mode": "",
            "object_lock_retain_until_date": "",
            "override_provider": [],
            "server_side_encryption": "AES256",
            "source": "modules/s3_bucket/oclean/js/jquery.backstretch.min.js",
            "source_hash": null,
            "storage_class": "STANDARD",
            "tags": {},
            "tags_all": {},
            "version_id": "",
            "website_redirect": ""
          },
          "js/jquery.magnific-popup.min.js": {
            "acl": null,
            "arn": "arn:aws:s3:::oluwasesan-static-bucket/js/jquery.magnific-popup.min.js",
            "bucket": "oluwasesan-static-bucket",
            "bucket_key_enabled": false,
            "cache_control": "",
            "checksum_algorithm": null,
            "checksum_crc32": "",
            "checksum_crc32c": "",
            "checksum_sha1": "",
            "checksum_sha256": "",
            "content": null,
            "content_base64": null,
            "content_disposition": "",
            "content_encoding": "",
            "content_language": "",
            "content_type": "js/jquery.magnific-popup.min.js",
            "etag": "d9267d6dda814fd767e1df7bfbe7eb57",
            "force_destroy": false,
            "id": "js/jquery.magnific-popup.min.js",
            "key": "js/jquery.magnific-popup.min.js",
            "kms_key_id": null,
            "metadata": {},
            "object_lock_legal_hold_status": "",
            "object_lock_mode": "",
            "object_lock_retain_until_date": "",
            "override_provider": [],
            "server_side_encryption": "AES256",
            "source": "modules/s3_bucket/oclean/js/jquery.magnific-popup.min.js",
            "source_hash": null,
            "storage_class": "STANDARD",
            "tags": {},
            "tags_all": {},
            "version_id": "",
            "website_redirect": ""
          },
          "js/jquery.min.js": {
            "acl": null,
            "arn": "arn:aws:s3:::oluwasesan-static-bucket/js/jquery.min.js",
            "bucket": "oluwasesan-static-bucket",
            "bucket_key_enabled": false,
            "cache_control": "",
            "checksum_algorithm": null,
            "checksum_crc32": "",
            "checksum_crc32c": "",
            "checksum_sha1": "",
            "checksum_sha256": "",
            "content": null,
            "content_base64": null,
            "content_disposition": "",
            "content_encoding": "",
            "content_language": "",
            "content_type": "js/jquery.min.js",
            "etag": "48abd2372de119dfd7ffb96c8f307bfe",
            "force_destroy": false,
            "id": "js/jquery.min.js",
            "key": "js/jquery.min.js",
            "kms_key_id": null,
            "metadata": {},
            "object_lock_legal_hold_status": "",
            "object_lock_mode": "",
            "object_lock_retain_until_date": "",
            "override_provider": [],
            "server_side_encryption": "AES256",
            "source": "modules/s3_bucket/oclean/js/jquery.min.js",
            "source_hash": null,
            "storage_class": "STANDARD",
            "tags": {},
            "tags_all": {},
            "version_id": "",
            "website_redirect": ""
          },
          "js/magnific-popup-options.js": {
            "acl": null,
            "arn": "arn:aws:s3:::oluwasesan-static-bucket/js/magnific-popup-options.js",
            "bucket": "oluwasesan-static-bucket",
            "bucket_key_enabled": false,
            "cache_control": "",
            "checksum_algorithm": null,
            "checksum_crc32": "",
            "checksum_crc32c": "",
            "checksum_sha1": "",
            "checksum_sha256": "",
            "content": null,
            "content_base64": null,
            "content_disposition": "",
            "content_encoding": "",
            "content_language": "",
            "content_type": "js/magnific-popup-options.js",
            "etag": "258e8da886282de5b7ca4994d30c2ac3",
            "force_destroy": false,
            "id": "js/magnific-popup-options.js",
            "key": "js/magnific-popup-options.js",
            "kms_key_id": null,
            "metadata": {},
            "object_lock_legal_hold_status": "",
            "object_lock_mode": "",
            "object_lock_retain_until_date": "",
            "override_provider": [],
            "server_side_encryption": "AES256",
            "source": "modules/s3_bucket/oclean/js/magnific-popup-options.js",
            "source_hash": null,
            "storage_class": "STANDARD",
            "tags": {},
            "tags_all": {},
            "version_id": "",
            "website_redirect": ""
          },
          "js/modernizr.js": {
            "acl": null,
            "arn": "arn:aws:s3:::oluwasesan-static-bucket/js/modernizr.js",
            "bucket": "oluwasesan-static-bucket",
            "bucket_key_enabled": false,
            "cache_control": "",
            "checksum_algorithm": null,
            "checksum_crc32": "",
            "checksum_crc32c": "",
            "checksum_sha1": "",
            "checksum_sha256": "",
            "content": null,
            "content_base64": null,
            "content_disposition": "",
            "content_encoding": "",
            "content_language": "",
            "content_type": "js/modernizr.js",
            "etag": "1258d3cdc71540b07f3422a31e41f21a",
            "force_destroy": false,
            "id": "js/modernizr.js",
            "key": "js/modernizr.js",
            "kms_key_id": null,
            "metadata": {},
            "object_lock_legal_hold_status": "",
            "object_lock_mode": "",
            "object_lock_retain_until_date": "",
            "override_provider": [],
            "server_side_encryption": "AES256",
            "source": "modules/s3_bucket/oclean/js/modernizr.js",
            "source_hash": null,
            "storage_class": "STANDARD",
            "tags": {},
            "tags_all": {},
            "version_id": "",
            "website_redirect": ""
          },
          "page-404.html": {
            "acl": null,
            "arn": "arn:aws:s3:::oluwasesan-static-bucket/page-404.html",
            "bucket": "oluwasesan-static-bucket",
            "bucket_key_enabled": false,
            "cache_control": "",
            "checksum_algorithm": null,
            "checksum_crc32": "",
            "checksum_crc32c": "",
            "checksum_sha1": "",
            "checksum_sha256": "",
            "content": null,
            "content_base64": null,
            "content_disposition": "",
            "content_encoding": "",
            "content_language": "",
            "content_type": "page-404.html",
            "etag": "60fb44124cf4df25350919777fb6966c",
            "force_destroy": false,
            "id": "page-404.html",
            "key": "page-404.html",
            "kms_key_id": null,
            "metadata": {},
            "object_lock_legal_hold_status": "",
            "object_lock_mode": "",
            "object_lock_retain_until_date": "",
            "override_provider": [],
            "server_side_encryption": "AES256",
            "source": "modules/s3_bucket/oclean/page-404.html",
            "source_hash": null,
            "storage_class": "STANDARD",
            "tags": {},
            "tags_all": {},
            "version_id": "",
            "website_redirect": ""
          },
          "services-detail.html": {
            "acl": null,
            "arn": "arn:aws:s3:::oluwasesan-static-bucket/services-detail.html",
            "bucket": "oluwasesan-static-bucket",
            "bucket_key_enabled": false,
            "cache_control": "",
            "checksum_algorithm": null,
            "checksum_crc32": "",
            "checksum_crc32c": "",
            "checksum_sha1": "",
            "checksum_sha256": "",
            "content": null,
            "content_base64": null,
            "content_disposition": "",
            "content_encoding": "",
            "content_language": "",
            "content_type": "services-detail.html",
            "etag": "5225c824a505fe64a0edc1ef57a9869c",
            "force_destroy": false,
            "id": "services-detail.html",
            "key": "services-detail.html",
            "kms_key_id": null,
            "metadata": {},
            "object_lock_legal_hold_status": "",
            "object_lock_mode": "",
            "object_lock_retain_until_date": "",
            "override_provider": [],
            "server_side_encryption": "AES256",
            "source": "modules/s3_bucket/oclean/services-detail.html",
            "source_hash": null,
            "storage_class": "STANDARD",
            "tags": {},
            "tags_all": {},
            "version_id": "",
            "website_redirect": ""
          },
          "services.html": {
            "acl": null,
            "arn": "arn:aws:s3:::oluwasesan-static-bucket/services.html",
            "bucket": "oluwasesan-static-bucket",
            "bucket_key_enabled": false,
            "cache_control": "",
            "checksum_algorithm": null,
            "checksum_crc32": "",
            "checksum_crc32c": "",
            "checksum_sha1": "",
            "checksum_sha256": "",
            "content": null,
            "content_base64": null,
            "content_disposition": "",
            "content_encoding": "",
            "content_language": "",
            "content_type": "services.html",
            "etag": "ea4a2c783f745dcc4a073a00e685a609",
            "force_destroy": false,
            "id": "services.html",
            "key": "services.html",
            "kms_key_id": null,
            "metadata": {},
            "object_lock_legal_hold_status": "",
            "object_lock_mode": "",
            "object_lock_retain_until_date": "",
            "override_provider": [],
            "server_side_encryption": "AES256",
            "source": "modules/s3_bucket/oclean/services.html",
            "source_hash": null,
            "storage_class": "STANDARD",
            "tags": {},
            "tags_all": {},
            "version_id": "",
            "website_redirect": ""
          }
        },
        "s3-bucket": {
          "acceleration_status": "",
          "acl": null,
          "arn": "arn:aws:s3:::oluwasesan-static-bucket",
          "bucket": "oluwasesan-static-bucket",
          "bucket_domain_name": "oluwasesan-static-bucket.s3.amazonaws.com",
          "bucket_prefix": "",
          "bucket_regional_domain_name": "oluwasesan-static-bucket.s3.us-east-1.amazonaws.com",
          "cors_rule": [],
          "force_destroy": true,
          "grant": [
            {
              "id": "681b9a1a476544dd3e58ead7fb342c94118b6ad4f1fdc65bdac5375caeb8a92b",
              "permissions": [
                "FULL_CONTROL"
              ],
              "type": "CanonicalUser",
              "uri": ""
            }
          ],
          "hosted_zone_id": "Z3AQBSTGFYJSTF",
          "id": "oluwasesan-static-bucket",
          "lifecycle_rule": [],
          "logging": [],
          "object_lock_configuration": [],
          "object_lock_enabled": false,
          "policy": "{\"Statement\":[{\"Action\":\"s3:GetObject\",\"Effect\":\"Allow\",\"Principal\":{\"AWS\":\"arn:aws:iam::cloudfront:user/CloudFront Origin Access Identity E3NUEOCCEMALWO\"},\"Resource\":\"arn:aws:s3:::oluwasesan-static-bucket/*\"}],\"Version\":\"2012-10-17\"}",
          "region": "us-east-1",
          "replication_configuration": [],
          "request_payer": "BucketOwner",
          "server_side_encryption_configuration": [
            {
              "rule": [
                {
                  "apply_server_side_encryption_by_default": [
                    {
                      "kms_master_key_id": "",
                      "sse_algorithm": "AES256"
                    }
                  ],
                  "bucket_key_enabled": false
                }
              ]
            }
          ],
          "tags": {},
          "tags_all": {},
          "timeouts": null,
          "versioning": [
            {
              "enabled": false,
              "mfa_delete": false
            }
          ],
          "website": [],
          "website_domain": null,
          "website_endpoint": null
        }
      },
      "type": [
        "object",
        {
          "aws_s3_object": [
            "object",
            {
              "ABOUT THIS TEMPLATE.txt": [
                "object",
                {
                  "acl": "string",
                  "arn": "string",
                  "bucket": "string",
                  "bucket_key_enabled": "bool",
                  "cache_control": "string",
                  "checksum_algorithm": "string",
                  "checksum_crc32": "string",
                  "checksum_crc32c": "string",
                  "checksum_sha1": "string",
                  "checksum_sha256": "string",
                  "content": "string",
                  "content_base64": "string",
                  "content_disposition": "string",
                  "content_encoding": "string",
                  "content_language": "string",
                  "content_type": "string",
                  "etag": "string",
                  "force_destroy": "bool",
                  "id": "string",
                  "key": "string",
                  "kms_key_id": "string",
                  "metadata": [
                    "map",
                    "string"
                  ],
                  "object_lock_legal_hold_status": "string",
                  "object_lock_mode": "string",
                  "object_lock_retain_until_date": "string",
                  "override_provider": [
                    "list",
                    [
                      "object",
                      {
                        "default_tags": [
                          "list",
                          [
                            "object",
                            {
                              "tags": [
                                "map",
                                "string"
                              ]
                            }
                          ]
                        ]
                      }
                    ]
                  ],
                  "server_side_encryption": "string",
                  "source": "string",
                  "source_hash": "string",
                  "storage_class": "string",
                  "tags": [
                    "map",
                    "string"
                  ],
                  "tags_all": [
                    "map",
                    "string"
                  ],
                  "version_id": "string",
                  "website_redirect": "string"
                }
              ],
              "about.html": [
                "object",
                {
                  "acl": "string",
                  "arn": "string",
                  "bucket": "string",
                  "bucket_key_enabled": "bool",
                  "cache_control": "string",
                  "checksum_algorithm": "string",
                  "checksum_crc32": "string",
                  "checksum_crc32c": "string",
                  "checksum_sha1": "string",
                  "checksum_sha256": "string",
                  "content": "string",
                  "content_base64": "string",
                  "content_disposition": "string",
                  "content_encoding": "string",
                  "content_language": "string",
                  "content_type": "string",
                  "etag": "string",
                  "force_destroy": "bool",
                  "id": "string",
                  "key": "string",
                  "kms_key_id": "string",
                  "metadata": [
                    "map",
                    "string"
                  ],
                  "object_lock_legal_hold_status": "string",
                  "object_lock_mode": "string",
                  "object_lock_retain_until_date": "string",
                  "override_provider": [
                    "list",
                    [
                      "object",
                      {
                        "default_tags": [
                          "list",
                          [
                            "object",
                            {
                              "tags": [
                                "map",
                                "string"
                              ]
                            }
                          ]
                        ]
                      }
                    ]
                  ],
                  "server_side_encryption": "string",
                  "source": "string",
                  "source_hash": "string",
                  "storage_class": "string",
                  "tags": [
                    "map",
                    "string"
                  ],
                  "tags_all": [
                    "map",
                    "string"
                  ],
                  "version_id": "string",
                  "website_redirect": "string"
                }
              ],
              "coming-soon.html": [
                "object",
                {
                  "acl": "string",
                  "arn": "string",
                  "bucket": "string",
                  "bucket_key_enabled": "bool",
                  "cache_control": "string",
                  "checksum_algorithm": "string",
                  "checksum_crc32": "string",
                  "checksum_crc32c": "string",
                  "checksum_sha1": "string",
                  "checksum_sha256": "string",
                  "content": "string",
                  "content_base64": "string",
                  "content_disposition": "string",
                  "content_encoding": "string",
                  "content_language": "string",
                  "content_type": "string",
                  "etag": "string",
                  "force_destroy": "bool",
                  "id": "string",
                  "key": "string",
                  "kms_key_id": "string",
                  "metadata": [
                    "map",
                    "string"
                  ],
                  "object_lock_legal_hold_status": "string",
                  "object_lock_mode": "string",
                  "object_lock_retain_until_date": "string",
                  "override_provider": [
                    "list",
                    [
                      "object",
                      {
                        "default_tags": [
                          "list",
                          [
                            "object",
                            {
                              "tags": [
                                "map",
                                "string"
                              ]
                            }
                          ]
                        ]
                      }
                    ]
                  ],
                  "server_side_encryption": "string",
                  "source": "string",
                  "source_hash": "string",
                  "storage_class": "string",
                  "tags": [
                    "map",
                    "string"
                  ],
                  "tags_all": [
                    "map",
                    "string"
                  ],
                  "version_id": "string",
                  "website_redirect": "string"
                }
              ],
              "contact.html": [
                "object",
                {
                  "acl": "string",
                  "arn": "string",
                  "bucket": "string",
                  "bucket_key_enabled": "bool",
                  "cache_control": "string",
                  "checksum_algorithm": "string",
                  "checksum_crc32": "string",
                  "checksum_crc32c": "string",
                  "checksum_sha1": "string",
                  "checksum_sha256": "string",
                  "content": "string",
                  "content_base64": "string",
                  "content_disposition": "string",
                  "content_encoding": "string",
                  "content_language": "string",
                  "content_type": "string",
                  "etag": "string",
                  "force_destroy": "bool",
                  "id": "string",
                  "key": "string",
                  "kms_key_id": "string",
                  "metadata": [
                    "map",
                    "string"
                  ],
                  "object_lock_legal_hold_status": "string",
                  "object_lock_mode": "string",
                  "object_lock_retain_until_date": "string",
                  "override_provider": [
                    "list",
                    [
                      "object",
                      {
                        "default_tags": [
                          "list",
                          [
                            "object",
                            {
                              "tags": [
                                "map",
                                "string"
                              ]
                            }
                          ]
                        ]
                      }
                    ]
                  ],
                  "server_side_encryption": "string",
                  "source": "string",
                  "source_hash": "string",
                  "storage_class": "string",
                  "tags": [
                    "map",
                    "string"
                  ],
                  "tags_all": [
                    "map",
                    "string"
                  ],
                  "version_id": "string",
                  "website_redirect": "string"
                }
              ],
              "css/bootstrap-icons.css": [
                "object",
                {
                  "acl": "string",
                  "arn": "string",
                  "bucket": "string",
                  "bucket_key_enabled": "bool",
                  "cache_control": "string",
                  "checksum_algorithm": "string",
                  "checksum_crc32": "string",
                  "checksum_crc32c": "string",
                  "checksum_sha1": "string",
                  "checksum_sha256": "string",
                  "content": "string",
                  "content_base64": "string",
                  "content_disposition": "string",
                  "content_encoding": "string",
                  "content_language": "string",
                  "content_type": "string",
                  "etag": "string",
                  "force_destroy": "bool",
                  "id": "string",
                  "key": "string",
                  "kms_key_id": "string",
                  "metadata": [
                    "map",
                    "string"
                  ],
                  "object_lock_legal_hold_status": "string",
                  "object_lock_mode": "string",
                  "object_lock_retain_until_date": "string",
                  "override_provider": [
                    "list",
                    [
                      "object",
                      {
                        "default_tags": [
                          "list",
                          [
                            "object",
                            {
                              "tags": [
                                "map",
                                "string"
                              ]
                            }
                          ]
                        ]
                      }
                    ]
                  ],
                  "server_side_encryption": "string",
                  "source": "string",
                  "source_hash": "string",
                  "storage_class": "string",
                  "tags": [
                    "map",
                    "string"
                  ],
                  "tags_all": [
                    "map",
                    "string"
                  ],
                  "version_id": "string",
                  "website_redirect": "string"
                }
              ],
              "css/bootstrap.min.css": [
                "object",
                {
                  "acl": "string",
                  "arn": "string",
                  "bucket": "string",
                  "bucket_key_enabled": "bool",
                  "cache_control": "string",
                  "checksum_algorithm": "string",
                  "checksum_crc32": "string",
                  "checksum_crc32c": "string",
                  "checksum_sha1": "string",
                  "checksum_sha256": "string",
                  "content": "string",
                  "content_base64": "string",
                  "content_disposition": "string",
                  "content_encoding": "string",
                  "content_language": "string",
                  "content_type": "string",
                  "etag": "string",
                  "force_destroy": "bool",
                  "id": "string",
                  "key": "string",
                  "kms_key_id": "string",
                  "metadata": [
                    "map",
                    "string"
                  ],
                  "object_lock_legal_hold_status": "string",
                  "object_lock_mode": "string",
                  "object_lock_retain_until_date": "string",
                  "override_provider": [
                    "list",
                    [
                      "object",
                      {
                        "default_tags": [
                          "list",
                          [
                            "object",
                            {
                              "tags": [
                                "map",
                                "string"
                              ]
                            }
                          ]
                        ]
                      }
                    ]
                  ],
                  "server_side_encryption": "string",
                  "source": "string",
                  "source_hash": "string",
                  "storage_class": "string",
                  "tags": [
                    "map",
                    "string"
                  ],
                  "tags_all": [
                    "map",
                    "string"
                  ],
                  "version_id": "string",
                  "website_redirect": "string"
                }
              ],
              "css/magnific-popup.css": [
                "object",
                {
                  "acl": "string",
                  "arn": "string",
                  "bucket": "string",
                  "bucket_key_enabled": "bool",
                  "cache_control": "string",
                  "checksum_algorithm": "string",
                  "checksum_crc32": "string",
                  "checksum_crc32c": "string",
                  "checksum_sha1": "string",
                  "checksum_sha256": "string",
                  "content": "string",
                  "content_base64": "string",
                  "content_disposition": "string",
                  "content_encoding": "string",
                  "content_language": "string",
                  "content_type": "string",
                  "etag": "string",
                  "force_destroy": "bool",
                  "id": "string",
                  "key": "string",
                  "kms_key_id": "string",
                  "metadata": [
                    "map",
                    "string"
                  ],
                  "object_lock_legal_hold_status": "string",
                  "object_lock_mode": "string",
                  "object_lock_retain_until_date": "string",
                  "override_provider": [
                    "list",
                    [
                      "object",
                      {
                        "default_tags": [
                          "list",
                          [
                            "object",
                            {
                              "tags": [
                                "map",
                                "string"
                              ]
                            }
                          ]
                        ]
                      }
                    ]
                  ],
                  "server_side_encryption": "string",
                  "source": "string",
                  "source_hash": "string",
                  "storage_class": "string",
                  "tags": [
                    "map",
                    "string"
                  ],
                  "tags_all": [
                    "map",
                    "string"
                  ],
                  "version_id": "string",
                  "website_redirect": "string"
                }
              ],
              "css/tooplate-clean-work.css": [
                "object",
                {
                  "acl": "string",
                  "arn": "string",
                  "bucket": "string",
                  "bucket_key_enabled": "bool",
                  "cache_control": "string",
                  "checksum_algorithm": "string",
                  "checksum_crc32": "string",
                  "checksum_crc32c": "string",
                  "checksum_sha1": "string",
                  "checksum_sha256": "string",
                  "content": "string",
                  "content_base64": "string",
                  "content_disposition": "string",
                  "content_encoding": "string",
                  "content_language": "string",
                  "content_type": "string",
                  "etag": "string",
                  "force_destroy": "bool",
                  "id": "string",
                  "key": "string",
                  "kms_key_id": "string",
                  "metadata": [
                    "map",
                    "string"
                  ],
                  "object_lock_legal_hold_status": "string",
                  "object_lock_mode": "string",
                  "object_lock_retain_until_date": "string",
                  "override_provider": [
                    "list",
                    [
                      "object",
                      {
                        "default_tags": [
                          "list",
                          [
                            "object",
                            {
                              "tags": [
                                "map",
                                "string"
                              ]
                            }
                          ]
                        ]
                      }
                    ]
                  ],
                  "server_side_encryption": "string",
                  "source": "string",
                  "source_hash": "string",
                  "storage_class": "string",
                  "tags": [
                    "map",
                    "string"
                  ],
                  "tags_all": [
                    "map",
                    "string"
                  ],
                  "version_id": "string",
                  "website_redirect": "string"
                }
              ],
              "fonts/Metropolis/Metropolis-Bold.woff": [
                "object",
                {
                  "acl": "string",
                  "arn": "string",
                  "bucket": "string",
                  "bucket_key_enabled": "bool",
                  "cache_control": "string",
                  "checksum_algorithm": "string",
                  "checksum_crc32": "string",
                  "checksum_crc32c": "string",
                  "checksum_sha1": "string",
                  "checksum_sha256": "string",
                  "content": "string",
                  "content_base64": "string",
                  "content_disposition": "string",
                  "content_encoding": "string",
                  "content_language": "string",
                  "content_type": "string",
                  "etag": "string",
                  "force_destroy": "bool",
                  "id": "string",
                  "key": "string",
                  "kms_key_id": "string",
                  "metadata": [
                    "map",
                    "string"
                  ],
                  "object_lock_legal_hold_status": "string",
                  "object_lock_mode": "string",
                  "object_lock_retain_until_date": "string",
                  "override_provider": [
                    "list",
                    [
                      "object",
                      {
                        "default_tags": [
                          "list",
                          [
                            "object",
                            {
                              "tags": [
                                "map",
                                "string"
                              ]
                            }
                          ]
                        ]
                      }
                    ]
                  ],
                  "server_side_encryption": "string",
                  "source": "string",
                  "source_hash": "string",
                  "storage_class": "string",
                  "tags": [
                    "map",
                    "string"
                  ],
                  "tags_all": [
                    "map",
                    "string"
                  ],
                  "version_id": "string",
                  "website_redirect": "string"
                }
              ],
              "fonts/Metropolis/Metropolis-Bold.woff2": [
                "object",
                {
                  "acl": "string",
                  "arn": "string",
                  "bucket": "string",
                  "bucket_key_enabled": "bool",
                  "cache_control": "string",
                  "checksum_algorithm": "string",
                  "checksum_crc32": "string",
                  "checksum_crc32c": "string",
                  "checksum_sha1": "string",
                  "checksum_sha256": "string",
                  "content": "string",
                  "content_base64": "string",
                  "content_disposition": "string",
                  "content_encoding": "string",
                  "content_language": "string",
                  "content_type": "string",
                  "etag": "string",
                  "force_destroy": "bool",
                  "id": "string",
                  "key": "string",
                  "kms_key_id": "string",
                  "metadata": [
                    "map",
                    "string"
                  ],
                  "object_lock_legal_hold_status": "string",
                  "object_lock_mode": "string",
                  "object_lock_retain_until_date": "string",
                  "override_provider": [
                    "list",
                    [
                      "object",
                      {
                        "default_tags": [
                          "list",
                          [
                            "object",
                            {
                              "tags": [
                                "map",
                                "string"
                              ]
                            }
                          ]
                        ]
                      }
                    ]
                  ],
                  "server_side_encryption": "string",
                  "source": "string",
                  "source_hash": "string",
                  "storage_class": "string",
                  "tags": [
                    "map",
                    "string"
                  ],
                  "tags_all": [
                    "map",
                    "string"
                  ],
                  "version_id": "string",
                  "website_redirect": "string"
                }
              ],
              "fonts/Metropolis/Metropolis-Light.woff": [
                "object",
                {
                  "acl": "string",
                  "arn": "string",
                  "bucket": "string",
                  "bucket_key_enabled": "bool",
                  "cache_control": "string",
                  "checksum_algorithm": "string",
                  "checksum_crc32": "string",
                  "checksum_crc32c": "string",
                  "checksum_sha1": "string",
                  "checksum_sha256": "string",
                  "content": "string",
                  "content_base64": "string",
                  "content_disposition": "string",
                  "content_encoding": "string",
                  "content_language": "string",
                  "content_type": "string",
                  "etag": "string",
                  "force_destroy": "bool",
                  "id": "string",
                  "key": "string",
                  "kms_key_id": "string",
                  "metadata": [
                    "map",
                    "string"
                  ],
                  "object_lock_legal_hold_status": "string",
                  "object_lock_mode": "string",
                  "object_lock_retain_until_date": "string",
                  "override_provider": [
                    "list",
                    [
                      "object",
                      {
                        "default_tags": [
                          "list",
                          [
                            "object",
                            {
                              "tags": [
                                "map",
                                "string"
                              ]
                            }
                          ]
                        ]
                      }
                    ]
                  ],
                  "server_side_encryption": "string",
                  "source": "string",
                  "source_hash": "string",
                  "storage_class": "string",
                  "tags": [
                    "map",
                    "string"
                  ],
                  "tags_all": [
                    "map",
                    "string"
                  ],
                  "version_id": "string",
                  "website_redirect": "string"
                }
              ],
              "fonts/Metropolis/Metropolis-Light.woff2": [
                "object",
                {
                  "acl": "string",
                  "arn": "string",
                  "bucket": "string",
                  "bucket_key_enabled": "bool",
                  "cache_control": "string",
                  "checksum_algorithm": "string",
                  "checksum_crc32": "string",
                  "checksum_crc32c": "string",
                  "checksum_sha1": "string",
                  "checksum_sha256": "string",
                  "content": "string",
                  "content_base64": "string",
                  "content_disposition": "string",
                  "content_encoding": "string",
                  "content_language": "string",
                  "content_type": "string",
                  "etag": "string",
                  "force_destroy": "bool",
                  "id": "string",
                  "key": "string",
                  "kms_key_id": "string",
                  "metadata": [
                    "map",
                    "string"
                  ],
                  "object_lock_legal_hold_status": "string",
                  "object_lock_mode": "string",
                  "object_lock_retain_until_date": "string",
                  "override_provider": [
                    "list",
                    [
                      "object",
                      {
                        "default_tags": [
                          "list",
                          [
                            "object",
                            {
                              "tags": [
                                "map",
                                "string"
                              ]
                            }
                          ]
                        ]
                      }
                    ]
                  ],
                  "server_side_encryption": "string",
                  "source": "string",
                  "source_hash": "string",
                  "storage_class": "string",
                  "tags": [
                    "map",
                    "string"
                  ],
                  "tags_all": [
                    "map",
                    "string"
                  ],
                  "version_id": "string",
                  "website_redirect": "string"
                }
              ],
              "fonts/Metropolis/Metropolis-Regular.woff": [
                "object",
                {
                  "acl": "string",
                  "arn": "string",
                  "bucket": "string",
                  "bucket_key_enabled": "bool",
                  "cache_control": "string",
                  "checksum_algorithm": "string",
                  "checksum_crc32": "string",
                  "checksum_crc32c": "string",
                  "checksum_sha1": "string",
                  "checksum_sha256": "string",
                  "content": "string",
                  "content_base64": "string",
                  "content_disposition": "string",
                  "content_encoding": "string",
                  "content_language": "string",
                  "content_type": "string",
                  "etag": "string",
                  "force_destroy": "bool",
                  "id": "string",
                  "key": "string",
                  "kms_key_id": "string",
                  "metadata": [
                    "map",
                    "string"
                  ],
                  "object_lock_legal_hold_status": "string",
                  "object_lock_mode": "string",
                  "object_lock_retain_until_date": "string",
                  "override_provider": [
                    "list",
                    [
                      "object",
                      {
                        "default_tags": [
                          "list",
                          [
                            "object",
                            {
                              "tags": [
                                "map",
                                "string"
                              ]
                            }
                          ]
                        ]
                      }
                    ]
                  ],
                  "server_side_encryption": "string",
                  "source": "string",
                  "source_hash": "string",
                  "storage_class": "string",
                  "tags": [
                    "map",
                    "string"
                  ],
                  "tags_all": [
                    "map",
                    "string"
                  ],
                  "version_id": "string",
                  "website_redirect": "string"
                }
              ],
              "fonts/Metropolis/Metropolis-Regular.woff2": [
                "object",
                {
                  "acl": "string",
                  "arn": "string",
                  "bucket": "string",
                  "bucket_key_enabled": "bool",
                  "cache_control": "string",
                  "checksum_algorithm": "string",
                  "checksum_crc32": "string",
                  "checksum_crc32c": "string",
                  "checksum_sha1": "string",
                  "checksum_sha256": "string",
                  "content": "string",
                  "content_base64": "string",
                  "content_disposition": "string",
                  "content_encoding": "string",
                  "content_language": "string",
                  "content_type": "string",
                  "etag": "string",
                  "force_destroy": "bool",
                  "id": "string",
                  "key": "string",
                  "kms_key_id": "string",
                  "metadata": [
                    "map",
                    "string"
                  ],
                  "object_lock_legal_hold_status": "string",
                  "object_lock_mode": "string",
                  "object_lock_retain_until_date": "string",
                  "override_provider": [
                    "list",
                    [
                      "object",
                      {
                        "default_tags": [
                          "list",
                          [
                            "object",
                            {
                              "tags": [
                                "map",
                                "string"
                              ]
                            }
                          ]
                        ]
                      }
                    ]
                  ],
                  "server_side_encryption": "string",
                  "source": "string",
                  "source_hash": "string",
                  "storage_class": "string",
                  "tags": [
                    "map",
                    "string"
                  ],
                  "tags_all": [
                    "map",
                    "string"
                  ],
                  "version_id": "string",
                  "website_redirect": "string"
                }
              ],
              "fonts/Metropolis/Metropolis-SemiBold.woff": [
                "object",
                {
                  "acl": "string",
                  "arn": "string",
                  "bucket": "string",
                  "bucket_key_enabled": "bool",
                  "cache_control": "string",
                  "checksum_algorithm": "string",
                  "checksum_crc32": "string",
                  "checksum_crc32c": "string",
                  "checksum_sha1": "string",
                  "checksum_sha256": "string",
                  "content": "string",
                  "content_base64": "string",
                  "content_disposition": "string",
                  "content_encoding": "string",
                  "content_language": "string",
                  "content_type": "string",
                  "etag": "string",
                  "force_destroy": "bool",
                  "id": "string",
                  "key": "string",
                  "kms_key_id": "string",
                  "metadata": [
                    "map",
                    "string"
                  ],
                  "object_lock_legal_hold_status": "string",
                  "object_lock_mode": "string",
                  "object_lock_retain_until_date": "string",
                  "override_provider": [
                    "list",
                    [
                      "object",
                      {
                        "default_tags": [
                          "list",
                          [
                            "object",
                            {
                              "tags": [
                                "map",
                                "string"
                              ]
                            }
                          ]
                        ]
                      }
                    ]
                  ],
                  "server_side_encryption": "string",
                  "source": "string",
                  "source_hash": "string",
                  "storage_class": "string",
                  "tags": [
                    "map",
                    "string"
                  ],
                  "tags_all": [
                    "map",
                    "string"
                  ],
                  "version_id": "string",
                  "website_redirect": "string"
                }
              ],
              "fonts/Metropolis/Metropolis-SemiBold.woff2": [
                "object",
                {
                  "acl": "string",
                  "arn": "string",
                  "bucket": "string",
                  "bucket_key_enabled": "bool",
                  "cache_control": "string",
                  "checksum_algorithm": "string",
                  "checksum_crc32": "string",
                  "checksum_crc32c": "string",
                  "checksum_sha1": "string",
                  "checksum_sha256": "string",
                  "content": "string",
                  "content_base64": "string",
                  "content_disposition": "string",
                  "content_encoding": "string",
                  "content_language": "string",
                  "content_type": "string",
                  "etag": "string",
                  "force_destroy": "bool",
                  "id": "string",
                  "key": "string",
                  "kms_key_id": "string",
                  "metadata": [
                    "map",
                    "string"
                  ],
                  "object_lock_legal_hold_status": "string",
                  "object_lock_mode": "string",
                  "object_lock_retain_until_date": "string",
                  "override_provider": [
                    "list",
                    [
                      "object",
                      {
                        "default_tags": [
                          "list",
                          [
                            "object",
                            {
                              "tags": [
                                "map",
                                "string"
                              ]
                            }
                          ]
                        ]
                      }
                    ]
                  ],
                  "server_side_encryption": "string",
                  "source": "string",
                  "source_hash": "string",
                  "storage_class": "string",
                  "tags": [
                    "map",
                    "string"
                  ],
                  "tags_all": [
                    "map",
                    "string"
                  ],
                  "version_id": "string",
                  "website_redirect": "string"
                }
              ],
              "fonts/bootstrap-icons.woff": [
                "object",
                {
                  "acl": "string",
                  "arn": "string",
                  "bucket": "string",
                  "bucket_key_enabled": "bool",
                  "cache_control": "string",
                  "checksum_algorithm": "string",
                  "checksum_crc32": "string",
                  "checksum_crc32c": "string",
                  "checksum_sha1": "string",
                  "checksum_sha256": "string",
                  "content": "string",
                  "content_base64": "string",
                  "content_disposition": "string",
                  "content_encoding": "string",
                  "content_language": "string",
                  "content_type": "string",
                  "etag": "string",
                  "force_destroy": "bool",
                  "id": "string",
                  "key": "string",
                  "kms_key_id": "string",
                  "metadata": [
                    "map",
                    "string"
                  ],
                  "object_lock_legal_hold_status": "string",
                  "object_lock_mode": "string",
                  "object_lock_retain_until_date": "string",
                  "override_provider": [
                    "list",
                    [
                      "object",
                      {
                        "default_tags": [
                          "list",
                          [
                            "object",
                            {
                              "tags": [
                                "map",
                                "string"
                              ]
                            }
                          ]
                        ]
                      }
                    ]
                  ],
                  "server_side_encryption": "string",
                  "source": "string",
                  "source_hash": "string",
                  "storage_class": "string",
                  "tags": [
                    "map",
                    "string"
                  ],
                  "tags_all": [
                    "map",
                    "string"
                  ],
                  "version_id": "string",
                  "website_redirect": "string"
                }
              ],
              "fonts/bootstrap-icons.woff2": [
                "object",
                {
                  "acl": "string",
                  "arn": "string",
                  "bucket": "string",
                  "bucket_key_enabled": "bool",
                  "cache_control": "string",
                  "checksum_algorithm": "string",
                  "checksum_crc32": "string",
                  "checksum_crc32c": "string",
                  "checksum_sha1": "string",
                  "checksum_sha256": "string",
                  "content": "string",
                  "content_base64": "string",
                  "content_disposition": "string",
                  "content_encoding": "string",
                  "content_language": "string",
                  "content_type": "string",
                  "etag": "string",
                  "force_destroy": "bool",
                  "id": "string",
                  "key": "string",
                  "kms_key_id": "string",
                  "metadata": [
                    "map",
                    "string"
                  ],
                  "object_lock_legal_hold_status": "string",
                  "object_lock_mode": "string",
                  "object_lock_retain_until_date": "string",
                  "override_provider": [
                    "list",
                    [
                      "object",
                      {
                        "default_tags": [
                          "list",
                          [
                            "object",
                            {
                              "tags": [
                                "map",
                                "string"
                              ]
                            }
                          ]
                        ]
                      }
                    ]
                  ],
                  "server_side_encryption": "string",
                  "source": "string",
                  "source_hash": "string",
                  "storage_class": "string",
                  "tags": [
                    "map",
                    "string"
                  ],
                  "tags_all": [
                    "map",
                    "string"
                  ],
                  "version_id": "string",
                  "website_redirect": "string"
                }
              ],
              "images/avatar/happy-customer-01.jpg": [
                "object",
                {
                  "acl": "string",
                  "arn": "string",
                  "bucket": "string",
                  "bucket_key_enabled": "bool",
                  "cache_control": "string",
                  "checksum_algorithm": "string",
                  "checksum_crc32": "string",
                  "checksum_crc32c": "string",
                  "checksum_sha1": "string",
                  "checksum_sha256": "string",
                  "content": "string",
                  "content_base64": "string",
                  "content_disposition": "string",
                  "content_encoding": "string",
                  "content_language": "string",
                  "content_type": "string",
                  "etag": "string",
                  "force_destroy": "bool",
                  "id": "string",
                  "key": "string",
                  "kms_key_id": "string",
                  "metadata": [
                    "map",
                    "string"
                  ],
                  "object_lock_legal_hold_status": "string",
                  "object_lock_mode": "string",
                  "object_lock_retain_until_date": "string",
                  "override_provider": [
                    "list",
                    [
                      "object",
                      {
                        "default_tags": [
                          "list",
                          [
                            "object",
                            {
                              "tags": [
                                "map",
                                "string"
                              ]
                            }
                          ]
                        ]
                      }
                    ]
                  ],
                  "server_side_encryption": "string",
                  "source": "string",
                  "source_hash": "string",
                  "storage_class": "string",
                  "tags": [
                    "map",
                    "string"
                  ],
                  "tags_all": [
                    "map",
                    "string"
                  ],
                  "version_id": "string",
                  "website_redirect": "string"
                }
              ],
              "images/avatar/happy-customer-02.jpg": [
                "object",
                {
                  "acl": "string",
                  "arn": "string",
                  "bucket": "string",
                  "bucket_key_enabled": "bool",
                  "cache_control": "string",
                  "checksum_algorithm": "string",
                  "checksum_crc32": "string",
                  "checksum_crc32c": "string",
                  "checksum_sha1": "string",
                  "checksum_sha256": "string",
                  "content": "string",
                  "content_base64": "string",
                  "content_disposition": "string",
                  "content_encoding": "string",
                  "content_language": "string",
                  "content_type": "string",
                  "etag": "string",
                  "force_destroy": "bool",
                  "id": "string",
                  "key": "string",
                  "kms_key_id": "string",
                  "metadata": [
                    "map",
                    "string"
                  ],
                  "object_lock_legal_hold_status": "string",
                  "object_lock_mode": "string",
                  "object_lock_retain_until_date": "string",
                  "override_provider": [
                    "list",
                    [
                      "object",
                      {
                        "default_tags": [
                          "list",
                          [
                            "object",
                            {
                              "tags": [
                                "map",
                                "string"
                              ]
                            }
                          ]
                        ]
                      }
                    ]
                  ],
                  "server_side_encryption": "string",
                  "source": "string",
                  "source_hash": "string",
                  "storage_class": "string",
                  "tags": [
                    "map",
                    "string"
                  ],
                  "tags_all": [
                    "map",
                    "string"
                  ],
                  "version_id": "string",
                  "website_redirect": "string"
                }
              ],
              "images/avatar/happy-customer-03.jpg": [
                "object",
                {
                  "acl": "string",
                  "arn": "string",
                  "bucket": "string",
                  "bucket_key_enabled": "bool",
                  "cache_control": "string",
                  "checksum_algorithm": "string",
                  "checksum_crc32": "string",
                  "checksum_crc32c": "string",
                  "checksum_sha1": "string",
                  "checksum_sha256": "string",
                  "content": "string",
                  "content_base64": "string",
                  "content_disposition": "string",
                  "content_encoding": "string",
                  "content_language": "string",
                  "content_type": "string",
                  "etag": "string",
                  "force_destroy": "bool",
                  "id": "string",
                  "key": "string",
                  "kms_key_id": "string",
                  "metadata": [
                    "map",
                    "string"
                  ],
                  "object_lock_legal_hold_status": "string",
                  "object_lock_mode": "string",
                  "object_lock_retain_until_date": "string",
                  "override_provider": [
                    "list",
                    [
                      "object",
                      {
                        "default_tags": [
                          "list",
                          [
                            "object",
                            {
                              "tags": [
                                "map",
                                "string"
                              ]
                            }
                          ]
                        ]
                      }
                    ]
                  ],
                  "server_side_encryption": "string",
                  "source": "string",
                  "source_hash": "string",
                  "storage_class": "string",
                  "tags": [
                    "map",
                    "string"
                  ],
                  "tags_all": [
                    "map",
                    "string"
                  ],
                  "version_id": "string",
                  "website_redirect": "string"
                }
              ],
              "images/avatar/happy-customer-04.jpg": [
                "object",
                {
                  "acl": "string",
                  "arn": "string",
                  "bucket": "string",
                  "bucket_key_enabled": "bool",
                  "cache_control": "string",
                  "checksum_algorithm": "string",
                  "checksum_crc32": "string",
                  "checksum_crc32c": "string",
                  "checksum_sha1": "string",
                  "checksum_sha256": "string",
                  "content": "string",
                  "content_base64": "string",
                  "content_disposition": "string",
                  "content_encoding": "string",
                  "content_language": "string",
                  "content_type": "string",
                  "etag": "string",
                  "force_destroy": "bool",
                  "id": "string",
                  "key": "string",
                  "kms_key_id": "string",
                  "metadata": [
                    "map",
                    "string"
                  ],
                  "object_lock_legal_hold_status": "string",
                  "object_lock_mode": "string",
                  "object_lock_retain_until_date": "string",
                  "override_provider": [
                    "list",
                    [
                      "object",
                      {
                        "default_tags": [
                          "list",
                          [
                            "object",
                            {
                              "tags": [
                                "map",
                                "string"
                              ]
                            }
                          ]
                        ]
                      }
                    ]
                  ],
                  "server_side_encryption": "string",
                  "source": "string",
                  "source_hash": "string",
                  "storage_class": "string",
                  "tags": [
                    "map",
                    "string"
                  ],
                  "tags_all": [
                    "map",
                    "string"
                  ],
                  "version_id": "string",
                  "website_redirect": "string"
                }
              ],
              "images/avatar/happy-customer-05.jpg": [
                "object",
                {
                  "acl": "string",
                  "arn": "string",
                  "bucket": "string",
                  "bucket_key_enabled": "bool",
                  "cache_control": "string",
                  "checksum_algorithm": "string",
                  "checksum_crc32": "string",
                  "checksum_crc32c": "string",
                  "checksum_sha1": "string",
                  "checksum_sha256": "string",
                  "content": "string",
                  "content_base64": "string",
                  "content_disposition": "string",
                  "content_encoding": "string",
                  "content_language": "string",
                  "content_type": "string",
                  "etag": "string",
                  "force_destroy": "bool",
                  "id": "string",
                  "key": "string",
                  "kms_key_id": "string",
                  "metadata": [
                    "map",
                    "string"
                  ],
                  "object_lock_legal_hold_status": "string",
                  "object_lock_mode": "string",
                  "object_lock_retain_until_date": "string",
                  "override_provider": [
                    "list",
                    [
                      "object",
                      {
                        "default_tags": [
                          "list",
                          [
                            "object",
                            {
                              "tags": [
                                "map",
                                "string"
                              ]
                            }
                          ]
                        ]
                      }
                    ]
                  ],
                  "server_side_encryption": "string",
                  "source": "string",
                  "source_hash": "string",
                  "storage_class": "string",
                  "tags": [
                    "map",
                    "string"
                  ],
                  "tags_all": [
                    "map",
                    "string"
                  ],
                  "version_id": "string",
                  "website_redirect": "string"
                }
              ],
              "images/avatar/happy-customer-06.jpg": [
                "object",
                {
                  "acl": "string",
                  "arn": "string",
                  "bucket": "string",
                  "bucket_key_enabled": "bool",
                  "cache_control": "string",
                  "checksum_algorithm": "string",
                  "checksum_crc32": "string",
                  "checksum_crc32c": "string",
                  "checksum_sha1": "string",
                  "checksum_sha256": "string",
                  "content": "string",
                  "content_base64": "string",
                  "content_disposition": "string",
                  "content_encoding": "string",
                  "content_language": "string",
                  "content_type": "string",
                  "etag": "string",
                  "force_destroy": "bool",
                  "id": "string",
                  "key": "string",
                  "kms_key_id": "string",
                  "metadata": [
                    "map",
                    "string"
                  ],
                  "object_lock_legal_hold_status": "string",
                  "object_lock_mode": "string",
                  "object_lock_retain_until_date": "string",
                  "override_provider": [
                    "list",
                    [
                      "object",
                      {
                        "default_tags": [
                          "list",
                          [
                            "object",
                            {
                              "tags": [
                                "map",
                                "string"
                              ]
                            }
                          ]
                        ]
                      }
                    ]
                  ],
                  "server_side_encryption": "string",
                  "source": "string",
                  "source_hash": "string",
                  "storage_class": "string",
                  "tags": [
                    "map",
                    "string"
                  ],
                  "tags_all": [
                    "map",
                    "string"
                  ],
                  "version_id": "string",
                  "website_redirect": "string"
                }
              ],
              "images/bubbles.png": [
                "object",
                {
                  "acl": "string",
                  "arn": "string",
                  "bucket": "string",
                  "bucket_key_enabled": "bool",
                  "cache_control": "string",
                  "checksum_algorithm": "string",
                  "checksum_crc32": "string",
                  "checksum_crc32c": "string",
                  "checksum_sha1": "string",
                  "checksum_sha256": "string",
                  "content": "string",
                  "content_base64": "string",
                  "content_disposition": "string",
                  "content_encoding": "string",
                  "content_language": "string",
                  "content_type": "string",
                  "etag": "string",
                  "force_destroy": "bool",
                  "id": "string",
                  "key": "string",
                  "kms_key_id": "string",
                  "metadata": [
                    "map",
                    "string"
                  ],
                  "object_lock_legal_hold_status": "string",
                  "object_lock_mode": "string",
                  "object_lock_retain_until_date": "string",
                  "override_provider": [
                    "list",
                    [
                      "object",
                      {
                        "default_tags": [
                          "list",
                          [
                            "object",
                            {
                              "tags": [
                                "map",
                                "string"
                              ]
                            }
                          ]
                        ]
                      }
                    ]
                  ],
                  "server_side_encryption": "string",
                  "source": "string",
                  "source_hash": "string",
                  "storage_class": "string",
                  "tags": [
                    "map",
                    "string"
                  ],
                  "tags_all": [
                    "map",
                    "string"
                  ],
                  "version_id": "string",
                  "website_redirect": "string"
                }
              ],
              "images/cleaning-concept-with-man-showing-business-card.jpg": [
                "object",
                {
                  "acl": "string",
                  "arn": "string",
                  "bucket": "string",
                  "bucket_key_enabled": "bool",
                  "cache_control": "string",
                  "checksum_algorithm": "string",
                  "checksum_crc32": "string",
                  "checksum_crc32c": "string",
                  "checksum_sha1": "string",
                  "checksum_sha256": "string",
                  "content": "string",
                  "content_base64": "string",
                  "content_disposition": "string",
                  "content_encoding": "string",
                  "content_language": "string",
                  "content_type": "string",
                  "etag": "string",
                  "force_destroy": "bool",
                  "id": "string",
                  "key": "string",
                  "kms_key_id": "string",
                  "metadata": [
                    "map",
                    "string"
                  ],
                  "object_lock_legal_hold_status": "string",
                  "object_lock_mode": "string",
                  "object_lock_retain_until_date": "string",
                  "override_provider": [
                    "list",
                    [
                      "object",
                      {
                        "default_tags": [
                          "list",
                          [
                            "object",
                            {
                              "tags": [
                                "map",
                                "string"
                              ]
                            }
                          ]
                        ]
                      }
                    ]
                  ],
                  "server_side_encryption": "string",
                  "source": "string",
                  "source_hash": "string",
                  "storage_class": "string",
                  "tags": [
                    "map",
                    "string"
                  ],
                  "tags_all": [
                    "map",
                    "string"
                  ],
                  "version_id": "string",
                  "website_redirect": "string"
                }
              ],
              "images/coffe-shop-with-wooden-walls-unfocused.jpg": [
                "object",
                {
                  "acl": "string",
                  "arn": "string",
                  "bucket": "string",
                  "bucket_key_enabled": "bool",
                  "cache_control": "string",
                  "checksum_algorithm": "string",
                  "checksum_crc32": "string",
                  "checksum_crc32c": "string",
                  "checksum_sha1": "string",
                  "checksum_sha256": "string",
                  "content": "string",
                  "content_base64": "string",
                  "content_disposition": "string",
                  "content_encoding": "string",
                  "content_language": "string",
                  "content_type": "string",
                  "etag": "string",
                  "force_destroy": "bool",
                  "id": "string",
                  "key": "string",
                  "kms_key_id": "string",
                  "metadata": [
                    "map",
                    "string"
                  ],
                  "object_lock_legal_hold_status": "string",
                  "object_lock_mode": "string",
                  "object_lock_retain_until_date": "string",
                  "override_provider": [
                    "list",
                    [
                      "object",
                      {
                        "default_tags": [
                          "list",
                          [
                            "object",
                            {
                              "tags": [
                                "map",
                                "string"
                              ]
                            }
                          ]
                        ]
                      }
                    ]
                  ],
                  "server_side_encryption": "string",
                  "source": "string",
                  "source_hash": "string",
                  "storage_class": "string",
                  "tags": [
                    "map",
                    "string"
                  ],
                  "tags_all": [
                    "map",
                    "string"
                  ],
                  "version_id": "string",
                  "website_redirect": "string"
                }
              ],
              "images/coronavirus-pandemic-disinfector-protective-suit-mask-sprays-disinfectants-house-office.jpg": [
                "object",
                {
                  "acl": "string",
                  "arn": "string",
                  "bucket": "string",
                  "bucket_key_enabled": "bool",
                  "cache_control": "string",
                  "checksum_algorithm": "string",
                  "checksum_crc32": "string",
                  "checksum_crc32c": "string",
                  "checksum_sha1": "string",
                  "checksum_sha256": "string",
                  "content": "string",
                  "content_base64": "string",
                  "content_disposition": "string",
                  "content_encoding": "string",
                  "content_language": "string",
                  "content_type": "string",
                  "etag": "string",
                  "force_destroy": "bool",
                  "id": "string",
                  "key": "string",
                  "kms_key_id": "string",
                  "metadata": [
                    "map",
                    "string"
                  ],
                  "object_lock_legal_hold_status": "string",
                  "object_lock_mode": "string",
                  "object_lock_retain_until_date": "string",
                  "override_provider": [
                    "list",
                    [
                      "object",
                      {
                        "default_tags": [
                          "list",
                          [
                            "object",
                            {
                              "tags": [
                                "map",
                                "string"
                              ]
                            }
                          ]
                        ]
                      }
                    ]
                  ],
                  "server_side_encryption": "string",
                  "source": "string",
                  "source_hash": "string",
                  "storage_class": "string",
                  "tags": [
                    "map",
                    "string"
                  ],
                  "tags_all": [
                    "map",
                    "string"
                  ],
                  "version_id": "string",
                  "website_redirect": "string"
                }
              ],
              "images/disinfecting-home.jpg": [
                "object",
                {
                  "acl": "string",
                  "arn": "string",
                  "bucket": "string",
                  "bucket_key_enabled": "bool",
                  "cache_control": "string",
                  "checksum_algorithm": "string",
                  "checksum_crc32": "string",
                  "checksum_crc32c": "string",
                  "checksum_sha1": "string",
                  "checksum_sha256": "string",
                  "content": "string",
                  "content_base64": "string",
                  "content_disposition": "string",
                  "content_encoding": "string",
                  "content_language": "string",
                  "content_type": "string",
                  "etag": "string",
                  "force_destroy": "bool",
                  "id": "string",
                  "key": "string",
                  "kms_key_id": "string",
                  "metadata": [
                    "map",
                    "string"
                  ],
                  "object_lock_legal_hold_status": "string",
                  "object_lock_mode": "string",
                  "object_lock_retain_until_date": "string",
                  "override_provider": [
                    "list",
                    [
                      "object",
                      {
                        "default_tags": [
                          "list",
                          [
                            "object",
                            {
                              "tags": [
                                "map",
                                "string"
                              ]
                            }
                          ]
                        ]
                      }
                    ]
                  ],
                  "server_side_encryption": "string",
                  "source": "string",
                  "source_hash": "string",
                  "storage_class": "string",
                  "tags": [
                    "map",
                    "string"
                  ],
                  "tags_all": [
                    "map",
                    "string"
                  ],
                  "version_id": "string",
                  "website_redirect": "string"
                }
              ],
              "images/essential-goods-during-epidemic-prevention-protection.jpg": [
                "object",
                {
                  "acl": "string",
                  "arn": "string",
                  "bucket": "string",
                  "bucket_key_enabled": "bool",
                  "cache_control": "string",
                  "checksum_algorithm": "string",
                  "checksum_crc32": "string",
                  "checksum_crc32c": "string",
                  "checksum_sha1": "string",
                  "checksum_sha256": "string",
                  "content": "string",
                  "content_base64": "string",
                  "content_disposition": "string",
                  "content_encoding": "string",
                  "content_language": "string",
                  "content_type": "string",
                  "etag": "string",
                  "force_destroy": "bool",
                  "id": "string",
                  "key": "string",
                  "kms_key_id": "string",
                  "metadata": [
                    "map",
                    "string"
                  ],
                  "object_lock_legal_hold_status": "string",
                  "object_lock_mode": "string",
                  "object_lock_retain_until_date": "string",
                  "override_provider": [
                    "list",
                    [
                      "object",
                      {
                        "default_tags": [
                          "list",
                          [
                            "object",
                            {
                              "tags": [
                                "map",
                                "string"
                              ]
                            }
                          ]
                        ]
                      }
                    ]
                  ],
                  "server_side_encryption": "string",
                  "source": "string",
                  "source_hash": "string",
                  "storage_class": "string",
                  "tags": [
                    "map",
                    "string"
                  ],
                  "tags_all": [
                    "map",
                    "string"
                  ],
                  "version_id": "string",
                  "website_redirect": "string"
                }
              ],
              "images/high-angle-woman-cleaning-floors.jpg": [
                "object",
                {
                  "acl": "string",
                  "arn": "string",
                  "bucket": "string",
                  "bucket_key_enabled": "bool",
                  "cache_control": "string",
                  "checksum_algorithm": "string",
                  "checksum_crc32": "string",
                  "checksum_crc32c": "string",
                  "checksum_sha1": "string",
                  "checksum_sha256": "string",
                  "content": "string",
                  "content_base64": "string",
                  "content_disposition": "string",
                  "content_encoding": "string",
                  "content_language": "string",
                  "content_type": "string",
                  "etag": "string",
                  "force_destroy": "bool",
                  "id": "string",
                  "key": "string",
                  "kms_key_id": "string",
                  "metadata": [
                    "map",
                    "string"
                  ],
                  "object_lock_legal_hold_status": "string",
                  "object_lock_mode": "string",
                  "object_lock_retain_until_date": "string",
                  "override_provider": [
                    "list",
                    [
                      "object",
                      {
                        "default_tags": [
                          "list",
                          [
                            "object",
                            {
                              "tags": [
                                "map",
                                "string"
                              ]
                            }
                          ]
                        ]
                      }
                    ]
                  ],
                  "server_side_encryption": "string",
                  "source": "string",
                  "source_hash": "string",
                  "storage_class": "string",
                  "tags": [
                    "map",
                    "string"
                  ],
                  "tags_all": [
                    "map",
                    "string"
                  ],
                  "version_id": "string",
                  "website_redirect": "string"
                }
              ],
              "images/male-wearing-apron-female-white-t-shirt-smiling-broadly-being-glad-clean.png": [
                "object",
                {
                  "acl": "string",
                  "arn": "string",
                  "bucket": "string",
                  "bucket_key_enabled": "bool",
                  "cache_control": "string",
                  "checksum_algorithm": "string",
                  "checksum_crc32": "string",
                  "checksum_crc32c": "string",
                  "checksum_sha1": "string",
                  "checksum_sha256": "string",
                  "content": "string",
                  "content_base64": "string",
                  "content_disposition": "string",
                  "content_encoding": "string",
                  "content_language": "string",
                  "content_type": "string",
                  "etag": "string",
                  "force_destroy": "bool",
                  "id": "string",
                  "key": "string",
                  "kms_key_id": "string",
                  "metadata": [
                    "map",
                    "string"
                  ],
                  "object_lock_legal_hold_status": "string",
                  "object_lock_mode": "string",
                  "object_lock_retain_until_date": "string",
                  "override_provider": [
                    "list",
                    [
                      "object",
                      {
                        "default_tags": [
                          "list",
                          [
                            "object",
                            {
                              "tags": [
                                "map",
                                "string"
                              ]
                            }
                          ]
                        ]
                      }
                    ]
                  ],
                  "server_side_encryption": "string",
                  "source": "string",
                  "source_hash": "string",
                  "storage_class": "string",
                  "tags": [
                    "map",
                    "string"
                  ],
                  "tags_all": [
                    "map",
                    "string"
                  ],
                  "version_id": "string",
                  "website_redirect": "string"
                }
              ],
              "images/partners/glorix.svg": [
                "object",
                {
                  "acl": "string",
                  "arn": "string",
                  "bucket": "string",
                  "bucket_key_enabled": "bool",
                  "cache_control": "string",
                  "checksum_algorithm": "string",
                  "checksum_crc32": "string",
                  "checksum_crc32c": "string",
                  "checksum_sha1": "string",
                  "checksum_sha256": "string",
                  "content": "string",
                  "content_base64": "string",
                  "content_disposition": "string",
                  "content_encoding": "string",
                  "content_language": "string",
                  "content_type": "string",
                  "etag": "string",
                  "force_destroy": "bool",
                  "id": "string",
                  "key": "string",
                  "kms_key_id": "string",
                  "metadata": [
                    "map",
                    "string"
                  ],
                  "object_lock_legal_hold_status": "string",
                  "object_lock_mode": "string",
                  "object_lock_retain_until_date": "string",
                  "override_provider": [
                    "list",
                    [
                      "object",
                      {
                        "default_tags": [
                          "list",
                          [
                            "object",
                            {
                              "tags": [
                                "map",
                                "string"
                              ]
                            }
                          ]
                        ]
                      }
                    ]
                  ],
                  "server_side_encryption": "string",
                  "source": "string",
                  "source_hash": "string",
                  "storage_class": "string",
                  "tags": [
                    "map",
                    "string"
                  ],
                  "tags_all": [
                    "map",
                    "string"
                  ],
                  "version_id": "string",
                  "website_redirect": "string"
                }
              ],
              "images/partners/rolf-leasing.svg": [
                "object",
                {
                  "acl": "string",
                  "arn": "string",
                  "bucket": "string",
                  "bucket_key_enabled": "bool",
                  "cache_control": "string",
                  "checksum_algorithm": "string",
                  "checksum_crc32": "string",
                  "checksum_crc32c": "string",
                  "checksum_sha1": "string",
                  "checksum_sha256": "string",
                  "content": "string",
                  "content_base64": "string",
                  "content_disposition": "string",
                  "content_encoding": "string",
                  "content_language": "string",
                  "content_type": "string",
                  "etag": "string",
                  "force_destroy": "bool",
                  "id": "string",
                  "key": "string",
                  "kms_key_id": "string",
                  "metadata": [
                    "map",
                    "string"
                  ],
                  "object_lock_legal_hold_status": "string",
                  "object_lock_mode": "string",
                  "object_lock_retain_until_date": "string",
                  "override_provider": [
                    "list",
                    [
                      "object",
                      {
                        "default_tags": [
                          "list",
                          [
                            "object",
                            {
                              "tags": [
                                "map",
                                "string"
                              ]
                            }
                          ]
                        ]
                      }
                    ]
                  ],
                  "server_side_encryption": "string",
                  "source": "string",
                  "source_hash": "string",
                  "storage_class": "string",
                  "tags": [
                    "map",
                    "string"
                  ],
                  "tags_all": [
                    "map",
                    "string"
                  ],
                  "version_id": "string",
                  "website_redirect": "string"
                }
              ],
              "images/partners/toprak-leasing.svg": [
                "object",
                {
                  "acl": "string",
                  "arn": "string",
                  "bucket": "string",
                  "bucket_key_enabled": "bool",
                  "cache_control": "string",
                  "checksum_algorithm": "string",
                  "checksum_crc32": "string",
                  "checksum_crc32c": "string",
                  "checksum_sha1": "string",
                  "checksum_sha256": "string",
                  "content": "string",
                  "content_base64": "string",
                  "content_disposition": "string",
                  "content_encoding": "string",
                  "content_language": "string",
                  "content_type": "string",
                  "etag": "string",
                  "force_destroy": "bool",
                  "id": "string",
                  "key": "string",
                  "kms_key_id": "string",
                  "metadata": [
                    "map",
                    "string"
                  ],
                  "object_lock_legal_hold_status": "string",
                  "object_lock_mode": "string",
                  "object_lock_retain_until_date": "string",
                  "override_provider": [
                    "list",
                    [
                      "object",
                      {
                        "default_tags": [
                          "list",
                          [
                            "object",
                            {
                              "tags": [
                                "map",
                                "string"
                              ]
                            }
                          ]
                        ]
                      }
                    ]
                  ],
                  "server_side_encryption": "string",
                  "source": "string",
                  "source_hash": "string",
                  "storage_class": "string",
                  "tags": [
                    "map",
                    "string"
                  ],
                  "tags_all": [
                    "map",
                    "string"
                  ],
                  "version_id": "string",
                  "website_redirect": "string"
                }
              ],
              "images/partners/unilabs.svg": [
                "object",
                {
                  "acl": "string",
                  "arn": "string",
                  "bucket": "string",
                  "bucket_key_enabled": "bool",
                  "cache_control": "string",
                  "checksum_algorithm": "string",
                  "checksum_crc32": "string",
                  "checksum_crc32c": "string",
                  "checksum_sha1": "string",
                  "checksum_sha256": "string",
                  "content": "string",
                  "content_base64": "string",
                  "content_disposition": "string",
                  "content_encoding": "string",
                  "content_language": "string",
                  "content_type": "string",
                  "etag": "string",
                  "force_destroy": "bool",
                  "id": "string",
                  "key": "string",
                  "kms_key_id": "string",
                  "metadata": [
                    "map",
                    "string"
                  ],
                  "object_lock_legal_hold_status": "string",
                  "object_lock_mode": "string",
                  "object_lock_retain_until_date": "string",
                  "override_provider": [
                    "list",
                    [
                      "object",
                      {
                        "default_tags": [
                          "list",
                          [
                            "object",
                            {
                              "tags": [
                                "map",
                                "string"
                              ]
                            }
                          ]
                        ]
                      }
                    ]
                  ],
                  "server_side_encryption": "string",
                  "source": "string",
                  "source_hash": "string",
                  "storage_class": "string",
                  "tags": [
                    "map",
                    "string"
                  ],
                  "tags_all": [
                    "map",
                    "string"
                  ],
                  "version_id": "string",
                  "website_redirect": "string"
                }
              ],
              "images/partners/woocommerce.svg": [
                "object",
                {
                  "acl": "string",
                  "arn": "string",
                  "bucket": "string",
                  "bucket_key_enabled": "bool",
                  "cache_control": "string",
                  "checksum_algorithm": "string",
                  "checksum_crc32": "string",
                  "checksum_crc32c": "string",
                  "checksum_sha1": "string",
                  "checksum_sha256": "string",
                  "content": "string",
                  "content_base64": "string",
                  "content_disposition": "string",
                  "content_encoding": "string",
                  "content_language": "string",
                  "content_type": "string",
                  "etag": "string",
                  "force_destroy": "bool",
                  "id": "string",
                  "key": "string",
                  "kms_key_id": "string",
                  "metadata": [
                    "map",
                    "string"
                  ],
                  "object_lock_legal_hold_status": "string",
                  "object_lock_mode": "string",
                  "object_lock_retain_until_date": "string",
                  "override_provider": [
                    "list",
                    [
                      "object",
                      {
                        "default_tags": [
                          "list",
                          [
                            "object",
                            {
                              "tags": [
                                "map",
                                "string"
                              ]
                            }
                          ]
                        ]
                      }
                    ]
                  ],
                  "server_side_encryption": "string",
                  "source": "string",
                  "source_hash": "string",
                  "storage_class": "string",
                  "tags": [
                    "map",
                    "string"
                  ],
                  "tags_all": [
                    "map",
                    "string"
                  ],
                  "version_id": "string",
                  "website_redirect": "string"
                }
              ],
              "images/services/close-up-mop-cleaning-industrial-plant-floor.jpg": [
                "object",
                {
                  "acl": "string",
                  "arn": "string",
                  "bucket": "string",
                  "bucket_key_enabled": "bool",
                  "cache_control": "string",
                  "checksum_algorithm": "string",
                  "checksum_crc32": "string",
                  "checksum_crc32c": "string",
                  "checksum_sha1": "string",
                  "checksum_sha256": "string",
                  "content": "string",
                  "content_base64": "string",
                  "content_disposition": "string",
                  "content_encoding": "string",
                  "content_language": "string",
                  "content_type": "string",
                  "etag": "string",
                  "force_destroy": "bool",
                  "id": "string",
                  "key": "string",
                  "kms_key_id": "string",
                  "metadata": [
                    "map",
                    "string"
                  ],
                  "object_lock_legal_hold_status": "string",
                  "object_lock_mode": "string",
                  "object_lock_retain_until_date": "string",
                  "override_provider": [
                    "list",
                    [
                      "object",
                      {
                        "default_tags": [
                          "list",
                          [
                            "object",
                            {
                              "tags": [
                                "map",
                                "string"
                              ]
                            }
                          ]
                        ]
                      }
                    ]
                  ],
                  "server_side_encryption": "string",
                  "source": "string",
                  "source_hash": "string",
                  "storage_class": "string",
                  "tags": [
                    "map",
                    "string"
                  ],
                  "tags_all": [
                    "map",
                    "string"
                  ],
                  "version_id": "string",
                  "website_redirect": "string"
                }
              ],
              "images/services/man-polishing-car-inside-car-service.jpg": [
                "object",
                {
                  "acl": "string",
                  "arn": "string",
                  "bucket": "string",
                  "bucket_key_enabled": "bool",
                  "cache_control": "string",
                  "checksum_algorithm": "string",
                  "checksum_crc32": "string",
                  "checksum_crc32c": "string",
                  "checksum_sha1": "string",
                  "checksum_sha256": "string",
                  "content": "string",
                  "content_base64": "string",
                  "content_disposition": "string",
                  "content_encoding": "string",
                  "content_language": "string",
                  "content_type": "string",
                  "etag": "string",
                  "force_destroy": "bool",
                  "id": "string",
                  "key": "string",
                  "kms_key_id": "string",
                  "metadata": [
                    "map",
                    "string"
                  ],
                  "object_lock_legal_hold_status": "string",
                  "object_lock_mode": "string",
                  "object_lock_retain_until_date": "string",
                  "override_provider": [
                    "list",
                    [
                      "object",
                      {
                        "default_tags": [
                          "list",
                          [
                            "object",
                            {
                              "tags": [
                                "map",
                                "string"
                              ]
                            }
                          ]
                        ]
                      }
                    ]
                  ],
                  "server_side_encryption": "string",
                  "source": "string",
                  "source_hash": "string",
                  "storage_class": "string",
                  "tags": [
                    "map",
                    "string"
                  ],
                  "tags_all": [
                    "map",
                    "string"
                  ],
                  "version_id": "string",
                  "website_redirect": "string"
                }
              ],
              "images/services/man-polishing-car-inside.jpg": [
                "object",
                {
                  "acl": "string",
                  "arn": "string",
                  "bucket": "string",
                  "bucket_key_enabled": "bool",
                  "cache_control": "string",
                  "checksum_algorithm": "string",
                  "checksum_crc32": "string",
                  "checksum_crc32c": "string",
                  "checksum_sha1": "string",
                  "checksum_sha256": "string",
                  "content": "string",
                  "content_base64": "string",
                  "content_disposition": "string",
                  "content_encoding": "string",
                  "content_language": "string",
                  "content_type": "string",
                  "etag": "string",
                  "force_destroy": "bool",
                  "id": "string",
                  "key": "string",
                  "kms_key_id": "string",
                  "metadata": [
                    "map",
                    "string"
                  ],
                  "object_lock_legal_hold_status": "string",
                  "object_lock_mode": "string",
                  "object_lock_retain_until_date": "string",
                  "override_provider": [
                    "list",
                    [
                      "object",
                      {
                        "default_tags": [
                          "list",
                          [
                            "object",
                            {
                              "tags": [
                                "map",
                                "string"
                              ]
                            }
                          ]
                        ]
                      }
                    ]
                  ],
                  "server_side_encryption": "string",
                  "source": "string",
                  "source_hash": "string",
                  "storage_class": "string",
                  "tags": [
                    "map",
                    "string"
                  ],
                  "tags_all": [
                    "map",
                    "string"
                  ],
                  "version_id": "string",
                  "website_redirect": "string"
                }
              ],
              "images/services/people-taking-care-office-cleaning.jpg": [
                "object",
                {
                  "acl": "string",
                  "arn": "string",
                  "bucket": "string",
                  "bucket_key_enabled": "bool",
                  "cache_control": "string",
                  "checksum_algorithm": "string",
                  "checksum_crc32": "string",
                  "checksum_crc32c": "string",
                  "checksum_sha1": "string",
                  "checksum_sha256": "string",
                  "content": "string",
                  "content_base64": "string",
                  "content_disposition": "string",
                  "content_encoding": "string",
                  "content_language": "string",
                  "content_type": "string",
                  "etag": "string",
                  "force_destroy": "bool",
                  "id": "string",
                  "key": "string",
                  "kms_key_id": "string",
                  "metadata": [
                    "map",
                    "string"
                  ],
                  "object_lock_legal_hold_status": "string",
                  "object_lock_mode": "string",
                  "object_lock_retain_until_date": "string",
                  "override_provider": [
                    "list",
                    [
                      "object",
                      {
                        "default_tags": [
                          "list",
                          [
                            "object",
                            {
                              "tags": [
                                "map",
                                "string"
                              ]
                            }
                          ]
                        ]
                      }
                    ]
                  ],
                  "server_side_encryption": "string",
                  "source": "string",
                  "source_hash": "string",
                  "storage_class": "string",
                  "tags": [
                    "map",
                    "string"
                  ],
                  "tags_all": [
                    "map",
                    "string"
                  ],
                  "version_id": "string",
                  "website_redirect": "string"
                }
              ],
              "images/services/person-taking-care-office.jpg": [
                "object",
                {
                  "acl": "string",
                  "arn": "string",
                  "bucket": "string",
                  "bucket_key_enabled": "bool",
                  "cache_control": "string",
                  "checksum_algorithm": "string",
                  "checksum_crc32": "string",
                  "checksum_crc32c": "string",
                  "checksum_sha1": "string",
                  "checksum_sha256": "string",
                  "content": "string",
                  "content_base64": "string",
                  "content_disposition": "string",
                  "content_encoding": "string",
                  "content_language": "string",
                  "content_type": "string",
                  "etag": "string",
                  "force_destroy": "bool",
                  "id": "string",
                  "key": "string",
                  "kms_key_id": "string",
                  "metadata": [
                    "map",
                    "string"
                  ],
                  "object_lock_legal_hold_status": "string",
                  "object_lock_mode": "string",
                  "object_lock_retain_until_date": "string",
                  "override_provider": [
                    "list",
                    [
                      "object",
                      {
                        "default_tags": [
                          "list",
                          [
                            "object",
                            {
                              "tags": [
                                "map",
                                "string"
                              ]
                            }
                          ]
                        ]
                      }
                    ]
                  ],
                  "server_side_encryption": "string",
                  "source": "string",
                  "source_hash": "string",
                  "storage_class": "string",
                  "tags": [
                    "map",
                    "string"
                  ],
                  "tags_all": [
                    "map",
                    "string"
                  ],
                  "version_id": "string",
                  "website_redirect": "string"
                }
              ],
              "images/services/professional-industrial-cleaner-protective-uniform-cleaning-floor-food-processing-plant.jpg": [
                "object",
                {
                  "acl": "string",
                  "arn": "string",
                  "bucket": "string",
                  "bucket_key_enabled": "bool",
                  "cache_control": "string",
                  "checksum_algorithm": "string",
                  "checksum_crc32": "string",
                  "checksum_crc32c": "string",
                  "checksum_sha1": "string",
                  "checksum_sha256": "string",
                  "content": "string",
                  "content_base64": "string",
                  "content_disposition": "string",
                  "content_encoding": "string",
                  "content_language": "string",
                  "content_type": "string",
                  "etag": "string",
                  "force_destroy": "bool",
                  "id": "string",
                  "key": "string",
                  "kms_key_id": "string",
                  "metadata": [
                    "map",
                    "string"
                  ],
                  "object_lock_legal_hold_status": "string",
                  "object_lock_mode": "string",
                  "object_lock_retain_until_date": "string",
                  "override_provider": [
                    "list",
                    [
                      "object",
                      {
                        "default_tags": [
                          "list",
                          [
                            "object",
                            {
                              "tags": [
                                "map",
                                "string"
                              ]
                            }
                          ]
                        ]
                      }
                    ]
                  ],
                  "server_side_encryption": "string",
                  "source": "string",
                  "source_hash": "string",
                  "storage_class": "string",
                  "tags": [
                    "map",
                    "string"
                  ],
                  "tags_all": [
                    "map",
                    "string"
                  ],
                  "version_id": "string",
                  "website_redirect": "string"
                }
              ],
              "images/services/woman-holding-rag-detergent-cleaning-cooker.jpg": [
                "object",
                {
                  "acl": "string",
                  "arn": "string",
                  "bucket": "string",
                  "bucket_key_enabled": "bool",
                  "cache_control": "string",
                  "checksum_algorithm": "string",
                  "checksum_crc32": "string",
                  "checksum_crc32c": "string",
                  "checksum_sha1": "string",
                  "checksum_sha256": "string",
                  "content": "string",
                  "content_base64": "string",
                  "content_disposition": "string",
                  "content_encoding": "string",
                  "content_language": "string",
                  "content_type": "string",
                  "etag": "string",
                  "force_destroy": "bool",
                  "id": "string",
                  "key": "string",
                  "kms_key_id": "string",
                  "metadata": [
                    "map",
                    "string"
                  ],
                  "object_lock_legal_hold_status": "string",
                  "object_lock_mode": "string",
                  "object_lock_retain_until_date": "string",
                  "override_provider": [
                    "list",
                    [
                      "object",
                      {
                        "default_tags": [
                          "list",
                          [
                            "object",
                            {
                              "tags": [
                                "map",
                                "string"
                              ]
                            }
                          ]
                        ]
                      }
                    ]
                  ],
                  "server_side_encryption": "string",
                  "source": "string",
                  "source_hash": "string",
                  "storage_class": "string",
                  "tags": [
                    "map",
                    "string"
                  ],
                  "tags_all": [
                    "map",
                    "string"
                  ],
                  "version_id": "string",
                  "website_redirect": "string"
                }
              ],
              "images/services/young-smiling-woman-wearing-rubber-gloves-cleaning-stove.jpg": [
                "object",
                {
                  "acl": "string",
                  "arn": "string",
                  "bucket": "string",
                  "bucket_key_enabled": "bool",
                  "cache_control": "string",
                  "checksum_algorithm": "string",
                  "checksum_crc32": "string",
                  "checksum_crc32c": "string",
                  "checksum_sha1": "string",
                  "checksum_sha256": "string",
                  "content": "string",
                  "content_base64": "string",
                  "content_disposition": "string",
                  "content_encoding": "string",
                  "content_language": "string",
                  "content_type": "string",
                  "etag": "string",
                  "force_destroy": "bool",
                  "id": "string",
                  "key": "string",
                  "kms_key_id": "string",
                  "metadata": [
                    "map",
                    "string"
                  ],
                  "object_lock_legal_hold_status": "string",
                  "object_lock_mode": "string",
                  "object_lock_retain_until_date": "string",
                  "override_provider": [
                    "list",
                    [
                      "object",
                      {
                        "default_tags": [
                          "list",
                          [
                            "object",
                            {
                              "tags": [
                                "map",
                                "string"
                              ]
                            }
                          ]
                        ]
                      }
                    ]
                  ],
                  "server_side_encryption": "string",
                  "source": "string",
                  "source_hash": "string",
                  "storage_class": "string",
                  "tags": [
                    "map",
                    "string"
                  ],
                  "tags_all": [
                    "map",
                    "string"
                  ],
                  "version_id": "string",
                  "website_redirect": "string"
                }
              ],
              "images/slideshow/afro-woman-cleaning-window-with-rag-home.jpg": [
                "object",
                {
                  "acl": "string",
                  "arn": "string",
                  "bucket": "string",
                  "bucket_key_enabled": "bool",
                  "cache_control": "string",
                  "checksum_algorithm": "string",
                  "checksum_crc32": "string",
                  "checksum_crc32c": "string",
                  "checksum_sha1": "string",
                  "checksum_sha256": "string",
                  "content": "string",
                  "content_base64": "string",
                  "content_disposition": "string",
                  "content_encoding": "string",
                  "content_language": "string",
                  "content_type": "string",
                  "etag": "string",
                  "force_destroy": "bool",
                  "id": "string",
                  "key": "string",
                  "kms_key_id": "string",
                  "metadata": [
                    "map",
                    "string"
                  ],
                  "object_lock_legal_hold_status": "string",
                  "object_lock_mode": "string",
                  "object_lock_retain_until_date": "string",
                  "override_provider": [
                    "list",
                    [
                      "object",
                      {
                        "default_tags": [
                          "list",
                          [
                            "object",
                            {
                              "tags": [
                                "map",
                                "string"
                              ]
                            }
                          ]
                        ]
                      }
                    ]
                  ],
                  "server_side_encryption": "string",
                  "source": "string",
                  "source_hash": "string",
                  "storage_class": "string",
                  "tags": [
                    "map",
                    "string"
                  ],
                  "tags_all": [
                    "map",
                    "string"
                  ],
                  "version_id": "string",
                  "website_redirect": "string"
                }
              ],
              "images/slideshow/afro-woman-holding-bucket-with-cleaning-items.jpg": [
                "object",
                {
                  "acl": "string",
                  "arn": "string",
                  "bucket": "string",
                  "bucket_key_enabled": "bool",
                  "cache_control": "string",
                  "checksum_algorithm": "string",
                  "checksum_crc32": "string",
                  "checksum_crc32c": "string",
                  "checksum_sha1": "string",
                  "checksum_sha256": "string",
                  "content": "string",
                  "content_base64": "string",
                  "content_disposition": "string",
                  "content_encoding": "string",
                  "content_language": "string",
                  "content_type": "string",
                  "etag": "string",
                  "force_destroy": "bool",
                  "id": "string",
                  "key": "string",
                  "kms_key_id": "string",
                  "metadata": [
                    "map",
                    "string"
                  ],
                  "object_lock_legal_hold_status": "string",
                  "object_lock_mode": "string",
                  "object_lock_retain_until_date": "string",
                  "override_provider": [
                    "list",
                    [
                      "object",
                      {
                        "default_tags": [
                          "list",
                          [
                            "object",
                            {
                              "tags": [
                                "map",
                                "string"
                              ]
                            }
                          ]
                        ]
                      }
                    ]
                  ],
                  "server_side_encryption": "string",
                  "source": "string",
                  "source_hash": "string",
                  "storage_class": "string",
                  "tags": [
                    "map",
                    "string"
                  ],
                  "tags_all": [
                    "map",
                    "string"
                  ],
                  "version_id": "string",
                  "website_redirect": "string"
                }
              ],
              "images/slideshow/unrecognizable-cleaner-walking-into-hotel-room-with-tools-detergents.jpg": [
                "object",
                {
                  "acl": "string",
                  "arn": "string",
                  "bucket": "string",
                  "bucket_key_enabled": "bool",
                  "cache_control": "string",
                  "checksum_algorithm": "string",
                  "checksum_crc32": "string",
                  "checksum_crc32c": "string",
                  "checksum_sha1": "string",
                  "checksum_sha256": "string",
                  "content": "string",
                  "content_base64": "string",
                  "content_disposition": "string",
                  "content_encoding": "string",
                  "content_language": "string",
                  "content_type": "string",
                  "etag": "string",
                  "force_destroy": "bool",
                  "id": "string",
                  "key": "string",
                  "kms_key_id": "string",
                  "metadata": [
                    "map",
                    "string"
                  ],
                  "object_lock_legal_hold_status": "string",
                  "object_lock_mode": "string",
                  "object_lock_retain_until_date": "string",
                  "override_provider": [
                    "list",
                    [
                      "object",
                      {
                        "default_tags": [
                          "list",
                          [
                            "object",
                            {
                              "tags": [
                                "map",
                                "string"
                              ]
                            }
                          ]
                        ]
                      }
                    ]
                  ],
                  "server_side_encryption": "string",
                  "source": "string",
                  "source_hash": "string",
                  "storage_class": "string",
                  "tags": [
                    "map",
                    "string"
                  ],
                  "tags_all": [
                    "map",
                    "string"
                  ],
                  "version_id": "string",
                  "website_redirect": "string"
                }
              ],
              "images/teams/happy-young-woman-wiping-kitchen-counter-wearing-yellow-gloves.jpg": [
                "object",
                {
                  "acl": "string",
                  "arn": "string",
                  "bucket": "string",
                  "bucket_key_enabled": "bool",
                  "cache_control": "string",
                  "checksum_algorithm": "string",
                  "checksum_crc32": "string",
                  "checksum_crc32c": "string",
                  "checksum_sha1": "string",
                  "checksum_sha256": "string",
                  "content": "string",
                  "content_base64": "string",
                  "content_disposition": "string",
                  "content_encoding": "string",
                  "content_language": "string",
                  "content_type": "string",
                  "etag": "string",
                  "force_destroy": "bool",
                  "id": "string",
                  "key": "string",
                  "kms_key_id": "string",
                  "metadata": [
                    "map",
                    "string"
                  ],
                  "object_lock_legal_hold_status": "string",
                  "object_lock_mode": "string",
                  "object_lock_retain_until_date": "string",
                  "override_provider": [
                    "list",
                    [
                      "object",
                      {
                        "default_tags": [
                          "list",
                          [
                            "object",
                            {
                              "tags": [
                                "map",
                                "string"
                              ]
                            }
                          ]
                        ]
                      }
                    ]
                  ],
                  "server_side_encryption": "string",
                  "source": "string",
                  "source_hash": "string",
                  "storage_class": "string",
                  "tags": [
                    "map",
                    "string"
                  ],
                  "tags_all": [
                    "map",
                    "string"
                  ],
                  "version_id": "string",
                  "website_redirect": "string"
                }
              ],
              "images/teams/young-cleaning-man-wearing-casual-clothes.jpg": [
                "object",
                {
                  "acl": "string",
                  "arn": "string",
                  "bucket": "string",
                  "bucket_key_enabled": "bool",
                  "cache_control": "string",
                  "checksum_algorithm": "string",
                  "checksum_crc32": "string",
                  "checksum_crc32c": "string",
                  "checksum_sha1": "string",
                  "checksum_sha256": "string",
                  "content": "string",
                  "content_base64": "string",
                  "content_disposition": "string",
                  "content_encoding": "string",
                  "content_language": "string",
                  "content_type": "string",
                  "etag": "string",
                  "force_destroy": "bool",
                  "id": "string",
                  "key": "string",
                  "kms_key_id": "string",
                  "metadata": [
                    "map",
                    "string"
                  ],
                  "object_lock_legal_hold_status": "string",
                  "object_lock_mode": "string",
                  "object_lock_retain_until_date": "string",
                  "override_provider": [
                    "list",
                    [
                      "object",
                      {
                        "default_tags": [
                          "list",
                          [
                            "object",
                            {
                              "tags": [
                                "map",
                                "string"
                              ]
                            }
                          ]
                        ]
                      }
                    ]
                  ],
                  "server_side_encryption": "string",
                  "source": "string",
                  "source_hash": "string",
                  "storage_class": "string",
                  "tags": [
                    "map",
                    "string"
                  ],
                  "tags_all": [
                    "map",
                    "string"
                  ],
                  "version_id": "string",
                  "website_redirect": "string"
                }
              ],
              "index.html": [
                "object",
                {
                  "acl": "string",
                  "arn": "string",
                  "bucket": "string",
                  "bucket_key_enabled": "bool",
                  "cache_control": "string",
                  "checksum_algorithm": "string",
                  "checksum_crc32": "string",
                  "checksum_crc32c": "string",
                  "checksum_sha1": "string",
                  "checksum_sha256": "string",
                  "content": "string",
                  "content_base64": "string",
                  "content_disposition": "string",
                  "content_encoding": "string",
                  "content_language": "string",
                  "content_type": "string",
                  "etag": "string",
                  "force_destroy": "bool",
                  "id": "string",
                  "key": "string",
                  "kms_key_id": "string",
                  "metadata": [
                    "map",
                    "string"
                  ],
                  "object_lock_legal_hold_status": "string",
                  "object_lock_mode": "string",
                  "object_lock_retain_until_date": "string",
                  "override_provider": [
                    "list",
                    [
                      "object",
                      {
                        "default_tags": [
                          "list",
                          [
                            "object",
                            {
                              "tags": [
                                "map",
                                "string"
                              ]
                            }
                          ]
                        ]
                      }
                    ]
                  ],
                  "server_side_encryption": "string",
                  "source": "string",
                  "source_hash": "string",
                  "storage_class": "string",
                  "tags": [
                    "map",
                    "string"
                  ],
                  "tags_all": [
                    "map",
                    "string"
                  ],
                  "version_id": "string",
                  "website_redirect": "string"
                }
              ],
              "js/animated-headline.js": [
                "object",
                {
                  "acl": "string",
                  "arn": "string",
                  "bucket": "string",
                  "bucket_key_enabled": "bool",
                  "cache_control": "string",
                  "checksum_algorithm": "string",
                  "checksum_crc32": "string",
                  "checksum_crc32c": "string",
                  "checksum_sha1": "string",
                  "checksum_sha256": "string",
                  "content": "string",
                  "content_base64": "string",
                  "content_disposition": "string",
                  "content_encoding": "string",
                  "content_language": "string",
                  "content_type": "string",
                  "etag": "string",
                  "force_destroy": "bool",
                  "id": "string",
                  "key": "string",
                  "kms_key_id": "string",
                  "metadata": [
                    "map",
                    "string"
                  ],
                  "object_lock_legal_hold_status": "string",
                  "object_lock_mode": "string",
                  "object_lock_retain_until_date": "string",
                  "override_provider": [
                    "list",
                    [
                      "object",
                      {
                        "default_tags": [
                          "list",
                          [
                            "object",
                            {
                              "tags": [
                                "map",
                                "string"
                              ]
                            }
                          ]
                        ]
                      }
                    ]
                  ],
                  "server_side_encryption": "string",
                  "source": "string",
                  "source_hash": "string",
                  "storage_class": "string",
                  "tags": [
                    "map",
                    "string"
                  ],
                  "tags_all": [
                    "map",
                    "string"
                  ],
                  "version_id": "string",
                  "website_redirect": "string"
                }
              ],
              "js/bootstrap.min.js": [
                "object",
                {
                  "acl": "string",
                  "arn": "string",
                  "bucket": "string",
                  "bucket_key_enabled": "bool",
                  "cache_control": "string",
                  "checksum_algorithm": "string",
                  "checksum_crc32": "string",
                  "checksum_crc32c": "string",
                  "checksum_sha1": "string",
                  "checksum_sha256": "string",
                  "content": "string",
                  "content_base64": "string",
                  "content_disposition": "string",
                  "content_encoding": "string",
                  "content_language": "string",
                  "content_type": "string",
                  "etag": "string",
                  "force_destroy": "bool",
                  "id": "string",
                  "key": "string",
                  "kms_key_id": "string",
                  "metadata": [
                    "map",
                    "string"
                  ],
                  "object_lock_legal_hold_status": "string",
                  "object_lock_mode": "string",
                  "object_lock_retain_until_date": "string",
                  "override_provider": [
                    "list",
                    [
                      "object",
                      {
                        "default_tags": [
                          "list",
                          [
                            "object",
                            {
                              "tags": [
                                "map",
                                "string"
                              ]
                            }
                          ]
                        ]
                      }
                    ]
                  ],
                  "server_side_encryption": "string",
                  "source": "string",
                  "source_hash": "string",
                  "storage_class": "string",
                  "tags": [
                    "map",
                    "string"
                  ],
                  "tags_all": [
                    "map",
                    "string"
                  ],
                  "version_id": "string",
                  "website_redirect": "string"
                }
              ],
              "js/countdown.js": [
                "object",
                {
                  "acl": "string",
                  "arn": "string",
                  "bucket": "string",
                  "bucket_key_enabled": "bool",
                  "cache_control": "string",
                  "checksum_algorithm": "string",
                  "checksum_crc32": "string",
                  "checksum_crc32c": "string",
                  "checksum_sha1": "string",
                  "checksum_sha256": "string",
                  "content": "string",
                  "content_base64": "string",
                  "content_disposition": "string",
                  "content_encoding": "string",
                  "content_language": "string",
                  "content_type": "string",
                  "etag": "string",
                  "force_destroy": "bool",
                  "id": "string",
                  "key": "string",
                  "kms_key_id": "string",
                  "metadata": [
                    "map",
                    "string"
                  ],
                  "object_lock_legal_hold_status": "string",
                  "object_lock_mode": "string",
                  "object_lock_retain_until_date": "string",
                  "override_provider": [
                    "list",
                    [
                      "object",
                      {
                        "default_tags": [
                          "list",
                          [
                            "object",
                            {
                              "tags": [
                                "map",
                                "string"
                              ]
                            }
                          ]
                        ]
                      }
                    ]
                  ],
                  "server_side_encryption": "string",
                  "source": "string",
                  "source_hash": "string",
                  "storage_class": "string",
                  "tags": [
                    "map",
                    "string"
                  ],
                  "tags_all": [
                    "map",
                    "string"
                  ],
                  "version_id": "string",
                  "website_redirect": "string"
                }
              ],
              "js/counter.js": [
                "object",
                {
                  "acl": "string",
                  "arn": "string",
                  "bucket": "string",
                  "bucket_key_enabled": "bool",
                  "cache_control": "string",
                  "checksum_algorithm": "string",
                  "checksum_crc32": "string",
                  "checksum_crc32c": "string",
                  "checksum_sha1": "string",
                  "checksum_sha256": "string",
                  "content": "string",
                  "content_base64": "string",
                  "content_disposition": "string",
                  "content_encoding": "string",
                  "content_language": "string",
                  "content_type": "string",
                  "etag": "string",
                  "force_destroy": "bool",
                  "id": "string",
                  "key": "string",
                  "kms_key_id": "string",
                  "metadata": [
                    "map",
                    "string"
                  ],
                  "object_lock_legal_hold_status": "string",
                  "object_lock_mode": "string",
                  "object_lock_retain_until_date": "string",
                  "override_provider": [
                    "list",
                    [
                      "object",
                      {
                        "default_tags": [
                          "list",
                          [
                            "object",
                            {
                              "tags": [
                                "map",
                                "string"
                              ]
                            }
                          ]
                        ]
                      }
                    ]
                  ],
                  "server_side_encryption": "string",
                  "source": "string",
                  "source_hash": "string",
                  "storage_class": "string",
                  "tags": [
                    "map",
                    "string"
                  ],
                  "tags_all": [
                    "map",
                    "string"
                  ],
                  "version_id": "string",
                  "website_redirect": "string"
                }
              ],
              "js/custom.js": [
                "object",
                {
                  "acl": "string",
                  "arn": "string",
                  "bucket": "string",
                  "bucket_key_enabled": "bool",
                  "cache_control": "string",
                  "checksum_algorithm": "string",
                  "checksum_crc32": "string",
                  "checksum_crc32c": "string",
                  "checksum_sha1": "string",
                  "checksum_sha256": "string",
                  "content": "string",
                  "content_base64": "string",
                  "content_disposition": "string",
                  "content_encoding": "string",
                  "content_language": "string",
                  "content_type": "string",
                  "etag": "string",
                  "force_destroy": "bool",
                  "id": "string",
                  "key": "string",
                  "kms_key_id": "string",
                  "metadata": [
                    "map",
                    "string"
                  ],
                  "object_lock_legal_hold_status": "string",
                  "object_lock_mode": "string",
                  "object_lock_retain_until_date": "string",
                  "override_provider": [
                    "list",
                    [
                      "object",
                      {
                        "default_tags": [
                          "list",
                          [
                            "object",
                            {
                              "tags": [
                                "map",
                                "string"
                              ]
                            }
                          ]
                        ]
                      }
                    ]
                  ],
                  "server_side_encryption": "string",
                  "source": "string",
                  "source_hash": "string",
                  "storage_class": "string",
                  "tags": [
                    "map",
                    "string"
                  ],
                  "tags_all": [
                    "map",
                    "string"
                  ],
                  "version_id": "string",
                  "website_redirect": "string"
                }
              ],
              "js/init.js": [
                "object",
                {
                  "acl": "string",
                  "arn": "string",
                  "bucket": "string",
                  "bucket_key_enabled": "bool",
                  "cache_control": "string",
                  "checksum_algorithm": "string",
                  "checksum_crc32": "string",
                  "checksum_crc32c": "string",
                  "checksum_sha1": "string",
                  "checksum_sha256": "string",
                  "content": "string",
                  "content_base64": "string",
                  "content_disposition": "string",
                  "content_encoding": "string",
                  "content_language": "string",
                  "content_type": "string",
                  "etag": "string",
                  "force_destroy": "bool",
                  "id": "string",
                  "key": "string",
                  "kms_key_id": "string",
                  "metadata": [
                    "map",
                    "string"
                  ],
                  "object_lock_legal_hold_status": "string",
                  "object_lock_mode": "string",
                  "object_lock_retain_until_date": "string",
                  "override_provider": [
                    "list",
                    [
                      "object",
                      {
                        "default_tags": [
                          "list",
                          [
                            "object",
                            {
                              "tags": [
                                "map",
                                "string"
                              ]
                            }
                          ]
                        ]
                      }
                    ]
                  ],
                  "server_side_encryption": "string",
                  "source": "string",
                  "source_hash": "string",
                  "storage_class": "string",
                  "tags": [
                    "map",
                    "string"
                  ],
                  "tags_all": [
                    "map",
                    "string"
                  ],
                  "version_id": "string",
                  "website_redirect": "string"
                }
              ],
              "js/jquery.backstretch.min.js": [
                "object",
                {
                  "acl": "string",
                  "arn": "string",
                  "bucket": "string",
                  "bucket_key_enabled": "bool",
                  "cache_control": "string",
                  "checksum_algorithm": "string",
                  "checksum_crc32": "string",
                  "checksum_crc32c": "string",
                  "checksum_sha1": "string",
                  "checksum_sha256": "string",
                  "content": "string",
                  "content_base64": "string",
                  "content_disposition": "string",
                  "content_encoding": "string",
                  "content_language": "string",
                  "content_type": "string",
                  "etag": "string",
                  "force_destroy": "bool",
                  "id": "string",
                  "key": "string",
                  "kms_key_id": "string",
                  "metadata": [
                    "map",
                    "string"
                  ],
                  "object_lock_legal_hold_status": "string",
                  "object_lock_mode": "string",
                  "object_lock_retain_until_date": "string",
                  "override_provider": [
                    "list",
                    [
                      "object",
                      {
                        "default_tags": [
                          "list",
                          [
                            "object",
                            {
                              "tags": [
                                "map",
                                "string"
                              ]
                            }
                          ]
                        ]
                      }
                    ]
                  ],
                  "server_side_encryption": "string",
                  "source": "string",
                  "source_hash": "string",
                  "storage_class": "string",
                  "tags": [
                    "map",
                    "string"
                  ],
                  "tags_all": [
                    "map",
                    "string"
                  ],
                  "version_id": "string",
                  "website_redirect": "string"
                }
              ],
              "js/jquery.magnific-popup.min.js": [
                "object",
                {
                  "acl": "string",
                  "arn": "string",
                  "bucket": "string",
                  "bucket_key_enabled": "bool",
                  "cache_control": "string",
                  "checksum_algorithm": "string",
                  "checksum_crc32": "string",
                  "checksum_crc32c": "string",
                  "checksum_sha1": "string",
                  "checksum_sha256": "string",
                  "content": "string",
                  "content_base64": "string",
                  "content_disposition": "string",
                  "content_encoding": "string",
                  "content_language": "string",
                  "content_type": "string",
                  "etag": "string",
                  "force_destroy": "bool",
                  "id": "string",
                  "key": "string",
                  "kms_key_id": "string",
                  "metadata": [
                    "map",
                    "string"
                  ],
                  "object_lock_legal_hold_status": "string",
                  "object_lock_mode": "string",
                  "object_lock_retain_until_date": "string",
                  "override_provider": [
                    "list",
                    [
                      "object",
                      {
                        "default_tags": [
                          "list",
                          [
                            "object",
                            {
                              "tags": [
                                "map",
                                "string"
                              ]
                            }
                          ]
                        ]
                      }
                    ]
                  ],
                  "server_side_encryption": "string",
                  "source": "string",
                  "source_hash": "string",
                  "storage_class": "string",
                  "tags": [
                    "map",
                    "string"
                  ],
                  "tags_all": [
                    "map",
                    "string"
                  ],
                  "version_id": "string",
                  "website_redirect": "string"
                }
              ],
              "js/jquery.min.js": [
                "object",
                {
                  "acl": "string",
                  "arn": "string",
                  "bucket": "string",
                  "bucket_key_enabled": "bool",
                  "cache_control": "string",
                  "checksum_algorithm": "string",
                  "checksum_crc32": "string",
                  "checksum_crc32c": "string",
                  "checksum_sha1": "string",
                  "checksum_sha256": "string",
                  "content": "string",
                  "content_base64": "string",
                  "content_disposition": "string",
                  "content_encoding": "string",
                  "content_language": "string",
                  "content_type": "string",
                  "etag": "string",
                  "force_destroy": "bool",
                  "id": "string",
                  "key": "string",
                  "kms_key_id": "string",
                  "metadata": [
                    "map",
                    "string"
                  ],
                  "object_lock_legal_hold_status": "string",
                  "object_lock_mode": "string",
                  "object_lock_retain_until_date": "string",
                  "override_provider": [
                    "list",
                    [
                      "object",
                      {
                        "default_tags": [
                          "list",
                          [
                            "object",
                            {
                              "tags": [
                                "map",
                                "string"
                              ]
                            }
                          ]
                        ]
                      }
                    ]
                  ],
                  "server_side_encryption": "string",
                  "source": "string",
                  "source_hash": "string",
                  "storage_class": "string",
                  "tags": [
                    "map",
                    "string"
                  ],
                  "tags_all": [
                    "map",
                    "string"
                  ],
                  "version_id": "string",
                  "website_redirect": "string"
                }
              ],
              "js/magnific-popup-options.js": [
                "object",
                {
                  "acl": "string",
                  "arn": "string",
                  "bucket": "string",
                  "bucket_key_enabled": "bool",
                  "cache_control": "string",
                  "checksum_algorithm": "string",
                  "checksum_crc32": "string",
                  "checksum_crc32c": "string",
                  "checksum_sha1": "string",
                  "checksum_sha256": "string",
                  "content": "string",
                  "content_base64": "string",
                  "content_disposition": "string",
                  "content_encoding": "string",
                  "content_language": "string",
                  "content_type": "string",
                  "etag": "string",
                  "force_destroy": "bool",
                  "id": "string",
                  "key": "string",
                  "kms_key_id": "string",
                  "metadata": [
                    "map",
                    "string"
                  ],
                  "object_lock_legal_hold_status": "string",
                  "object_lock_mode": "string",
                  "object_lock_retain_until_date": "string",
                  "override_provider": [
                    "list",
                    [
                      "object",
                      {
                        "default_tags": [
                          "list",
                          [
                            "object",
                            {
                              "tags": [
                                "map",
                                "string"
                              ]
                            }
                          ]
                        ]
                      }
                    ]
                  ],
                  "server_side_encryption": "string",
                  "source": "string",
                  "source_hash": "string",
                  "storage_class": "string",
                  "tags": [
                    "map",
                    "string"
                  ],
                  "tags_all": [
                    "map",
                    "string"
                  ],
                  "version_id": "string",
                  "website_redirect": "string"
                }
              ],
              "js/modernizr.js": [
                "object",
                {
                  "acl": "string",
                  "arn": "string",
                  "bucket": "string",
                  "bucket_key_enabled": "bool",
                  "cache_control": "string",
                  "checksum_algorithm": "string",
                  "checksum_crc32": "string",
                  "checksum_crc32c": "string",
                  "checksum_sha1": "string",
                  "checksum_sha256": "string",
                  "content": "string",
                  "content_base64": "string",
                  "content_disposition": "string",
                  "content_encoding": "string",
                  "content_language": "string",
                  "content_type": "string",
                  "etag": "string",
                  "force_destroy": "bool",
                  "id": "string",
                  "key": "string",
                  "kms_key_id": "string",
                  "metadata": [
                    "map",
                    "string"
                  ],
                  "object_lock_legal_hold_status": "string",
                  "object_lock_mode": "string",
                  "object_lock_retain_until_date": "string",
                  "override_provider": [
                    "list",
                    [
                      "object",
                      {
                        "default_tags": [
                          "list",
                          [
                            "object",
                            {
                              "tags": [
                                "map",
                                "string"
                              ]
                            }
                          ]
                        ]
                      }
                    ]
                  ],
                  "server_side_encryption": "string",
                  "source": "string",
                  "source_hash": "string",
                  "storage_class": "string",
                  "tags": [
                    "map",
                    "string"
                  ],
                  "tags_all": [
                    "map",
                    "string"
                  ],
                  "version_id": "string",
                  "website_redirect": "string"
                }
              ],
              "page-404.html": [
                "object",
                {
                  "acl": "string",
                  "arn": "string",
                  "bucket": "string",
                  "bucket_key_enabled": "bool",
                  "cache_control": "string",
                  "checksum_algorithm": "string",
                  "checksum_crc32": "string",
                  "checksum_crc32c": "string",
                  "checksum_sha1": "string",
                  "checksum_sha256": "string",
                  "content": "string",
                  "content_base64": "string",
                  "content_disposition": "string",
                  "content_encoding": "string",
                  "content_language": "string",
                  "content_type": "string",
                  "etag": "string",
                  "force_destroy": "bool",
                  "id": "string",
                  "key": "string",
                  "kms_key_id": "string",
                  "metadata": [
                    "map",
                    "string"
                  ],
                  "object_lock_legal_hold_status": "string",
                  "object_lock_mode": "string",
                  "object_lock_retain_until_date": "string",
                  "override_provider": [
                    "list",
                    [
                      "object",
                      {
                        "default_tags": [
                          "list",
                          [
                            "object",
                            {
                              "tags": [
                                "map",
                                "string"
                              ]
                            }
                          ]
                        ]
                      }
                    ]
                  ],
                  "server_side_encryption": "string",
                  "source": "string",
                  "source_hash": "string",
                  "storage_class": "string",
                  "tags": [
                    "map",
                    "string"
                  ],
                  "tags_all": [
                    "map",
                    "string"
                  ],
                  "version_id": "string",
                  "website_redirect": "string"
                }
              ],
              "services-detail.html": [
                "object",
                {
                  "acl": "string",
                  "arn": "string",
                  "bucket": "string",
                  "bucket_key_enabled": "bool",
                  "cache_control": "string",
                  "checksum_algorithm": "string",
                  "checksum_crc32": "string",
                  "checksum_crc32c": "string",
                  "checksum_sha1": "string",
                  "checksum_sha256": "string",
                  "content": "string",
                  "content_base64": "string",
                  "content_disposition": "string",
                  "content_encoding": "string",
                  "content_language": "string",
                  "content_type": "string",
                  "etag": "string",
                  "force_destroy": "bool",
                  "id": "string",
                  "key": "string",
                  "kms_key_id": "string",
                  "metadata": [
                    "map",
                    "string"
                  ],
                  "object_lock_legal_hold_status": "string",
                  "object_lock_mode": "string",
                  "object_lock_retain_until_date": "string",
                  "override_provider": [
                    "list",
                    [
                      "object",
                      {
                        "default_tags": [
                          "list",
                          [
                            "object",
                            {
                              "tags": [
                                "map",
                                "string"
                              ]
                            }
                          ]
                        ]
                      }
                    ]
                  ],
                  "server_side_encryption": "string",
                  "source": "string",
                  "source_hash": "string",
                  "storage_class": "string",
                  "tags": [
                    "map",
                    "string"
                  ],
                  "tags_all": [
                    "map",
                    "string"
                  ],
                  "version_id": "string",
                  "website_redirect": "string"
                }
              ],
              "services.html": [
                "object",
                {
                  "acl": "string",
                  "arn": "string",
                  "bucket": "string",
                  "bucket_key_enabled": "bool",
                  "cache_control": "string",
                  "checksum_algorithm": "string",
                  "checksum_crc32": "string",
                  "checksum_crc32c": "string",
                  "checksum_sha1": "string",
                  "checksum_sha256": "string",
                  "content": "string",
                  "content_base64": "string",
                  "content_disposition": "string",
                  "content_encoding": "string",
                  "content_language": "string",
                  "content_type": "string",
                  "etag": "string",
                  "force_destroy": "bool",
                  "id": "string",
                  "key": "string",
                  "kms_key_id": "string",
                  "metadata": [
                    "map",
                    "string"
                  ],
                  "object_lock_legal_hold_status": "string",
                  "object_lock_mode": "string",
                  "object_lock_retain_until_date": "string",
                  "override_provider": [
                    "list",
                    [
                      "object",
                      {
                        "default_tags": [
                          "list",
                          [
                            "object",
                            {
                              "tags": [
                                "map",
                                "string"
                              ]
                            }
                          ]
                        ]
                      }
                    ]
                  ],
                  "server_side_encryption": "string",
                  "source": "string",
                  "source_hash": "string",
                  "storage_class": "string",
                  "tags": [
                    "map",
                    "string"
                  ],
                  "tags_all": [
                    "map",
                    "string"
                  ],
                  "version_id": "string",
                  "website_redirect": "string"
                }
              ]
            }
          ],
          "s3-bucket": [
            "object",
            {
              "acceleration_status": "string",
              "acl": "string",
              "arn": "string",
              "bucket": "string",
              "bucket_domain_name": "string",
              "bucket_prefix": "string",
              "bucket_regional_domain_name": "string",
              "cors_rule": [
                "list",
                [
                  "object",
                  {
                    "allowed_headers": [
                      "list",
                      "string"
                    ],
                    "allowed_methods": [
                      "list",
                      "string"
                    ],
                    "allowed_origins": [
                      "list",
                      "string"
                    ],
                    "expose_headers": [
                      "list",
                      "string"
                    ],
                    "max_age_seconds": "number"
                  }
                ]
              ],
              "force_destroy": "bool",
              "grant": [
                "set",
                [
                  "object",
                  {
                    "id": "string",
                    "permissions": [
                      "set",
                      "string"
                    ],
                    "type": "string",
                    "uri": "string"
                  }
                ]
              ],
              "hosted_zone_id": "string",
              "id": "string",
              "lifecycle_rule": [
                "list",
                [
                  "object",
                  {
                    "abort_incomplete_multipart_upload_days": "number",
                    "enabled": "bool",
                    "expiration": [
                      "list",
                      [
                        "object",
                        {
                          "date": "string",
                          "days": "number",
                          "expired_object_delete_marker": "bool"
                        }
                      ]
                    ],
                    "id": "string",
                    "noncurrent_version_expiration": [
                      "list",
                      [
                        "object",
                        {
                          "days": "number"
                        }
                      ]
                    ],
                    "noncurrent_version_transition": [
                      "set",
                      [
                        "object",
                        {
                          "days": "number",
                          "storage_class": "string"
                        }
                      ]
                    ],
                    "prefix": "string",
                    "tags": [
                      "map",
                      "string"
                    ],
                    "transition": [
                      "set",
                      [
                        "object",
                        {
                          "date": "string",
                          "days": "number",
                          "storage_class": "string"
                        }
                      ]
                    ]
                  }
                ]
              ],
              "logging": [
                "list",
                [
                  "object",
                  {
                    "target_bucket": "string",
                    "target_prefix": "string"
                  }
                ]
              ],
              "object_lock_configuration": [
                "list",
                [
                  "object",
                  {
                    "object_lock_enabled": "string",
                    "rule": [
                      "list",
                      [
                        "object",
                        {
                          "default_retention": [
                            "list",
                            [
                              "object",
                              {
                                "days": "number",
                                "mode": "string",
                                "years": "number"
                              }
                            ]
                          ]
                        }
                      ]
                    ]
                  }
                ]
              ],
              "object_lock_enabled": "bool",
              "policy": "string",
              "region": "string",
              "replication_configuration": [
                "list",
                [
                  "object",
                  {
                    "role": "string",
                    "rules": [
                      "set",
                      [
                        "object",
                        {
                          "delete_marker_replication_status": "string",
                          "destination": [
                            "list",
                            [
                              "object",
                              {
                                "access_control_translation": [
                                  "list",
                                  [
                                    "object",
                                    {
                                      "owner": "string"
                                    }
                                  ]
                                ],
                                "account_id": "string",
                                "bucket": "string",
                                "metrics": [
                                  "list",
                                  [
                                    "object",
                                    {
                                      "minutes": "number",
                                      "status": "string"
                                    }
                                  ]
                                ],
                                "replica_kms_key_id": "string",
                                "replication_time": [
                                  "list",
                                  [
                                    "object",
                                    {
                                      "minutes": "number",
                                      "status": "string"
                                    }
                                  ]
                                ],
                                "storage_class": "string"
                              }
                            ]
                          ],
                          "filter": [
                            "list",
                            [
                              "object",
                              {
                                "prefix": "string",
                                "tags": [
                                  "map",
                                  "string"
                                ]
                              }
                            ]
                          ],
                          "id": "string",
                          "prefix": "string",
                          "priority": "number",
                          "source_selection_criteria": [
                            "list",
                            [
                              "object",
                              {
                                "sse_kms_encrypted_objects": [
                                  "list",
                                  [
                                    "object",
                                    {
                                      "enabled": "bool"
                                    }
                                  ]
                                ]
                              }
                            ]
                          ],
                          "status": "string"
                        }
                      ]
                    ]
                  }
                ]
              ],
              "request_payer": "string",
              "server_side_encryption_configuration": [
                "list",
                [
                  "object",
                  {
                    "rule": [
                      "list",
                      [
                        "object",
                        {
                          "apply_server_side_encryption_by_default": [
                            "list",
                            [
                              "object",
                              {
                                "kms_master_key_id": "string",
                                "sse_algorithm": "string"
                              }
                            ]
                          ],
                          "bucket_key_enabled": "bool"
                        }
                      ]
                    ]
                  }
                ]
              ],
              "tags": [
                "map",
                "string"
              ],
              "tags_all": [
                "map",
                "string"
              ],
              "timeouts": [
                "object",
                {
                  "create": "string",
                  "delete": "string",
                  "read": "string",
                  "update": "string"
                }
              ],
              "versioning": [
                "list",
                [
                  "object",
                  {
                    "enabled": "bool",
                    "mfa_delete": "bool"
                  }
                ]
              ],
              "website": [
                "list",
                [
                  "object",
                  {
                    "error_document": "string",
                    "index_document": "string",
                    "redirect_all_requests_to": "string",
                    "routing_rules": "string"
                  }
                ]
              ],
              "website_domain": "string",
              "website_endpoint": "string"
            }
          ]
        }
      ]
    }
  },
  "resources": [
    {
      "module": "module.aws_bucket",
      "mode": "managed",
      "type": "aws_s3_bucket",
      "name": "oluwasesan-static-bucket",
      "provider": "provider[\"registry.terraform.io/hashicorp/aws\"]",
      "instances": [
        {
          "schema_version": 0,
          "attributes": {
            "acceleration_status": "",
            "acl": null,
            "arn": "arn:aws:s3:::oluwasesan-static-bucket",
            "bucket": "oluwasesan-static-bucket",
            "bucket_domain_name": "oluwasesan-static-bucket.s3.amazonaws.com",
            "bucket_prefix": "",
            "bucket_regional_domain_name": "oluwasesan-static-bucket.s3.us-east-1.amazonaws.com",
            "cors_rule": [],
            "force_destroy": true,
            "grant": [
              {
                "id": "681b9a1a476544dd3e58ead7fb342c94118b6ad4f1fdc65bdac5375caeb8a92b",
                "permissions": [
                  "FULL_CONTROL"
                ],
                "type": "CanonicalUser",
                "uri": ""
              }
            ],
            "hosted_zone_id": "Z3AQBSTGFYJSTF",
            "id": "oluwasesan-static-bucket",
            "lifecycle_rule": [],
            "logging": [],
            "object_lock_configuration": [],
            "object_lock_enabled": false,
            "policy": "{\"Statement\":[{\"Action\":\"s3:GetObject\",\"Effect\":\"Allow\",\"Principal\":{\"AWS\":\"arn:aws:iam::cloudfront:user/CloudFront Origin Access Identity E3NUEOCCEMALWO\"},\"Resource\":\"arn:aws:s3:::oluwasesan-static-bucket/*\"}],\"Version\":\"2012-10-17\"}",
            "region": "us-east-1",
            "replication_configuration": [],
            "request_payer": "BucketOwner",
            "server_side_encryption_configuration": [
              {
                "rule": [
                  {
                    "apply_server_side_encryption_by_default": [
                      {
                        "kms_master_key_id": "",
                        "sse_algorithm": "AES256"
                      }
                    ],
                    "bucket_key_enabled": false
                  }
                ]
              }
            ],
            "tags": {},
            "tags_all": {},
            "timeouts": null,
            "versioning": [
              {
                "enabled": false,
                "mfa_delete": false
              }
            ],
            "website": [],
            "website_domain": null,
            "website_endpoint": null
          },
          "sensitive_attributes": [],
          "private": "eyJlMmJmYjczMC1lY2FhLTExZTYtOGY4OC0zNDM2M2JjN2M0YzAiOnsiY3JlYXRlIjoxMjAwMDAwMDAwMDAwLCJkZWxldGUiOjM2MDAwMDAwMDAwMDAsInJlYWQiOjEyMDAwMDAwMDAwMDAsInVwZGF0ZSI6MTIwMDAwMDAwMDAwMH19"
        }
      ]
    },
    {
      "module": "module.aws_bucket",
      "mode": "managed",
      "type": "aws_s3_object",
      "name": "oclean",
      "provider": "provider[\"registry.terraform.io/hashicorp/aws\"]",
      "instances": [
        {
          "index_key": "ABOUT THIS TEMPLATE.txt",
          "schema_version": 0,
          "attributes": {
            "acl": null,
            "arn": "arn:aws:s3:::oluwasesan-static-bucket/ABOUT THIS TEMPLATE.txt",
            "bucket": "oluwasesan-static-bucket",
            "bucket_key_enabled": false,
            "cache_control": "",
            "checksum_algorithm": null,
            "checksum_crc32": "",
            "checksum_crc32c": "",
            "checksum_sha1": "",
            "checksum_sha256": "",
            "content": null,
            "content_base64": null,
            "content_disposition": "",
            "content_encoding": "",
            "content_language": "",
            "content_type": "ABOUT THIS TEMPLATE.txt",
            "etag": "60e144dba413e51ea856e890e69fde4d",
            "force_destroy": false,
            "id": "ABOUT THIS TEMPLATE.txt",
            "key": "ABOUT THIS TEMPLATE.txt",
            "kms_key_id": null,
            "metadata": {},
            "object_lock_legal_hold_status": "",
            "object_lock_mode": "",
            "object_lock_retain_until_date": "",
            "override_provider": [],
            "server_side_encryption": "AES256",
            "source": "modules/s3_bucket/oclean/ABOUT THIS TEMPLATE.txt",
            "source_hash": null,
            "storage_class": "STANDARD",
            "tags": {},
            "tags_all": {},
            "version_id": "",
            "website_redirect": ""
          },
          "sensitive_attributes": [],
          "private": "bnVsbA==",
          "dependencies": [
            "module.aws_bucket.aws_s3_bucket.oluwasesan-static-bucket"
          ]
        },
        {
          "index_key": "about.html",
          "schema_version": 0,
          "attributes": {
            "acl": null,
            "arn": "arn:aws:s3:::oluwasesan-static-bucket/about.html",
            "bucket": "oluwasesan-static-bucket",
            "bucket_key_enabled": false,
            "cache_control": "",
            "checksum_algorithm": null,
            "checksum_crc32": "",
            "checksum_crc32c": "",
            "checksum_sha1": "",
            "checksum_sha256": "",
            "content": null,
            "content_base64": null,
            "content_disposition": "",
            "content_encoding": "",
            "content_language": "",
            "content_type": "about.html",
            "etag": "afb886411b2c9ade914bfaa6632ee3c6",
            "force_destroy": false,
            "id": "about.html",
            "key": "about.html",
            "kms_key_id": null,
            "metadata": {},
            "object_lock_legal_hold_status": "",
            "object_lock_mode": "",
            "object_lock_retain_until_date": "",
            "override_provider": [],
            "server_side_encryption": "AES256",
            "source": "modules/s3_bucket/oclean/about.html",
            "source_hash": null,
            "storage_class": "STANDARD",
            "tags": {},
            "tags_all": {},
            "version_id": "",
            "website_redirect": ""
          },
          "sensitive_attributes": [],
          "private": "bnVsbA==",
          "dependencies": [
            "module.aws_bucket.aws_s3_bucket.oluwasesan-static-bucket"
          ]
        },
        {
          "index_key": "coming-soon.html",
          "schema_version": 0,
          "attributes": {
            "acl": null,
            "arn": "arn:aws:s3:::oluwasesan-static-bucket/coming-soon.html",
            "bucket": "oluwasesan-static-bucket",
            "bucket_key_enabled": false,
            "cache_control": "",
            "checksum_algorithm": null,
            "checksum_crc32": "",
            "checksum_crc32c": "",
            "checksum_sha1": "",
            "checksum_sha256": "",
            "content": null,
            "content_base64": null,
            "content_disposition": "",
            "content_encoding": "",
            "content_language": "",
            "content_type": "coming-soon.html",
            "etag": "7a488630daabee751e3da5f8ac7e5552",
            "force_destroy": false,
            "id": "coming-soon.html",
            "key": "coming-soon.html",
            "kms_key_id": null,
            "metadata": {},
            "object_lock_legal_hold_status": "",
            "object_lock_mode": "",
            "object_lock_retain_until_date": "",
            "override_provider": [],
            "server_side_encryption": "AES256",
            "source": "modules/s3_bucket/oclean/coming-soon.html",
            "source_hash": null,
            "storage_class": "STANDARD",
            "tags": {},
            "tags_all": {},
            "version_id": "",
            "website_redirect": ""
          },
          "sensitive_attributes": [],
          "private": "bnVsbA==",
          "dependencies": [
            "module.aws_bucket.aws_s3_bucket.oluwasesan-static-bucket"
          ]
        },
        {
          "index_key": "contact.html",
          "schema_version": 0,
          "attributes": {
            "acl": null,
            "arn": "arn:aws:s3:::oluwasesan-static-bucket/contact.html",
            "bucket": "oluwasesan-static-bucket",
            "bucket_key_enabled": false,
            "cache_control": "",
            "checksum_algorithm": null,
            "checksum_crc32": "",
            "checksum_crc32c": "",
            "checksum_sha1": "",
            "checksum_sha256": "",
            "content": null,
            "content_base64": null,
            "content_disposition": "",
            "content_encoding": "",
            "content_language": "",
            "content_type": "contact.html",
            "etag": "ce65435dbc8bfda64c24a491e12864ae",
            "force_destroy": false,
            "id": "contact.html",
            "key": "contact.html",
            "kms_key_id": null,
            "metadata": {},
            "object_lock_legal_hold_status": "",
            "object_lock_mode": "",
            "object_lock_retain_until_date": "",
            "override_provider": [],
            "server_side_encryption": "AES256",
            "source": "modules/s3_bucket/oclean/contact.html",
            "source_hash": null,
            "storage_class": "STANDARD",
            "tags": {},
            "tags_all": {},
            "version_id": "",
            "website_redirect": ""
          },
          "sensitive_attributes": [],
          "private": "bnVsbA==",
          "dependencies": [
            "module.aws_bucket.aws_s3_bucket.oluwasesan-static-bucket"
          ]
        },
        {
          "index_key": "css/bootstrap-icons.css",
          "schema_version": 0,
          "attributes": {
            "acl": null,
            "arn": "arn:aws:s3:::oluwasesan-static-bucket/css/bootstrap-icons.css",
            "bucket": "oluwasesan-static-bucket",
            "bucket_key_enabled": false,
            "cache_control": "",
            "checksum_algorithm": null,
            "checksum_crc32": "",
            "checksum_crc32c": "",
            "checksum_sha1": "",
            "checksum_sha256": "",
            "content": null,
            "content_base64": null,
            "content_disposition": "",
            "content_encoding": "",
            "content_language": "",
            "content_type": "css/bootstrap-icons.css",
            "etag": "b9d9e9a30b876b742023776c87829f3a",
            "force_destroy": false,
            "id": "css/bootstrap-icons.css",
            "key": "css/bootstrap-icons.css",
            "kms_key_id": null,
            "metadata": {},
            "object_lock_legal_hold_status": "",
            "object_lock_mode": "",
            "object_lock_retain_until_date": "",
            "override_provider": [],
            "server_side_encryption": "AES256",
            "source": "modules/s3_bucket/oclean/css/bootstrap-icons.css",
            "source_hash": null,
            "storage_class": "STANDARD",
            "tags": {},
            "tags_all": {},
            "version_id": "",
            "website_redirect": ""
          },
          "sensitive_attributes": [],
          "private": "bnVsbA==",
          "dependencies": [
            "module.aws_bucket.aws_s3_bucket.oluwasesan-static-bucket"
          ]
        },
        {
          "index_key": "css/bootstrap.min.css",
          "schema_version": 0,
          "attributes": {
            "acl": null,
            "arn": "arn:aws:s3:::oluwasesan-static-bucket/css/bootstrap.min.css",
            "bucket": "oluwasesan-static-bucket",
            "bucket_key_enabled": false,
            "cache_control": "",
            "checksum_algorithm": null,
            "checksum_crc32": "",
            "checksum_crc32c": "",
            "checksum_sha1": "",
            "checksum_sha256": "",
            "content": null,
            "content_base64": null,
            "content_disposition": "",
            "content_encoding": "",
            "content_language": "",
            "content_type": "css/bootstrap.min.css",
            "etag": "94994c66fec8c3468b269dc0cc242151",
            "force_destroy": false,
            "id": "css/bootstrap.min.css",
            "key": "css/bootstrap.min.css",
            "kms_key_id": null,
            "metadata": {},
            "object_lock_legal_hold_status": "",
            "object_lock_mode": "",
            "object_lock_retain_until_date": "",
            "override_provider": [],
            "server_side_encryption": "AES256",
            "source": "modules/s3_bucket/oclean/css/bootstrap.min.css",
            "source_hash": null,
            "storage_class": "STANDARD",
            "tags": {},
            "tags_all": {},
            "version_id": "",
            "website_redirect": ""
          },
          "sensitive_attributes": [],
          "private": "bnVsbA==",
          "dependencies": [
            "module.aws_bucket.aws_s3_bucket.oluwasesan-static-bucket"
          ]
        },
        {
          "index_key": "css/magnific-popup.css",
          "schema_version": 0,
          "attributes": {
            "acl": null,
            "arn": "arn:aws:s3:::oluwasesan-static-bucket/css/magnific-popup.css",
            "bucket": "oluwasesan-static-bucket",
            "bucket_key_enabled": false,
            "cache_control": "",
            "checksum_algorithm": null,
            "checksum_crc32": "",
            "checksum_crc32c": "",
            "checksum_sha1": "",
            "checksum_sha256": "",
            "content": null,
            "content_base64": null,
            "content_disposition": "",
            "content_encoding": "",
            "content_language": "",
            "content_type": "css/magnific-popup.css",
            "etag": "30b593b71d7672658f89bfea0ab360c9",
            "force_destroy": false,
            "id": "css/magnific-popup.css",
            "key": "css/magnific-popup.css",
            "kms_key_id": null,
            "metadata": {},
            "object_lock_legal_hold_status": "",
            "object_lock_mode": "",
            "object_lock_retain_until_date": "",
            "override_provider": [],
            "server_side_encryption": "AES256",
            "source": "modules/s3_bucket/oclean/css/magnific-popup.css",
            "source_hash": null,
            "storage_class": "STANDARD",
            "tags": {},
            "tags_all": {},
            "version_id": "",
            "website_redirect": ""
          },
          "sensitive_attributes": [],
          "private": "bnVsbA==",
          "dependencies": [
            "module.aws_bucket.aws_s3_bucket.oluwasesan-static-bucket"
          ]
        },
        {
          "index_key": "css/tooplate-clean-work.css",
          "schema_version": 0,
          "attributes": {
            "acl": null,
            "arn": "arn:aws:s3:::oluwasesan-static-bucket/css/tooplate-clean-work.css",
            "bucket": "oluwasesan-static-bucket",
            "bucket_key_enabled": false,
            "cache_control": "",
            "checksum_algorithm": null,
            "checksum_crc32": "",
            "checksum_crc32c": "",
            "checksum_sha1": "",
            "checksum_sha256": "",
            "content": null,
            "content_base64": null,
            "content_disposition": "",
            "content_encoding": "",
            "content_language": "",
            "content_type": "css/tooplate-clean-work.css",
            "etag": "bf0745d1f9f16f3dd74cee8c17126b1f",
            "force_destroy": false,
            "id": "css/tooplate-clean-work.css",
            "key": "css/tooplate-clean-work.css",
            "kms_key_id": null,
            "metadata": {},
            "object_lock_legal_hold_status": "",
            "object_lock_mode": "",
            "object_lock_retain_until_date": "",
            "override_provider": [],
            "server_side_encryption": "AES256",
            "source": "modules/s3_bucket/oclean/css/tooplate-clean-work.css",
            "source_hash": null,
            "storage_class": "STANDARD",
            "tags": {},
            "tags_all": {},
            "version_id": "",
            "website_redirect": ""
          },
          "sensitive_attributes": [],
          "private": "bnVsbA==",
          "dependencies": [
            "module.aws_bucket.aws_s3_bucket.oluwasesan-static-bucket"
          ]
        },
        {
          "index_key": "fonts/Metropolis/Metropolis-Bold.woff",
          "schema_version": 0,
          "attributes": {
            "acl": null,
            "arn": "arn:aws:s3:::oluwasesan-static-bucket/fonts/Metropolis/Metropolis-Bold.woff",
            "bucket": "oluwasesan-static-bucket",
            "bucket_key_enabled": false,
            "cache_control": "",
            "checksum_algorithm": null,
            "checksum_crc32": "",
            "checksum_crc32c": "",
            "checksum_sha1": "",
            "checksum_sha256": "",
            "content": null,
            "content_base64": null,
            "content_disposition": "",
            "content_encoding": "",
            "content_language": "",
            "content_type": "fonts/Metropolis/Metropolis-Bold.woff",
            "etag": "7807d92adbb7c63f8f318762f6d626f9",
            "force_destroy": false,
            "id": "fonts/Metropolis/Metropolis-Bold.woff",
            "key": "fonts/Metropolis/Metropolis-Bold.woff",
            "kms_key_id": null,
            "metadata": {},
            "object_lock_legal_hold_status": "",
            "object_lock_mode": "",
            "object_lock_retain_until_date": "",
            "override_provider": [],
            "server_side_encryption": "AES256",
            "source": "modules/s3_bucket/oclean/fonts/Metropolis/Metropolis-Bold.woff",
            "source_hash": null,
            "storage_class": "STANDARD",
            "tags": {},
            "tags_all": {},
            "version_id": "",
            "website_redirect": ""
          },
          "sensitive_attributes": [],
          "private": "bnVsbA==",
          "dependencies": [
            "module.aws_bucket.aws_s3_bucket.oluwasesan-static-bucket"
          ]
        },
        {
          "index_key": "fonts/Metropolis/Metropolis-Bold.woff2",
          "schema_version": 0,
          "attributes": {
            "acl": null,
            "arn": "arn:aws:s3:::oluwasesan-static-bucket/fonts/Metropolis/Metropolis-Bold.woff2",
            "bucket": "oluwasesan-static-bucket",
            "bucket_key_enabled": false,
            "cache_control": "",
            "checksum_algorithm": null,
            "checksum_crc32": "",
            "checksum_crc32c": "",
            "checksum_sha1": "",
            "checksum_sha256": "",
            "content": null,
            "content_base64": null,
            "content_disposition": "",
            "content_encoding": "",
            "content_language": "",
            "content_type": "fonts/Metropolis/Metropolis-Bold.woff2",
            "etag": "2a2d4461c922acb1b818f6b6c6e7d34b",
            "force_destroy": false,
            "id": "fonts/Metropolis/Metropolis-Bold.woff2",
            "key": "fonts/Metropolis/Metropolis-Bold.woff2",
            "kms_key_id": null,
            "metadata": {},
            "object_lock_legal_hold_status": "",
            "object_lock_mode": "",
            "object_lock_retain_until_date": "",
            "override_provider": [],
            "server_side_encryption": "AES256",
            "source": "modules/s3_bucket/oclean/fonts/Metropolis/Metropolis-Bold.woff2",
            "source_hash": null,
            "storage_class": "STANDARD",
            "tags": {},
            "tags_all": {},
            "version_id": "",
            "website_redirect": ""
          },
          "sensitive_attributes": [],
          "private": "bnVsbA==",
          "dependencies": [
            "module.aws_bucket.aws_s3_bucket.oluwasesan-static-bucket"
          ]
        },
        {
          "index_key": "fonts/Metropolis/Metropolis-Light.woff",
          "schema_version": 0,
          "attributes": {
            "acl": null,
            "arn": "arn:aws:s3:::oluwasesan-static-bucket/fonts/Metropolis/Metropolis-Light.woff",
            "bucket": "oluwasesan-static-bucket",
            "bucket_key_enabled": false,
            "cache_control": "",
            "checksum_algorithm": null,
            "checksum_crc32": "",
            "checksum_crc32c": "",
            "checksum_sha1": "",
            "checksum_sha256": "",
            "content": null,
            "content_base64": null,
            "content_disposition": "",
            "content_encoding": "",
            "content_language": "",
            "content_type": "fonts/Metropolis/Metropolis-Light.woff",
            "etag": "ed49461a07962eac75df99355aefbf0b",
            "force_destroy": false,
            "id": "fonts/Metropolis/Metropolis-Light.woff",
            "key": "fonts/Metropolis/Metropolis-Light.woff",
            "kms_key_id": null,
            "metadata": {},
            "object_lock_legal_hold_status": "",
            "object_lock_mode": "",
            "object_lock_retain_until_date": "",
            "override_provider": [],
            "server_side_encryption": "AES256",
            "source": "modules/s3_bucket/oclean/fonts/Metropolis/Metropolis-Light.woff",
            "source_hash": null,
            "storage_class": "STANDARD",
            "tags": {},
            "tags_all": {},
            "version_id": "",
            "website_redirect": ""
          },
          "sensitive_attributes": [],
          "private": "bnVsbA==",
          "dependencies": [
            "module.aws_bucket.aws_s3_bucket.oluwasesan-static-bucket"
          ]
        },
        {
          "index_key": "fonts/Metropolis/Metropolis-Light.woff2",
          "schema_version": 0,
          "attributes": {
            "acl": null,
            "arn": "arn:aws:s3:::oluwasesan-static-bucket/fonts/Metropolis/Metropolis-Light.woff2",
            "bucket": "oluwasesan-static-bucket",
            "bucket_key_enabled": false,
            "cache_control": "",
            "checksum_algorithm": null,
            "checksum_crc32": "",
            "checksum_crc32c": "",
            "checksum_sha1": "",
            "checksum_sha256": "",
            "content": null,
            "content_base64": null,
            "content_disposition": "",
            "content_encoding": "",
            "content_language": "",
            "content_type": "fonts/Metropolis/Metropolis-Light.woff2",
            "etag": "d0f9816d3bd98c048cde2fd0fcab3a69",
            "force_destroy": false,
            "id": "fonts/Metropolis/Metropolis-Light.woff2",
            "key": "fonts/Metropolis/Metropolis-Light.woff2",
            "kms_key_id": null,
            "metadata": {},
            "object_lock_legal_hold_status": "",
            "object_lock_mode": "",
            "object_lock_retain_until_date": "",
            "override_provider": [],
            "server_side_encryption": "AES256",
            "source": "modules/s3_bucket/oclean/fonts/Metropolis/Metropolis-Light.woff2",
            "source_hash": null,
            "storage_class": "STANDARD",
            "tags": {},
            "tags_all": {},
            "version_id": "",
            "website_redirect": ""
          },
          "sensitive_attributes": [],
          "private": "bnVsbA==",
          "dependencies": [
            "module.aws_bucket.aws_s3_bucket.oluwasesan-static-bucket"
          ]
        },
        {
          "index_key": "fonts/Metropolis/Metropolis-Regular.woff",
          "schema_version": 0,
          "attributes": {
            "acl": null,
            "arn": "arn:aws:s3:::oluwasesan-static-bucket/fonts/Metropolis/Metropolis-Regular.woff",
            "bucket": "oluwasesan-static-bucket",
            "bucket_key_enabled": false,
            "cache_control": "",
            "checksum_algorithm": null,
            "checksum_crc32": "",
            "checksum_crc32c": "",
            "checksum_sha1": "",
            "checksum_sha256": "",
            "content": null,
            "content_base64": null,
            "content_disposition": "",
            "content_encoding": "",
            "content_language": "",
            "content_type": "fonts/Metropolis/Metropolis-Regular.woff",
            "etag": "867ae290b26671633b952e655780a827",
            "force_destroy": false,
            "id": "fonts/Metropolis/Metropolis-Regular.woff",
            "key": "fonts/Metropolis/Metropolis-Regular.woff",
            "kms_key_id": null,
            "metadata": {},
            "object_lock_legal_hold_status": "",
            "object_lock_mode": "",
            "object_lock_retain_until_date": "",
            "override_provider": [],
            "server_side_encryption": "AES256",
            "source": "modules/s3_bucket/oclean/fonts/Metropolis/Metropolis-Regular.woff",
            "source_hash": null,
            "storage_class": "STANDARD",
            "tags": {},
            "tags_all": {},
            "version_id": "",
            "website_redirect": ""
          },
          "sensitive_attributes": [],
          "private": "bnVsbA==",
          "dependencies": [
            "module.aws_bucket.aws_s3_bucket.oluwasesan-static-bucket"
          ]
        },
        {
          "index_key": "fonts/Metropolis/Metropolis-Regular.woff2",
          "schema_version": 0,
          "attributes": {
            "acl": null,
            "arn": "arn:aws:s3:::oluwasesan-static-bucket/fonts/Metropolis/Metropolis-Regular.woff2",
            "bucket": "oluwasesan-static-bucket",
            "bucket_key_enabled": false,
            "cache_control": "",
            "checksum_algorithm": null,
            "checksum_crc32": "",
            "checksum_crc32c": "",
            "checksum_sha1": "",
            "checksum_sha256": "",
            "content": null,
            "content_base64": null,
            "content_disposition": "",
            "content_encoding": "",
            "content_language": "",
            "content_type": "fonts/Metropolis/Metropolis-Regular.woff2",
            "etag": "f941008648387c19db06494992d5735e",
            "force_destroy": false,
            "id": "fonts/Metropolis/Metropolis-Regular.woff2",
            "key": "fonts/Metropolis/Metropolis-Regular.woff2",
            "kms_key_id": null,
            "metadata": {},
            "object_lock_legal_hold_status": "",
            "object_lock_mode": "",
            "object_lock_retain_until_date": "",
            "override_provider": [],
            "server_side_encryption": "AES256",
            "source": "modules/s3_bucket/oclean/fonts/Metropolis/Metropolis-Regular.woff2",
            "source_hash": null,
            "storage_class": "STANDARD",
            "tags": {},
            "tags_all": {},
            "version_id": "",
            "website_redirect": ""
          },
          "sensitive_attributes": [],
          "private": "bnVsbA==",
          "dependencies": [
            "module.aws_bucket.aws_s3_bucket.oluwasesan-static-bucket"
          ]
        },
        {
          "index_key": "fonts/Metropolis/Metropolis-SemiBold.woff",
          "schema_version": 0,
          "attributes": {
            "acl": null,
            "arn": "arn:aws:s3:::oluwasesan-static-bucket/fonts/Metropolis/Metropolis-SemiBold.woff",
            "bucket": "oluwasesan-static-bucket",
            "bucket_key_enabled": false,
            "cache_control": "",
            "checksum_algorithm": null,
            "checksum_crc32": "",
            "checksum_crc32c": "",
            "checksum_sha1": "",
            "checksum_sha256": "",
            "content": null,
            "content_base64": null,
            "content_disposition": "",
            "content_encoding": "",
            "content_language": "",
            "content_type": "fonts/Metropolis/Metropolis-SemiBold.woff",
            "etag": "598f348de6e3b3a05565295af625b113",
            "force_destroy": false,
            "id": "fonts/Metropolis/Metropolis-SemiBold.woff",
            "key": "fonts/Metropolis/Metropolis-SemiBold.woff",
            "kms_key_id": null,
            "metadata": {},
            "object_lock_legal_hold_status": "",
            "object_lock_mode": "",
            "object_lock_retain_until_date": "",
            "override_provider": [],
            "server_side_encryption": "AES256",
            "source": "modules/s3_bucket/oclean/fonts/Metropolis/Metropolis-SemiBold.woff",
            "source_hash": null,
            "storage_class": "STANDARD",
            "tags": {},
            "tags_all": {},
            "version_id": "",
            "website_redirect": ""
          },
          "sensitive_attributes": [],
          "private": "bnVsbA==",
          "dependencies": [
            "module.aws_bucket.aws_s3_bucket.oluwasesan-static-bucket"
          ]
        },
        {
          "index_key": "fonts/Metropolis/Metropolis-SemiBold.woff2",
          "schema_version": 0,
          "attributes": {
            "acl": null,
            "arn": "arn:aws:s3:::oluwasesan-static-bucket/fonts/Metropolis/Metropolis-SemiBold.woff2",
            "bucket": "oluwasesan-static-bucket",
            "bucket_key_enabled": false,
            "cache_control": "",
            "checksum_algorithm": null,
            "checksum_crc32": "",
            "checksum_crc32c": "",
            "checksum_sha1": "",
            "checksum_sha256": "",
            "content": null,
            "content_base64": null,
            "content_disposition": "",
            "content_encoding": "",
            "content_language": "",
            "content_type": "fonts/Metropolis/Metropolis-SemiBold.woff2",
            "etag": "d731fbae4bdeaf9f3445197fd6df674b",
            "force_destroy": false,
            "id": "fonts/Metropolis/Metropolis-SemiBold.woff2",
            "key": "fonts/Metropolis/Metropolis-SemiBold.woff2",
            "kms_key_id": null,
            "metadata": {},
            "object_lock_legal_hold_status": "",
            "object_lock_mode": "",
            "object_lock_retain_until_date": "",
            "override_provider": [],
            "server_side_encryption": "AES256",
            "source": "modules/s3_bucket/oclean/fonts/Metropolis/Metropolis-SemiBold.woff2",
            "source_hash": null,
            "storage_class": "STANDARD",
            "tags": {},
            "tags_all": {},
            "version_id": "",
            "website_redirect": ""
          },
          "sensitive_attributes": [],
          "private": "bnVsbA==",
          "dependencies": [
            "module.aws_bucket.aws_s3_bucket.oluwasesan-static-bucket"
          ]
        },
        {
          "index_key": "fonts/bootstrap-icons.woff",
          "schema_version": 0,
          "attributes": {
            "acl": null,
            "arn": "arn:aws:s3:::oluwasesan-static-bucket/fonts/bootstrap-icons.woff",
            "bucket": "oluwasesan-static-bucket",
            "bucket_key_enabled": false,
            "cache_control": "",
            "checksum_algorithm": null,
            "checksum_crc32": "",
            "checksum_crc32c": "",
            "checksum_sha1": "",
            "checksum_sha256": "",
            "content": null,
            "content_base64": null,
            "content_disposition": "",
            "content_encoding": "",
            "content_language": "",
            "content_type": "fonts/bootstrap-icons.woff",
            "etag": "b0dc21936e27b98d6c65bd72dd705c65",
            "force_destroy": false,
            "id": "fonts/bootstrap-icons.woff",
            "key": "fonts/bootstrap-icons.woff",
            "kms_key_id": null,
            "metadata": {},
            "object_lock_legal_hold_status": "",
            "object_lock_mode": "",
            "object_lock_retain_until_date": "",
            "override_provider": [],
            "server_side_encryption": "AES256",
            "source": "modules/s3_bucket/oclean/fonts/bootstrap-icons.woff",
            "source_hash": null,
            "storage_class": "STANDARD",
            "tags": {},
            "tags_all": {},
            "version_id": "",
            "website_redirect": ""
          },
          "sensitive_attributes": [],
          "private": "bnVsbA==",
          "dependencies": [
            "module.aws_bucket.aws_s3_bucket.oluwasesan-static-bucket"
          ]
        },
        {
          "index_key": "fonts/bootstrap-icons.woff2",
          "schema_version": 0,
          "attributes": {
            "acl": null,
            "arn": "arn:aws:s3:::oluwasesan-static-bucket/fonts/bootstrap-icons.woff2",
            "bucket": "oluwasesan-static-bucket",
            "bucket_key_enabled": false,
            "cache_control": "",
            "checksum_algorithm": null,
            "checksum_crc32": "",
            "checksum_crc32c": "",
            "checksum_sha1": "",
            "checksum_sha256": "",
            "content": null,
            "content_base64": null,
            "content_disposition": "",
            "content_encoding": "",
            "content_language": "",
            "content_type": "fonts/bootstrap-icons.woff2",
            "etag": "c5787b4ab55835580294696c3cbcc521",
            "force_destroy": false,
            "id": "fonts/bootstrap-icons.woff2",
            "key": "fonts/bootstrap-icons.woff2",
            "kms_key_id": null,
            "metadata": {},
            "object_lock_legal_hold_status": "",
            "object_lock_mode": "",
            "object_lock_retain_until_date": "",
            "override_provider": [],
            "server_side_encryption": "AES256",
            "source": "modules/s3_bucket/oclean/fonts/bootstrap-icons.woff2",
            "source_hash": null,
            "storage_class": "STANDARD",
            "tags": {},
            "tags_all": {},
            "version_id": "",
            "website_redirect": ""
          },
          "sensitive_attributes": [],
          "private": "bnVsbA==",
          "dependencies": [
            "module.aws_bucket.aws_s3_bucket.oluwasesan-static-bucket"
          ]
        },
        {
          "index_key": "images/avatar/happy-customer-01.jpg",
          "schema_version": 0,
          "attributes": {
            "acl": null,
            "arn": "arn:aws:s3:::oluwasesan-static-bucket/images/avatar/happy-customer-01.jpg",
            "bucket": "oluwasesan-static-bucket",
            "bucket_key_enabled": false,
            "cache_control": "",
            "checksum_algorithm": null,
            "checksum_crc32": "",
            "checksum_crc32c": "",
            "checksum_sha1": "",
            "checksum_sha256": "",
            "content": null,
            "content_base64": null,
            "content_disposition": "",
            "content_encoding": "",
            "content_language": "",
            "content_type": "images/avatar/happy-customer-01.jpg",
            "etag": "7c9558f6227bad101965e7935e5d7d2a",
            "force_destroy": false,
            "id": "images/avatar/happy-customer-01.jpg",
            "key": "images/avatar/happy-customer-01.jpg",
            "kms_key_id": null,
            "metadata": {},
            "object_lock_legal_hold_status": "",
            "object_lock_mode": "",
            "object_lock_retain_until_date": "",
            "override_provider": [],
            "server_side_encryption": "AES256",
            "source": "modules/s3_bucket/oclean/images/avatar/happy-customer-01.jpg",
            "source_hash": null,
            "storage_class": "STANDARD",
            "tags": {},
            "tags_all": {},
            "version_id": "",
            "website_redirect": ""
          },
          "sensitive_attributes": [],
          "private": "bnVsbA==",
          "dependencies": [
            "module.aws_bucket.aws_s3_bucket.oluwasesan-static-bucket"
          ]
        },
        {
          "index_key": "images/avatar/happy-customer-02.jpg",
          "schema_version": 0,
          "attributes": {
            "acl": null,
            "arn": "arn:aws:s3:::oluwasesan-static-bucket/images/avatar/happy-customer-02.jpg",
            "bucket": "oluwasesan-static-bucket",
            "bucket_key_enabled": false,
            "cache_control": "",
            "checksum_algorithm": null,
            "checksum_crc32": "",
            "checksum_crc32c": "",
            "checksum_sha1": "",
            "checksum_sha256": "",
            "content": null,
            "content_base64": null,
            "content_disposition": "",
            "content_encoding": "",
            "content_language": "",
            "content_type": "images/avatar/happy-customer-02.jpg",
            "etag": "bf7699158fc96f628c4d91011e33ffe1",
            "force_destroy": false,
            "id": "images/avatar/happy-customer-02.jpg",
            "key": "images/avatar/happy-customer-02.jpg",
            "kms_key_id": null,
            "metadata": {},
            "object_lock_legal_hold_status": "",
            "object_lock_mode": "",
            "object_lock_retain_until_date": "",
            "override_provider": [],
            "server_side_encryption": "AES256",
            "source": "modules/s3_bucket/oclean/images/avatar/happy-customer-02.jpg",
            "source_hash": null,
            "storage_class": "STANDARD",
            "tags": {},
            "tags_all": {},
            "version_id": "",
            "website_redirect": ""
          },
          "sensitive_attributes": [],
          "private": "bnVsbA==",
          "dependencies": [
            "module.aws_bucket.aws_s3_bucket.oluwasesan-static-bucket"
          ]
        },
        {
          "index_key": "images/avatar/happy-customer-03.jpg",
          "schema_version": 0,
          "attributes": {
            "acl": null,
            "arn": "arn:aws:s3:::oluwasesan-static-bucket/images/avatar/happy-customer-03.jpg",
            "bucket": "oluwasesan-static-bucket",
            "bucket_key_enabled": false,
            "cache_control": "",
            "checksum_algorithm": null,
            "checksum_crc32": "",
            "checksum_crc32c": "",
            "checksum_sha1": "",
            "checksum_sha256": "",
            "content": null,
            "content_base64": null,
            "content_disposition": "",
            "content_encoding": "",
            "content_language": "",
            "content_type": "images/avatar/happy-customer-03.jpg",
            "etag": "1d4f394bee3acc781bc929bf64b4bca4",
            "force_destroy": false,
            "id": "images/avatar/happy-customer-03.jpg",
            "key": "images/avatar/happy-customer-03.jpg",
            "kms_key_id": null,
            "metadata": {},
            "object_lock_legal_hold_status": "",
            "object_lock_mode": "",
            "object_lock_retain_until_date": "",
            "override_provider": [],
            "server_side_encryption": "AES256",
            "source": "modules/s3_bucket/oclean/images/avatar/happy-customer-03.jpg",
            "source_hash": null,
            "storage_class": "STANDARD",
            "tags": {},
            "tags_all": {},
            "version_id": "",
            "website_redirect": ""
          },
          "sensitive_attributes": [],
          "private": "bnVsbA==",
          "dependencies": [
            "module.aws_bucket.aws_s3_bucket.oluwasesan-static-bucket"
          ]
        },
        {
          "index_key": "images/avatar/happy-customer-04.jpg",
          "schema_version": 0,
          "attributes": {
            "acl": null,
            "arn": "arn:aws:s3:::oluwasesan-static-bucket/images/avatar/happy-customer-04.jpg",
            "bucket": "oluwasesan-static-bucket",
            "bucket_key_enabled": false,
            "cache_control": "",
            "checksum_algorithm": null,
            "checksum_crc32": "",
            "checksum_crc32c": "",
            "checksum_sha1": "",
            "checksum_sha256": "",
            "content": null,
            "content_base64": null,
            "content_disposition": "",
            "content_encoding": "",
            "content_language": "",
            "content_type": "images/avatar/happy-customer-04.jpg",
            "etag": "48ba934b346b88ea3a9caf52c4ada5f2",
            "force_destroy": false,
            "id": "images/avatar/happy-customer-04.jpg",
            "key": "images/avatar/happy-customer-04.jpg",
            "kms_key_id": null,
            "metadata": {},
            "object_lock_legal_hold_status": "",
            "object_lock_mode": "",
            "object_lock_retain_until_date": "",
            "override_provider": [],
            "server_side_encryption": "AES256",
            "source": "modules/s3_bucket/oclean/images/avatar/happy-customer-04.jpg",
            "source_hash": null,
            "storage_class": "STANDARD",
            "tags": {},
            "tags_all": {},
            "version_id": "",
            "website_redirect": ""
          },
          "sensitive_attributes": [],
          "private": "bnVsbA==",
          "dependencies": [
            "module.aws_bucket.aws_s3_bucket.oluwasesan-static-bucket"
          ]
        },
        {
          "index_key": "images/avatar/happy-customer-05.jpg",
          "schema_version": 0,
          "attributes": {
            "acl": null,
            "arn": "arn:aws:s3:::oluwasesan-static-bucket/images/avatar/happy-customer-05.jpg",
            "bucket": "oluwasesan-static-bucket",
            "bucket_key_enabled": false,
            "cache_control": "",
            "checksum_algorithm": null,
            "checksum_crc32": "",
            "checksum_crc32c": "",
            "checksum_sha1": "",
            "checksum_sha256": "",
            "content": null,
            "content_base64": null,
            "content_disposition": "",
            "content_encoding": "",
            "content_language": "",
            "content_type": "images/avatar/happy-customer-05.jpg",
            "etag": "79daec4dd70f024c377f74f1647f3c96",
            "force_destroy": false,
            "id": "images/avatar/happy-customer-05.jpg",
            "key": "images/avatar/happy-customer-05.jpg",
            "kms_key_id": null,
            "metadata": {},
            "object_lock_legal_hold_status": "",
            "object_lock_mode": "",
            "object_lock_retain_until_date": "",
            "override_provider": [],
            "server_side_encryption": "AES256",
            "source": "modules/s3_bucket/oclean/images/avatar/happy-customer-05.jpg",
            "source_hash": null,
            "storage_class": "STANDARD",
            "tags": {},
            "tags_all": {},
            "version_id": "",
            "website_redirect": ""
          },
          "sensitive_attributes": [],
          "private": "bnVsbA==",
          "dependencies": [
            "module.aws_bucket.aws_s3_bucket.oluwasesan-static-bucket"
          ]
        },
        {
          "index_key": "images/avatar/happy-customer-06.jpg",
          "schema_version": 0,
          "attributes": {
            "acl": null,
            "arn": "arn:aws:s3:::oluwasesan-static-bucket/images/avatar/happy-customer-06.jpg",
            "bucket": "oluwasesan-static-bucket",
            "bucket_key_enabled": false,
            "cache_control": "",
            "checksum_algorithm": null,
            "checksum_crc32": "",
            "checksum_crc32c": "",
            "checksum_sha1": "",
            "checksum_sha256": "",
            "content": null,
            "content_base64": null,
            "content_disposition": "",
            "content_encoding": "",
            "content_language": "",
            "content_type": "images/avatar/happy-customer-06.jpg",
            "etag": "b2da3d37e28e9522ffa749eeaeb3dcae",
            "force_destroy": false,
            "id": "images/avatar/happy-customer-06.jpg",
            "key": "images/avatar/happy-customer-06.jpg",
            "kms_key_id": null,
            "metadata": {},
            "object_lock_legal_hold_status": "",
            "object_lock_mode": "",
            "object_lock_retain_until_date": "",
            "override_provider": [],
            "server_side_encryption": "AES256",
            "source": "modules/s3_bucket/oclean/images/avatar/happy-customer-06.jpg",
            "source_hash": null,
            "storage_class": "STANDARD",
            "tags": {},
            "tags_all": {},
            "version_id": "",
            "website_redirect": ""
          },
          "sensitive_attributes": [],
          "private": "bnVsbA==",
          "dependencies": [
            "module.aws_bucket.aws_s3_bucket.oluwasesan-static-bucket"
          ]
        },
        {
          "index_key": "images/bubbles.png",
          "schema_version": 0,
          "attributes": {
            "acl": null,
            "arn": "arn:aws:s3:::oluwasesan-static-bucket/images/bubbles.png",
            "bucket": "oluwasesan-static-bucket",
            "bucket_key_enabled": false,
            "cache_control": "",
            "checksum_algorithm": null,
            "checksum_crc32": "",
            "checksum_crc32c": "",
            "checksum_sha1": "",
            "checksum_sha256": "",
            "content": null,
            "content_base64": null,
            "content_disposition": "",
            "content_encoding": "",
            "content_language": "",
            "content_type": "images/bubbles.png",
            "etag": "fa95141ea34b765e34b722f68868b085",
            "force_destroy": false,
            "id": "images/bubbles.png",
            "key": "images/bubbles.png",
            "kms_key_id": null,
            "metadata": {},
            "object_lock_legal_hold_status": "",
            "object_lock_mode": "",
            "object_lock_retain_until_date": "",
            "override_provider": [],
            "server_side_encryption": "AES256",
            "source": "modules/s3_bucket/oclean/images/bubbles.png",
            "source_hash": null,
            "storage_class": "STANDARD",
            "tags": {},
            "tags_all": {},
            "version_id": "",
            "website_redirect": ""
          },
          "sensitive_attributes": [],
          "private": "bnVsbA==",
          "dependencies": [
            "module.aws_bucket.aws_s3_bucket.oluwasesan-static-bucket"
          ]
        },
        {
          "index_key": "images/cleaning-concept-with-man-showing-business-card.jpg",
          "schema_version": 0,
          "attributes": {
            "acl": null,
            "arn": "arn:aws:s3:::oluwasesan-static-bucket/images/cleaning-concept-with-man-showing-business-card.jpg",
            "bucket": "oluwasesan-static-bucket",
            "bucket_key_enabled": false,
            "cache_control": "",
            "checksum_algorithm": null,
            "checksum_crc32": "",
            "checksum_crc32c": "",
            "checksum_sha1": "",
            "checksum_sha256": "",
            "content": null,
            "content_base64": null,
            "content_disposition": "",
            "content_encoding": "",
            "content_language": "",
            "content_type": "images/cleaning-concept-with-man-showing-business-card.jpg",
            "etag": "f61d177c98852b94263330e711d87369",
            "force_destroy": false,
            "id": "images/cleaning-concept-with-man-showing-business-card.jpg",
            "key": "images/cleaning-concept-with-man-showing-business-card.jpg",
            "kms_key_id": null,
            "metadata": {},
            "object_lock_legal_hold_status": "",
            "object_lock_mode": "",
            "object_lock_retain_until_date": "",
            "override_provider": [],
            "server_side_encryption": "AES256",
            "source": "modules/s3_bucket/oclean/images/cleaning-concept-with-man-showing-business-card.jpg",
            "source_hash": null,
            "storage_class": "STANDARD",
            "tags": {},
            "tags_all": {},
            "version_id": "",
            "website_redirect": ""
          },
          "sensitive_attributes": [],
          "private": "bnVsbA==",
          "dependencies": [
            "module.aws_bucket.aws_s3_bucket.oluwasesan-static-bucket"
          ]
        },
        {
          "index_key": "images/coffe-shop-with-wooden-walls-unfocused.jpg",
          "schema_version": 0,
          "attributes": {
            "acl": null,
            "arn": "arn:aws:s3:::oluwasesan-static-bucket/images/coffe-shop-with-wooden-walls-unfocused.jpg",
            "bucket": "oluwasesan-static-bucket",
            "bucket_key_enabled": false,
            "cache_control": "",
            "checksum_algorithm": null,
            "checksum_crc32": "",
            "checksum_crc32c": "",
            "checksum_sha1": "",
            "checksum_sha256": "",
            "content": null,
            "content_base64": null,
            "content_disposition": "",
            "content_encoding": "",
            "content_language": "",
            "content_type": "images/coffe-shop-with-wooden-walls-unfocused.jpg",
            "etag": "00bac990c53ac80ef90a7789bf574585",
            "force_destroy": false,
            "id": "images/coffe-shop-with-wooden-walls-unfocused.jpg",
            "key": "images/coffe-shop-with-wooden-walls-unfocused.jpg",
            "kms_key_id": null,
            "metadata": {},
            "object_lock_legal_hold_status": "",
            "object_lock_mode": "",
            "object_lock_retain_until_date": "",
            "override_provider": [],
            "server_side_encryption": "AES256",
            "source": "modules/s3_bucket/oclean/images/coffe-shop-with-wooden-walls-unfocused.jpg",
            "source_hash": null,
            "storage_class": "STANDARD",
            "tags": {},
            "tags_all": {},
            "version_id": "",
            "website_redirect": ""
          },
          "sensitive_attributes": [],
          "private": "bnVsbA==",
          "dependencies": [
            "module.aws_bucket.aws_s3_bucket.oluwasesan-static-bucket"
          ]
        },
        {
          "index_key": "images/coronavirus-pandemic-disinfector-protective-suit-mask-sprays-disinfectants-house-office.jpg",
          "schema_version": 0,
          "attributes": {
            "acl": null,
            "arn": "arn:aws:s3:::oluwasesan-static-bucket/images/coronavirus-pandemic-disinfector-protective-suit-mask-sprays-disinfectants-house-office.jpg",
            "bucket": "oluwasesan-static-bucket",
            "bucket_key_enabled": false,
            "cache_control": "",
            "checksum_algorithm": null,
            "checksum_crc32": "",
            "checksum_crc32c": "",
            "checksum_sha1": "",
            "checksum_sha256": "",
            "content": null,
            "content_base64": null,
            "content_disposition": "",
            "content_encoding": "",
            "content_language": "",
            "content_type": "images/coronavirus-pandemic-disinfector-protective-suit-mask-sprays-disinfectants-house-office.jpg",
            "etag": "ac04f2909eb400b2b0c7a8768ff371ed",
            "force_destroy": false,
            "id": "images/coronavirus-pandemic-disinfector-protective-suit-mask-sprays-disinfectants-house-office.jpg",
            "key": "images/coronavirus-pandemic-disinfector-protective-suit-mask-sprays-disinfectants-house-office.jpg",
            "kms_key_id": null,
            "metadata": {},
            "object_lock_legal_hold_status": "",
            "object_lock_mode": "",
            "object_lock_retain_until_date": "",
            "override_provider": [],
            "server_side_encryption": "AES256",
            "source": "modules/s3_bucket/oclean/images/coronavirus-pandemic-disinfector-protective-suit-mask-sprays-disinfectants-house-office.jpg",
            "source_hash": null,
            "storage_class": "STANDARD",
            "tags": {},
            "tags_all": {},
            "version_id": "",
            "website_redirect": ""
          },
          "sensitive_attributes": [],
          "private": "bnVsbA==",
          "dependencies": [
            "module.aws_bucket.aws_s3_bucket.oluwasesan-static-bucket"
          ]
        },
        {
          "index_key": "images/disinfecting-home.jpg",
          "schema_version": 0,
          "attributes": {
            "acl": null,
            "arn": "arn:aws:s3:::oluwasesan-static-bucket/images/disinfecting-home.jpg",
            "bucket": "oluwasesan-static-bucket",
            "bucket_key_enabled": false,
            "cache_control": "",
            "checksum_algorithm": null,
            "checksum_crc32": "",
            "checksum_crc32c": "",
            "checksum_sha1": "",
            "checksum_sha256": "",
            "content": null,
            "content_base64": null,
            "content_disposition": "",
            "content_encoding": "",
            "content_language": "",
            "content_type": "images/disinfecting-home.jpg",
            "etag": "70f5bce156aa2019deb5ec26b679a31d",
            "force_destroy": false,
            "id": "images/disinfecting-home.jpg",
            "key": "images/disinfecting-home.jpg",
            "kms_key_id": null,
            "metadata": {},
            "object_lock_legal_hold_status": "",
            "object_lock_mode": "",
            "object_lock_retain_until_date": "",
            "override_provider": [],
            "server_side_encryption": "AES256",
            "source": "modules/s3_bucket/oclean/images/disinfecting-home.jpg",
            "source_hash": null,
            "storage_class": "STANDARD",
            "tags": {},
            "tags_all": {},
            "version_id": "",
            "website_redirect": ""
          },
          "sensitive_attributes": [],
          "private": "bnVsbA==",
          "dependencies": [
            "module.aws_bucket.aws_s3_bucket.oluwasesan-static-bucket"
          ]
        },
        {
          "index_key": "images/essential-goods-during-epidemic-prevention-protection.jpg",
          "schema_version": 0,
          "attributes": {
            "acl": null,
            "arn": "arn:aws:s3:::oluwasesan-static-bucket/images/essential-goods-during-epidemic-prevention-protection.jpg",
            "bucket": "oluwasesan-static-bucket",
            "bucket_key_enabled": false,
            "cache_control": "",
            "checksum_algorithm": null,
            "checksum_crc32": "",
            "checksum_crc32c": "",
            "checksum_sha1": "",
            "checksum_sha256": "",
            "content": null,
            "content_base64": null,
            "content_disposition": "",
            "content_encoding": "",
            "content_language": "",
            "content_type": "images/essential-goods-during-epidemic-prevention-protection.jpg",
            "etag": "62abb96646a7386d716b951685eb99b7",
            "force_destroy": false,
            "id": "images/essential-goods-during-epidemic-prevention-protection.jpg",
            "key": "images/essential-goods-during-epidemic-prevention-protection.jpg",
            "kms_key_id": null,
            "metadata": {},
            "object_lock_legal_hold_status": "",
            "object_lock_mode": "",
            "object_lock_retain_until_date": "",
            "override_provider": [],
            "server_side_encryption": "AES256",
            "source": "modules/s3_bucket/oclean/images/essential-goods-during-epidemic-prevention-protection.jpg",
            "source_hash": null,
            "storage_class": "STANDARD",
            "tags": {},
            "tags_all": {},
            "version_id": "",
            "website_redirect": ""
          },
          "sensitive_attributes": [],
          "private": "bnVsbA==",
          "dependencies": [
            "module.aws_bucket.aws_s3_bucket.oluwasesan-static-bucket"
          ]
        },
        {
          "index_key": "images/high-angle-woman-cleaning-floors.jpg",
          "schema_version": 0,
          "attributes": {
            "acl": null,
            "arn": "arn:aws:s3:::oluwasesan-static-bucket/images/high-angle-woman-cleaning-floors.jpg",
            "bucket": "oluwasesan-static-bucket",
            "bucket_key_enabled": false,
            "cache_control": "",
            "checksum_algorithm": null,
            "checksum_crc32": "",
            "checksum_crc32c": "",
            "checksum_sha1": "",
            "checksum_sha256": "",
            "content": null,
            "content_base64": null,
            "content_disposition": "",
            "content_encoding": "",
            "content_language": "",
            "content_type": "images/high-angle-woman-cleaning-floors.jpg",
            "etag": "a14c8178b103ce633811257592a327f9",
            "force_destroy": false,
            "id": "images/high-angle-woman-cleaning-floors.jpg",
            "key": "images/high-angle-woman-cleaning-floors.jpg",
            "kms_key_id": null,
            "metadata": {},
            "object_lock_legal_hold_status": "",
            "object_lock_mode": "",
            "object_lock_retain_until_date": "",
            "override_provider": [],
            "server_side_encryption": "AES256",
            "source": "modules/s3_bucket/oclean/images/high-angle-woman-cleaning-floors.jpg",
            "source_hash": null,
            "storage_class": "STANDARD",
            "tags": {},
            "tags_all": {},
            "version_id": "",
            "website_redirect": ""
          },
          "sensitive_attributes": [],
          "private": "bnVsbA==",
          "dependencies": [
            "module.aws_bucket.aws_s3_bucket.oluwasesan-static-bucket"
          ]
        },
        {
          "index_key": "images/male-wearing-apron-female-white-t-shirt-smiling-broadly-being-glad-clean.png",
          "schema_version": 0,
          "attributes": {
            "acl": null,
            "arn": "arn:aws:s3:::oluwasesan-static-bucket/images/male-wearing-apron-female-white-t-shirt-smiling-broadly-being-glad-clean.png",
            "bucket": "oluwasesan-static-bucket",
            "bucket_key_enabled": false,
            "cache_control": "",
            "checksum_algorithm": null,
            "checksum_crc32": "",
            "checksum_crc32c": "",
            "checksum_sha1": "",
            "checksum_sha256": "",
            "content": null,
            "content_base64": null,
            "content_disposition": "",
            "content_encoding": "",
            "content_language": "",
            "content_type": "images/male-wearing-apron-female-white-t-shirt-smiling-broadly-being-glad-clean.png",
            "etag": "909ec9b73df7f752089477688b9591b1",
            "force_destroy": false,
            "id": "images/male-wearing-apron-female-white-t-shirt-smiling-broadly-being-glad-clean.png",
            "key": "images/male-wearing-apron-female-white-t-shirt-smiling-broadly-being-glad-clean.png",
            "kms_key_id": null,
            "metadata": {},
            "object_lock_legal_hold_status": "",
            "object_lock_mode": "",
            "object_lock_retain_until_date": "",
            "override_provider": [],
            "server_side_encryption": "AES256",
            "source": "modules/s3_bucket/oclean/images/male-wearing-apron-female-white-t-shirt-smiling-broadly-being-glad-clean.png",
            "source_hash": null,
            "storage_class": "STANDARD",
            "tags": {},
            "tags_all": {},
            "version_id": "",
            "website_redirect": ""
          },
          "sensitive_attributes": [],
          "private": "bnVsbA==",
          "dependencies": [
            "module.aws_bucket.aws_s3_bucket.oluwasesan-static-bucket"
          ]
        },
        {
          "index_key": "images/partners/glorix.svg",
          "schema_version": 0,
          "attributes": {
            "acl": null,
            "arn": "arn:aws:s3:::oluwasesan-static-bucket/images/partners/glorix.svg",
            "bucket": "oluwasesan-static-bucket",
            "bucket_key_enabled": false,
            "cache_control": "",
            "checksum_algorithm": null,
            "checksum_crc32": "",
            "checksum_crc32c": "",
            "checksum_sha1": "",
            "checksum_sha256": "",
            "content": null,
            "content_base64": null,
            "content_disposition": "",
            "content_encoding": "",
            "content_language": "",
            "content_type": "images/partners/glorix.svg",
            "etag": "0202ac1e5bbd898154bf917aa85fca04",
            "force_destroy": false,
            "id": "images/partners/glorix.svg",
            "key": "images/partners/glorix.svg",
            "kms_key_id": null,
            "metadata": {},
            "object_lock_legal_hold_status": "",
            "object_lock_mode": "",
            "object_lock_retain_until_date": "",
            "override_provider": [],
            "server_side_encryption": "AES256",
            "source": "modules/s3_bucket/oclean/images/partners/glorix.svg",
            "source_hash": null,
            "storage_class": "STANDARD",
            "tags": {},
            "tags_all": {},
            "version_id": "",
            "website_redirect": ""
          },
          "sensitive_attributes": [],
          "private": "bnVsbA==",
          "dependencies": [
            "module.aws_bucket.aws_s3_bucket.oluwasesan-static-bucket"
          ]
        },
        {
          "index_key": "images/partners/rolf-leasing.svg",
          "schema_version": 0,
          "attributes": {
            "acl": null,
            "arn": "arn:aws:s3:::oluwasesan-static-bucket/images/partners/rolf-leasing.svg",
            "bucket": "oluwasesan-static-bucket",
            "bucket_key_enabled": false,
            "cache_control": "",
            "checksum_algorithm": null,
            "checksum_crc32": "",
            "checksum_crc32c": "",
            "checksum_sha1": "",
            "checksum_sha256": "",
            "content": null,
            "content_base64": null,
            "content_disposition": "",
            "content_encoding": "",
            "content_language": "",
            "content_type": "images/partners/rolf-leasing.svg",
            "etag": "97b2c4bcf2fb91e0efe1a885ace54fc1",
            "force_destroy": false,
            "id": "images/partners/rolf-leasing.svg",
            "key": "images/partners/rolf-leasing.svg",
            "kms_key_id": null,
            "metadata": {},
            "object_lock_legal_hold_status": "",
            "object_lock_mode": "",
            "object_lock_retain_until_date": "",
            "override_provider": [],
            "server_side_encryption": "AES256",
            "source": "modules/s3_bucket/oclean/images/partners/rolf-leasing.svg",
            "source_hash": null,
            "storage_class": "STANDARD",
            "tags": {},
            "tags_all": {},
            "version_id": "",
            "website_redirect": ""
          },
          "sensitive_attributes": [],
          "private": "bnVsbA==",
          "dependencies": [
            "module.aws_bucket.aws_s3_bucket.oluwasesan-static-bucket"
          ]
        },
        {
          "index_key": "images/partners/toprak-leasing.svg",
          "schema_version": 0,
          "attributes": {
            "acl": null,
            "arn": "arn:aws:s3:::oluwasesan-static-bucket/images/partners/toprak-leasing.svg",
            "bucket": "oluwasesan-static-bucket",
            "bucket_key_enabled": false,
            "cache_control": "",
            "checksum_algorithm": null,
            "checksum_crc32": "",
            "checksum_crc32c": "",
            "checksum_sha1": "",
            "checksum_sha256": "",
            "content": null,
            "content_base64": null,
            "content_disposition": "",
            "content_encoding": "",
            "content_language": "",
            "content_type": "images/partners/toprak-leasing.svg",
            "etag": "f6c45f8fcf6772917544428bf0c84a10",
            "force_destroy": false,
            "id": "images/partners/toprak-leasing.svg",
            "key": "images/partners/toprak-leasing.svg",
            "kms_key_id": null,
            "metadata": {},
            "object_lock_legal_hold_status": "",
            "object_lock_mode": "",
            "object_lock_retain_until_date": "",
            "override_provider": [],
            "server_side_encryption": "AES256",
            "source": "modules/s3_bucket/oclean/images/partners/toprak-leasing.svg",
            "source_hash": null,
            "storage_class": "STANDARD",
            "tags": {},
            "tags_all": {},
            "version_id": "",
            "website_redirect": ""
          },
          "sensitive_attributes": [],
          "private": "bnVsbA==",
          "dependencies": [
            "module.aws_bucket.aws_s3_bucket.oluwasesan-static-bucket"
          ]
        },
        {
          "index_key": "images/partners/unilabs.svg",
          "schema_version": 0,
          "attributes": {
            "acl": null,
            "arn": "arn:aws:s3:::oluwasesan-static-bucket/images/partners/unilabs.svg",
            "bucket": "oluwasesan-static-bucket",
            "bucket_key_enabled": false,
            "cache_control": "",
            "checksum_algorithm": null,
            "checksum_crc32": "",
            "checksum_crc32c": "",
            "checksum_sha1": "",
            "checksum_sha256": "",
            "content": null,
            "content_base64": null,
            "content_disposition": "",
            "content_encoding": "",
            "content_language": "",
            "content_type": "images/partners/unilabs.svg",
            "etag": "d2d74ce3c8c40efbb2a0e62a1d63f1dc",
            "force_destroy": false,
            "id": "images/partners/unilabs.svg",
            "key": "images/partners/unilabs.svg",
            "kms_key_id": null,
            "metadata": {},
            "object_lock_legal_hold_status": "",
            "object_lock_mode": "",
            "object_lock_retain_until_date": "",
            "override_provider": [],
            "server_side_encryption": "AES256",
            "source": "modules/s3_bucket/oclean/images/partners/unilabs.svg",
            "source_hash": null,
            "storage_class": "STANDARD",
            "tags": {},
            "tags_all": {},
            "version_id": "",
            "website_redirect": ""
          },
          "sensitive_attributes": [],
          "private": "bnVsbA==",
          "dependencies": [
            "module.aws_bucket.aws_s3_bucket.oluwasesan-static-bucket"
          ]
        },
        {
          "index_key": "images/partners/woocommerce.svg",
          "schema_version": 0,
          "attributes": {
            "acl": null,
            "arn": "arn:aws:s3:::oluwasesan-static-bucket/images/partners/woocommerce.svg",
            "bucket": "oluwasesan-static-bucket",
            "bucket_key_enabled": false,
            "cache_control": "",
            "checksum_algorithm": null,
            "checksum_crc32": "",
            "checksum_crc32c": "",
            "checksum_sha1": "",
            "checksum_sha256": "",
            "content": null,
            "content_base64": null,
            "content_disposition": "",
            "content_encoding": "",
            "content_language": "",
            "content_type": "images/partners/woocommerce.svg",
            "etag": "75a3b44bf31584e719403183de506dc6",
            "force_destroy": false,
            "id": "images/partners/woocommerce.svg",
            "key": "images/partners/woocommerce.svg",
            "kms_key_id": null,
            "metadata": {},
            "object_lock_legal_hold_status": "",
            "object_lock_mode": "",
            "object_lock_retain_until_date": "",
            "override_provider": [],
            "server_side_encryption": "AES256",
            "source": "modules/s3_bucket/oclean/images/partners/woocommerce.svg",
            "source_hash": null,
            "storage_class": "STANDARD",
            "tags": {},
            "tags_all": {},
            "version_id": "",
            "website_redirect": ""
          },
          "sensitive_attributes": [],
          "private": "bnVsbA==",
          "dependencies": [
            "module.aws_bucket.aws_s3_bucket.oluwasesan-static-bucket"
          ]
        },
        {
          "index_key": "images/services/close-up-mop-cleaning-industrial-plant-floor.jpg",
          "schema_version": 0,
          "attributes": {
            "acl": null,
            "arn": "arn:aws:s3:::oluwasesan-static-bucket/images/services/close-up-mop-cleaning-industrial-plant-floor.jpg",
            "bucket": "oluwasesan-static-bucket",
            "bucket_key_enabled": false,
            "cache_control": "",
            "checksum_algorithm": null,
            "checksum_crc32": "",
            "checksum_crc32c": "",
            "checksum_sha1": "",
            "checksum_sha256": "",
            "content": null,
            "content_base64": null,
            "content_disposition": "",
            "content_encoding": "",
            "content_language": "",
            "content_type": "images/services/close-up-mop-cleaning-industrial-plant-floor.jpg",
            "etag": "45c2d5fa90e3c227262ec77f1e61bc9b",
            "force_destroy": false,
            "id": "images/services/close-up-mop-cleaning-industrial-plant-floor.jpg",
            "key": "images/services/close-up-mop-cleaning-industrial-plant-floor.jpg",
            "kms_key_id": null,
            "metadata": {},
            "object_lock_legal_hold_status": "",
            "object_lock_mode": "",
            "object_lock_retain_until_date": "",
            "override_provider": [],
            "server_side_encryption": "AES256",
            "source": "modules/s3_bucket/oclean/images/services/close-up-mop-cleaning-industrial-plant-floor.jpg",
            "source_hash": null,
            "storage_class": "STANDARD",
            "tags": {},
            "tags_all": {},
            "version_id": "",
            "website_redirect": ""
          },
          "sensitive_attributes": [],
          "private": "bnVsbA==",
          "dependencies": [
            "module.aws_bucket.aws_s3_bucket.oluwasesan-static-bucket"
          ]
        },
        {
          "index_key": "images/services/man-polishing-car-inside-car-service.jpg",
          "schema_version": 0,
          "attributes": {
            "acl": null,
            "arn": "arn:aws:s3:::oluwasesan-static-bucket/images/services/man-polishing-car-inside-car-service.jpg",
            "bucket": "oluwasesan-static-bucket",
            "bucket_key_enabled": false,
            "cache_control": "",
            "checksum_algorithm": null,
            "checksum_crc32": "",
            "checksum_crc32c": "",
            "checksum_sha1": "",
            "checksum_sha256": "",
            "content": null,
            "content_base64": null,
            "content_disposition": "",
            "content_encoding": "",
            "content_language": "",
            "content_type": "images/services/man-polishing-car-inside-car-service.jpg",
            "etag": "c46a73ddb423ce9aca275a7c7fb69f74",
            "force_destroy": false,
            "id": "images/services/man-polishing-car-inside-car-service.jpg",
            "key": "images/services/man-polishing-car-inside-car-service.jpg",
            "kms_key_id": null,
            "metadata": {},
            "object_lock_legal_hold_status": "",
            "object_lock_mode": "",
            "object_lock_retain_until_date": "",
            "override_provider": [],
            "server_side_encryption": "AES256",
            "source": "modules/s3_bucket/oclean/images/services/man-polishing-car-inside-car-service.jpg",
            "source_hash": null,
            "storage_class": "STANDARD",
            "tags": {},
            "tags_all": {},
            "version_id": "",
            "website_redirect": ""
          },
          "sensitive_attributes": [],
          "private": "bnVsbA==",
          "dependencies": [
            "module.aws_bucket.aws_s3_bucket.oluwasesan-static-bucket"
          ]
        },
        {
          "index_key": "images/services/man-polishing-car-inside.jpg",
          "schema_version": 0,
          "attributes": {
            "acl": null,
            "arn": "arn:aws:s3:::oluwasesan-static-bucket/images/services/man-polishing-car-inside.jpg",
            "bucket": "oluwasesan-static-bucket",
            "bucket_key_enabled": false,
            "cache_control": "",
            "checksum_algorithm": null,
            "checksum_crc32": "",
            "checksum_crc32c": "",
            "checksum_sha1": "",
            "checksum_sha256": "",
            "content": null,
            "content_base64": null,
            "content_disposition": "",
            "content_encoding": "",
            "content_language": "",
            "content_type": "images/services/man-polishing-car-inside.jpg",
            "etag": "2987b8fc4e08681bba7349e8465974a4",
            "force_destroy": false,
            "id": "images/services/man-polishing-car-inside.jpg",
            "key": "images/services/man-polishing-car-inside.jpg",
            "kms_key_id": null,
            "metadata": {},
            "object_lock_legal_hold_status": "",
            "object_lock_mode": "",
            "object_lock_retain_until_date": "",
            "override_provider": [],
            "server_side_encryption": "AES256",
            "source": "modules/s3_bucket/oclean/images/services/man-polishing-car-inside.jpg",
            "source_hash": null,
            "storage_class": "STANDARD",
            "tags": {},
            "tags_all": {},
            "version_id": "",
            "website_redirect": ""
          },
          "sensitive_attributes": [],
          "private": "bnVsbA==",
          "dependencies": [
            "module.aws_bucket.aws_s3_bucket.oluwasesan-static-bucket"
          ]
        },
        {
          "index_key": "images/services/people-taking-care-office-cleaning.jpg",
          "schema_version": 0,
          "attributes": {
            "acl": null,
            "arn": "arn:aws:s3:::oluwasesan-static-bucket/images/services/people-taking-care-office-cleaning.jpg",
            "bucket": "oluwasesan-static-bucket",
            "bucket_key_enabled": false,
            "cache_control": "",
            "checksum_algorithm": null,
            "checksum_crc32": "",
            "checksum_crc32c": "",
            "checksum_sha1": "",
            "checksum_sha256": "",
            "content": null,
            "content_base64": null,
            "content_disposition": "",
            "content_encoding": "",
            "content_language": "",
            "content_type": "images/services/people-taking-care-office-cleaning.jpg",
            "etag": "db32eb27702d9095f25df1199e6f460b",
            "force_destroy": false,
            "id": "images/services/people-taking-care-office-cleaning.jpg",
            "key": "images/services/people-taking-care-office-cleaning.jpg",
            "kms_key_id": null,
            "metadata": {},
            "object_lock_legal_hold_status": "",
            "object_lock_mode": "",
            "object_lock_retain_until_date": "",
            "override_provider": [],
            "server_side_encryption": "AES256",
            "source": "modules/s3_bucket/oclean/images/services/people-taking-care-office-cleaning.jpg",
            "source_hash": null,
            "storage_class": "STANDARD",
            "tags": {},
            "tags_all": {},
            "version_id": "",
            "website_redirect": ""
          },
          "sensitive_attributes": [],
          "private": "bnVsbA==",
          "dependencies": [
            "module.aws_bucket.aws_s3_bucket.oluwasesan-static-bucket"
          ]
        },
        {
          "index_key": "images/services/person-taking-care-office.jpg",
          "schema_version": 0,
          "attributes": {
            "acl": null,
            "arn": "arn:aws:s3:::oluwasesan-static-bucket/images/services/person-taking-care-office.jpg",
            "bucket": "oluwasesan-static-bucket",
            "bucket_key_enabled": false,
            "cache_control": "",
            "checksum_algorithm": null,
            "checksum_crc32": "",
            "checksum_crc32c": "",
            "checksum_sha1": "",
            "checksum_sha256": "",
            "content": null,
            "content_base64": null,
            "content_disposition": "",
            "content_encoding": "",
            "content_language": "",
            "content_type": "images/services/person-taking-care-office.jpg",
            "etag": "e8f56346725155bd40d907fcc299b635",
            "force_destroy": false,
            "id": "images/services/person-taking-care-office.jpg",
            "key": "images/services/person-taking-care-office.jpg",
            "kms_key_id": null,
            "metadata": {},
            "object_lock_legal_hold_status": "",
            "object_lock_mode": "",
            "object_lock_retain_until_date": "",
            "override_provider": [],
            "server_side_encryption": "AES256",
            "source": "modules/s3_bucket/oclean/images/services/person-taking-care-office.jpg",
            "source_hash": null,
            "storage_class": "STANDARD",
            "tags": {},
            "tags_all": {},
            "version_id": "",
            "website_redirect": ""
          },
          "sensitive_attributes": [],
          "private": "bnVsbA==",
          "dependencies": [
            "module.aws_bucket.aws_s3_bucket.oluwasesan-static-bucket"
          ]
        },
        {
          "index_key": "images/services/professional-industrial-cleaner-protective-uniform-cleaning-floor-food-processing-plant.jpg",
          "schema_version": 0,
          "attributes": {
            "acl": null,
            "arn": "arn:aws:s3:::oluwasesan-static-bucket/images/services/professional-industrial-cleaner-protective-uniform-cleaning-floor-food-processing-plant.jpg",
            "bucket": "oluwasesan-static-bucket",
            "bucket_key_enabled": false,
            "cache_control": "",
            "checksum_algorithm": null,
            "checksum_crc32": "",
            "checksum_crc32c": "",
            "checksum_sha1": "",
            "checksum_sha256": "",
            "content": null,
            "content_base64": null,
            "content_disposition": "",
            "content_encoding": "",
            "content_language": "",
            "content_type": "images/services/professional-industrial-cleaner-protective-uniform-cleaning-floor-food-processing-plant.jpg",
            "etag": "698e4f0086060db17f5c98da49079e70",
            "force_destroy": false,
            "id": "images/services/professional-industrial-cleaner-protective-uniform-cleaning-floor-food-processing-plant.jpg",
            "key": "images/services/professional-industrial-cleaner-protective-uniform-cleaning-floor-food-processing-plant.jpg",
            "kms_key_id": null,
            "metadata": {},
            "object_lock_legal_hold_status": "",
            "object_lock_mode": "",
            "object_lock_retain_until_date": "",
            "override_provider": [],
            "server_side_encryption": "AES256",
            "source": "modules/s3_bucket/oclean/images/services/professional-industrial-cleaner-protective-uniform-cleaning-floor-food-processing-plant.jpg",
            "source_hash": null,
            "storage_class": "STANDARD",
            "tags": {},
            "tags_all": {},
            "version_id": "",
            "website_redirect": ""
          },
          "sensitive_attributes": [],
          "private": "bnVsbA==",
          "dependencies": [
            "module.aws_bucket.aws_s3_bucket.oluwasesan-static-bucket"
          ]
        },
        {
          "index_key": "images/services/woman-holding-rag-detergent-cleaning-cooker.jpg",
          "schema_version": 0,
          "attributes": {
            "acl": null,
            "arn": "arn:aws:s3:::oluwasesan-static-bucket/images/services/woman-holding-rag-detergent-cleaning-cooker.jpg",
            "bucket": "oluwasesan-static-bucket",
            "bucket_key_enabled": false,
            "cache_control": "",
            "checksum_algorithm": null,
            "checksum_crc32": "",
            "checksum_crc32c": "",
            "checksum_sha1": "",
            "checksum_sha256": "",
            "content": null,
            "content_base64": null,
            "content_disposition": "",
            "content_encoding": "",
            "content_language": "",
            "content_type": "images/services/woman-holding-rag-detergent-cleaning-cooker.jpg",
            "etag": "e925bf93ec64bdad4cb482c6f2d5c4c3",
            "force_destroy": false,
            "id": "images/services/woman-holding-rag-detergent-cleaning-cooker.jpg",
            "key": "images/services/woman-holding-rag-detergent-cleaning-cooker.jpg",
            "kms_key_id": null,
            "metadata": {},
            "object_lock_legal_hold_status": "",
            "object_lock_mode": "",
            "object_lock_retain_until_date": "",
            "override_provider": [],
            "server_side_encryption": "AES256",
            "source": "modules/s3_bucket/oclean/images/services/woman-holding-rag-detergent-cleaning-cooker.jpg",
            "source_hash": null,
            "storage_class": "STANDARD",
            "tags": {},
            "tags_all": {},
            "version_id": "",
            "website_redirect": ""
          },
          "sensitive_attributes": [],
          "private": "bnVsbA==",
          "dependencies": [
            "module.aws_bucket.aws_s3_bucket.oluwasesan-static-bucket"
          ]
        },
        {
          "index_key": "images/services/young-smiling-woman-wearing-rubber-gloves-cleaning-stove.jpg",
          "schema_version": 0,
          "attributes": {
            "acl": null,
            "arn": "arn:aws:s3:::oluwasesan-static-bucket/images/services/young-smiling-woman-wearing-rubber-gloves-cleaning-stove.jpg",
            "bucket": "oluwasesan-static-bucket",
            "bucket_key_enabled": false,
            "cache_control": "",
            "checksum_algorithm": null,
            "checksum_crc32": "",
            "checksum_crc32c": "",
            "checksum_sha1": "",
            "checksum_sha256": "",
            "content": null,
            "content_base64": null,
            "content_disposition": "",
            "content_encoding": "",
            "content_language": "",
            "content_type": "images/services/young-smiling-woman-wearing-rubber-gloves-cleaning-stove.jpg",
            "etag": "87ca5b3202516505c82ee7db66946a44",
            "force_destroy": false,
            "id": "images/services/young-smiling-woman-wearing-rubber-gloves-cleaning-stove.jpg",
            "key": "images/services/young-smiling-woman-wearing-rubber-gloves-cleaning-stove.jpg",
            "kms_key_id": null,
            "metadata": {},
            "object_lock_legal_hold_status": "",
            "object_lock_mode": "",
            "object_lock_retain_until_date": "",
            "override_provider": [],
            "server_side_encryption": "AES256",
            "source": "modules/s3_bucket/oclean/images/services/young-smiling-woman-wearing-rubber-gloves-cleaning-stove.jpg",
            "source_hash": null,
            "storage_class": "STANDARD",
            "tags": {},
            "tags_all": {},
            "version_id": "",
            "website_redirect": ""
          },
          "sensitive_attributes": [],
          "private": "bnVsbA==",
          "dependencies": [
            "module.aws_bucket.aws_s3_bucket.oluwasesan-static-bucket"
          ]
        },
        {
          "index_key": "images/slideshow/afro-woman-cleaning-window-with-rag-home.jpg",
          "schema_version": 0,
          "attributes": {
            "acl": null,
            "arn": "arn:aws:s3:::oluwasesan-static-bucket/images/slideshow/afro-woman-cleaning-window-with-rag-home.jpg",
            "bucket": "oluwasesan-static-bucket",
            "bucket_key_enabled": false,
            "cache_control": "",
            "checksum_algorithm": null,
            "checksum_crc32": "",
            "checksum_crc32c": "",
            "checksum_sha1": "",
            "checksum_sha256": "",
            "content": null,
            "content_base64": null,
            "content_disposition": "",
            "content_encoding": "",
            "content_language": "",
            "content_type": "images/slideshow/afro-woman-cleaning-window-with-rag-home.jpg",
            "etag": "e16d12f48a6a0ce9c44070d962049ce0",
            "force_destroy": false,
            "id": "images/slideshow/afro-woman-cleaning-window-with-rag-home.jpg",
            "key": "images/slideshow/afro-woman-cleaning-window-with-rag-home.jpg",
            "kms_key_id": null,
            "metadata": {},
            "object_lock_legal_hold_status": "",
            "object_lock_mode": "",
            "object_lock_retain_until_date": "",
            "override_provider": [],
            "server_side_encryption": "AES256",
            "source": "modules/s3_bucket/oclean/images/slideshow/afro-woman-cleaning-window-with-rag-home.jpg",
            "source_hash": null,
            "storage_class": "STANDARD",
            "tags": {},
            "tags_all": {},
            "version_id": "",
            "website_redirect": ""
          },
          "sensitive_attributes": [],
          "private": "bnVsbA==",
          "dependencies": [
            "module.aws_bucket.aws_s3_bucket.oluwasesan-static-bucket"
          ]
        },
        {
          "index_key": "images/slideshow/afro-woman-holding-bucket-with-cleaning-items.jpg",
          "schema_version": 0,
          "attributes": {
            "acl": null,
            "arn": "arn:aws:s3:::oluwasesan-static-bucket/images/slideshow/afro-woman-holding-bucket-with-cleaning-items.jpg",
            "bucket": "oluwasesan-static-bucket",
            "bucket_key_enabled": false,
            "cache_control": "",
            "checksum_algorithm": null,
            "checksum_crc32": "",
            "checksum_crc32c": "",
            "checksum_sha1": "",
            "checksum_sha256": "",
            "content": null,
            "content_base64": null,
            "content_disposition": "",
            "content_encoding": "",
            "content_language": "",
            "content_type": "images/slideshow/afro-woman-holding-bucket-with-cleaning-items.jpg",
            "etag": "57a89c9515523cb65dbd0bb0c0955463",
            "force_destroy": false,
            "id": "images/slideshow/afro-woman-holding-bucket-with-cleaning-items.jpg",
            "key": "images/slideshow/afro-woman-holding-bucket-with-cleaning-items.jpg",
            "kms_key_id": null,
            "metadata": {},
            "object_lock_legal_hold_status": "",
            "object_lock_mode": "",
            "object_lock_retain_until_date": "",
            "override_provider": [],
            "server_side_encryption": "AES256",
            "source": "modules/s3_bucket/oclean/images/slideshow/afro-woman-holding-bucket-with-cleaning-items.jpg",
            "source_hash": null,
            "storage_class": "STANDARD",
            "tags": {},
            "tags_all": {},
            "version_id": "",
            "website_redirect": ""
          },
          "sensitive_attributes": [],
          "private": "bnVsbA==",
          "dependencies": [
            "module.aws_bucket.aws_s3_bucket.oluwasesan-static-bucket"
          ]
        },
        {
          "index_key": "images/slideshow/unrecognizable-cleaner-walking-into-hotel-room-with-tools-detergents.jpg",
          "schema_version": 0,
          "attributes": {
            "acl": null,
            "arn": "arn:aws:s3:::oluwasesan-static-bucket/images/slideshow/unrecognizable-cleaner-walking-into-hotel-room-with-tools-detergents.jpg",
            "bucket": "oluwasesan-static-bucket",
            "bucket_key_enabled": false,
            "cache_control": "",
            "checksum_algorithm": null,
            "checksum_crc32": "",
            "checksum_crc32c": "",
            "checksum_sha1": "",
            "checksum_sha256": "",
            "content": null,
            "content_base64": null,
            "content_disposition": "",
            "content_encoding": "",
            "content_language": "",
            "content_type": "images/slideshow/unrecognizable-cleaner-walking-into-hotel-room-with-tools-detergents.jpg",
            "etag": "756016130007d9e2a3ab37b232dc988b",
            "force_destroy": false,
            "id": "images/slideshow/unrecognizable-cleaner-walking-into-hotel-room-with-tools-detergents.jpg",
            "key": "images/slideshow/unrecognizable-cleaner-walking-into-hotel-room-with-tools-detergents.jpg",
            "kms_key_id": null,
            "metadata": {},
            "object_lock_legal_hold_status": "",
            "object_lock_mode": "",
            "object_lock_retain_until_date": "",
            "override_provider": [],
            "server_side_encryption": "AES256",
            "source": "modules/s3_bucket/oclean/images/slideshow/unrecognizable-cleaner-walking-into-hotel-room-with-tools-detergents.jpg",
            "source_hash": null,
            "storage_class": "STANDARD",
            "tags": {},
            "tags_all": {},
            "version_id": "",
            "website_redirect": ""
          },
          "sensitive_attributes": [],
          "private": "bnVsbA==",
          "dependencies": [
            "module.aws_bucket.aws_s3_bucket.oluwasesan-static-bucket"
          ]
        },
        {
          "index_key": "images/teams/happy-young-woman-wiping-kitchen-counter-wearing-yellow-gloves.jpg",
          "schema_version": 0,
          "attributes": {
            "acl": null,
            "arn": "arn:aws:s3:::oluwasesan-static-bucket/images/teams/happy-young-woman-wiping-kitchen-counter-wearing-yellow-gloves.jpg",
            "bucket": "oluwasesan-static-bucket",
            "bucket_key_enabled": false,
            "cache_control": "",
            "checksum_algorithm": null,
            "checksum_crc32": "",
            "checksum_crc32c": "",
            "checksum_sha1": "",
            "checksum_sha256": "",
            "content": null,
            "content_base64": null,
            "content_disposition": "",
            "content_encoding": "",
            "content_language": "",
            "content_type": "images/teams/happy-young-woman-wiping-kitchen-counter-wearing-yellow-gloves.jpg",
            "etag": "1f42a322f68025cef2c3a764d42d7164",
            "force_destroy": false,
            "id": "images/teams/happy-young-woman-wiping-kitchen-counter-wearing-yellow-gloves.jpg",
            "key": "images/teams/happy-young-woman-wiping-kitchen-counter-wearing-yellow-gloves.jpg",
            "kms_key_id": null,
            "metadata": {},
            "object_lock_legal_hold_status": "",
            "object_lock_mode": "",
            "object_lock_retain_until_date": "",
            "override_provider": [],
            "server_side_encryption": "AES256",
            "source": "modules/s3_bucket/oclean/images/teams/happy-young-woman-wiping-kitchen-counter-wearing-yellow-gloves.jpg",
            "source_hash": null,
            "storage_class": "STANDARD",
            "tags": {},
            "tags_all": {},
            "version_id": "",
            "website_redirect": ""
          },
          "sensitive_attributes": [],
          "private": "bnVsbA==",
          "dependencies": [
            "module.aws_bucket.aws_s3_bucket.oluwasesan-static-bucket"
          ]
        },
        {
          "index_key": "images/teams/young-cleaning-man-wearing-casual-clothes.jpg",
          "schema_version": 0,
          "attributes": {
            "acl": null,
            "arn": "arn:aws:s3:::oluwasesan-static-bucket/images/teams/young-cleaning-man-wearing-casual-clothes.jpg",
            "bucket": "oluwasesan-static-bucket",
            "bucket_key_enabled": false,
            "cache_control": "",
            "checksum_algorithm": null,
            "checksum_crc32": "",
            "checksum_crc32c": "",
            "checksum_sha1": "",
            "checksum_sha256": "",
            "content": null,
            "content_base64": null,
            "content_disposition": "",
            "content_encoding": "",
            "content_language": "",
            "content_type": "images/teams/young-cleaning-man-wearing-casual-clothes.jpg",
            "etag": "0bef0cefebe7cd49a272c0f86ac5f010",
            "force_destroy": false,
            "id": "images/teams/young-cleaning-man-wearing-casual-clothes.jpg",
            "key": "images/teams/young-cleaning-man-wearing-casual-clothes.jpg",
            "kms_key_id": null,
            "metadata": {},
            "object_lock_legal_hold_status": "",
            "object_lock_mode": "",
            "object_lock_retain_until_date": "",
            "override_provider": [],
            "server_side_encryption": "AES256",
            "source": "modules/s3_bucket/oclean/images/teams/young-cleaning-man-wearing-casual-clothes.jpg",
            "source_hash": null,
            "storage_class": "STANDARD",
            "tags": {},
            "tags_all": {},
            "version_id": "",
            "website_redirect": ""
          },
          "sensitive_attributes": [],
          "private": "bnVsbA==",
          "dependencies": [
            "module.aws_bucket.aws_s3_bucket.oluwasesan-static-bucket"
          ]
        },
        {
          "index_key": "index.html",
          "schema_version": 0,
          "attributes": {
            "acl": null,
            "arn": "arn:aws:s3:::oluwasesan-static-bucket/index.html",
            "bucket": "oluwasesan-static-bucket",
            "bucket_key_enabled": false,
            "cache_control": "",
            "checksum_algorithm": null,
            "checksum_crc32": "",
            "checksum_crc32c": "",
            "checksum_sha1": "",
            "checksum_sha256": "",
            "content": null,
            "content_base64": null,
            "content_disposition": "",
            "content_encoding": "",
            "content_language": "",
            "content_type": "index.html",
            "etag": "95ac78953f05a8e2a6953d93ee77f97e",
            "force_destroy": false,
            "id": "index.html",
            "key": "index.html",
            "kms_key_id": null,
            "metadata": {},
            "object_lock_legal_hold_status": "",
            "object_lock_mode": "",
            "object_lock_retain_until_date": "",
            "override_provider": [],
            "server_side_encryption": "AES256",
            "source": "modules/s3_bucket/oclean/index.html",
            "source_hash": null,
            "storage_class": "STANDARD",
            "tags": {},
            "tags_all": {},
            "version_id": "",
            "website_redirect": ""
          },
          "sensitive_attributes": [],
          "private": "bnVsbA==",
          "dependencies": [
            "module.aws_bucket.aws_s3_bucket.oluwasesan-static-bucket"
          ]
        },
        {
          "index_key": "js/animated-headline.js",
          "schema_version": 0,
          "attributes": {
            "acl": null,
            "arn": "arn:aws:s3:::oluwasesan-static-bucket/js/animated-headline.js",
            "bucket": "oluwasesan-static-bucket",
            "bucket_key_enabled": false,
            "cache_control": "",
            "checksum_algorithm": null,
            "checksum_crc32": "",
            "checksum_crc32c": "",
            "checksum_sha1": "",
            "checksum_sha256": "",
            "content": null,
            "content_base64": null,
            "content_disposition": "",
            "content_encoding": "",
            "content_language": "",
            "content_type": "js/animated-headline.js",
            "etag": "497ebc8ef71e0997ba5fda09be7ef211",
            "force_destroy": false,
            "id": "js/animated-headline.js",
            "key": "js/animated-headline.js",
            "kms_key_id": null,
            "metadata": {},
            "object_lock_legal_hold_status": "",
            "object_lock_mode": "",
            "object_lock_retain_until_date": "",
            "override_provider": [],
            "server_side_encryption": "AES256",
            "source": "modules/s3_bucket/oclean/js/animated-headline.js",
            "source_hash": null,
            "storage_class": "STANDARD",
            "tags": {},
            "tags_all": {},
            "version_id": "",
            "website_redirect": ""
          },
          "sensitive_attributes": [],
          "private": "bnVsbA==",
          "dependencies": [
            "module.aws_bucket.aws_s3_bucket.oluwasesan-static-bucket"
          ]
        },
        {
          "index_key": "js/bootstrap.min.js",
          "schema_version": 0,
          "attributes": {
            "acl": null,
            "arn": "arn:aws:s3:::oluwasesan-static-bucket/js/bootstrap.min.js",
            "bucket": "oluwasesan-static-bucket",
            "bucket_key_enabled": false,
            "cache_control": "",
            "checksum_algorithm": null,
            "checksum_crc32": "",
            "checksum_crc32c": "",
            "checksum_sha1": "",
            "checksum_sha256": "",
            "content": null,
            "content_base64": null,
            "content_disposition": "",
            "content_encoding": "",
            "content_language": "",
            "content_type": "js/bootstrap.min.js",
            "etag": "259e416ef6833be43801b8b68a93b008",
            "force_destroy": false,
            "id": "js/bootstrap.min.js",
            "key": "js/bootstrap.min.js",
            "kms_key_id": null,
            "metadata": {},
            "object_lock_legal_hold_status": "",
            "object_lock_mode": "",
            "object_lock_retain_until_date": "",
            "override_provider": [],
            "server_side_encryption": "AES256",
            "source": "modules/s3_bucket/oclean/js/bootstrap.min.js",
            "source_hash": null,
            "storage_class": "STANDARD",
            "tags": {},
            "tags_all": {},
            "version_id": "",
            "website_redirect": ""
          },
          "sensitive_attributes": [],
          "private": "bnVsbA==",
          "dependencies": [
            "module.aws_bucket.aws_s3_bucket.oluwasesan-static-bucket"
          ]
        },
        {
          "index_key": "js/countdown.js",
          "schema_version": 0,
          "attributes": {
            "acl": null,
            "arn": "arn:aws:s3:::oluwasesan-static-bucket/js/countdown.js",
            "bucket": "oluwasesan-static-bucket",
            "bucket_key_enabled": false,
            "cache_control": "",
            "checksum_algorithm": null,
            "checksum_crc32": "",
            "checksum_crc32c": "",
            "checksum_sha1": "",
            "checksum_sha256": "",
            "content": null,
            "content_base64": null,
            "content_disposition": "",
            "content_encoding": "",
            "content_language": "",
            "content_type": "js/countdown.js",
            "etag": "a0b0fd3ca6aa85a134538760660c5ce7",
            "force_destroy": false,
            "id": "js/countdown.js",
            "key": "js/countdown.js",
            "kms_key_id": null,
            "metadata": {},
            "object_lock_legal_hold_status": "",
            "object_lock_mode": "",
            "object_lock_retain_until_date": "",
            "override_provider": [],
            "server_side_encryption": "AES256",
            "source": "modules/s3_bucket/oclean/js/countdown.js",
            "source_hash": null,
            "storage_class": "STANDARD",
            "tags": {},
            "tags_all": {},
            "version_id": "",
            "website_redirect": ""
          },
          "sensitive_attributes": [],
          "private": "bnVsbA==",
          "dependencies": [
            "module.aws_bucket.aws_s3_bucket.oluwasesan-static-bucket"
          ]
        },
        {
          "index_key": "js/counter.js",
          "schema_version": 0,
          "attributes": {
            "acl": null,
            "arn": "arn:aws:s3:::oluwasesan-static-bucket/js/counter.js",
            "bucket": "oluwasesan-static-bucket",
            "bucket_key_enabled": false,
            "cache_control": "",
            "checksum_algorithm": null,
            "checksum_crc32": "",
            "checksum_crc32c": "",
            "checksum_sha1": "",
            "checksum_sha256": "",
            "content": null,
            "content_base64": null,
            "content_disposition": "",
            "content_encoding": "",
            "content_language": "",
            "content_type": "js/counter.js",
            "etag": "725cba3aeb9a4d544dd52eb1d0eff6be",
            "force_destroy": false,
            "id": "js/counter.js",
            "key": "js/counter.js",
            "kms_key_id": null,
            "metadata": {},
            "object_lock_legal_hold_status": "",
            "object_lock_mode": "",
            "object_lock_retain_until_date": "",
            "override_provider": [],
            "server_side_encryption": "AES256",
            "source": "modules/s3_bucket/oclean/js/counter.js",
            "source_hash": null,
            "storage_class": "STANDARD",
            "tags": {},
            "tags_all": {},
            "version_id": "",
            "website_redirect": ""
          },
          "sensitive_attributes": [],
          "private": "bnVsbA==",
          "dependencies": [
            "module.aws_bucket.aws_s3_bucket.oluwasesan-static-bucket"
          ]
        },
        {
          "index_key": "js/custom.js",
          "schema_version": 0,
          "attributes": {
            "acl": null,
            "arn": "arn:aws:s3:::oluwasesan-static-bucket/js/custom.js",
            "bucket": "oluwasesan-static-bucket",
            "bucket_key_enabled": false,
            "cache_control": "",
            "checksum_algorithm": null,
            "checksum_crc32": "",
            "checksum_crc32c": "",
            "checksum_sha1": "",
            "checksum_sha256": "",
            "content": null,
            "content_base64": null,
            "content_disposition": "",
            "content_encoding": "",
            "content_language": "",
            "content_type": "js/custom.js",
            "etag": "cdd353e0af5a6c8482e5ea959783b2bb",
            "force_destroy": false,
            "id": "js/custom.js",
            "key": "js/custom.js",
            "kms_key_id": null,
            "metadata": {},
            "object_lock_legal_hold_status": "",
            "object_lock_mode": "",
            "object_lock_retain_until_date": "",
            "override_provider": [],
            "server_side_encryption": "AES256",
            "source": "modules/s3_bucket/oclean/js/custom.js",
            "source_hash": null,
            "storage_class": "STANDARD",
            "tags": {},
            "tags_all": {},
            "version_id": "",
            "website_redirect": ""
          },
          "sensitive_attributes": [],
          "private": "bnVsbA==",
          "dependencies": [
            "module.aws_bucket.aws_s3_bucket.oluwasesan-static-bucket"
          ]
        },
        {
          "index_key": "js/init.js",
          "schema_version": 0,
          "attributes": {
            "acl": null,
            "arn": "arn:aws:s3:::oluwasesan-static-bucket/js/init.js",
            "bucket": "oluwasesan-static-bucket",
            "bucket_key_enabled": false,
            "cache_control": "",
            "checksum_algorithm": null,
            "checksum_crc32": "",
            "checksum_crc32c": "",
            "checksum_sha1": "",
            "checksum_sha256": "",
            "content": null,
            "content_base64": null,
            "content_disposition": "",
            "content_encoding": "",
            "content_language": "",
            "content_type": "js/init.js",
            "etag": "9a0097cbc232e4a10706874695ac66ee",
            "force_destroy": false,
            "id": "js/init.js",
            "key": "js/init.js",
            "kms_key_id": null,
            "metadata": {},
            "object_lock_legal_hold_status": "",
            "object_lock_mode": "",
            "object_lock_retain_until_date": "",
            "override_provider": [],
            "server_side_encryption": "AES256",
            "source": "modules/s3_bucket/oclean/js/init.js",
            "source_hash": null,
            "storage_class": "STANDARD",
            "tags": {},
            "tags_all": {},
            "version_id": "",
            "website_redirect": ""
          },
          "sensitive_attributes": [],
          "private": "bnVsbA==",
          "dependencies": [
            "module.aws_bucket.aws_s3_bucket.oluwasesan-static-bucket"
          ]
        },
        {
          "index_key": "js/jquery.backstretch.min.js",
          "schema_version": 0,
          "attributes": {
            "acl": null,
            "arn": "arn:aws:s3:::oluwasesan-static-bucket/js/jquery.backstretch.min.js",
            "bucket": "oluwasesan-static-bucket",
            "bucket_key_enabled": false,
            "cache_control": "",
            "checksum_algorithm": null,
            "checksum_crc32": "",
            "checksum_crc32c": "",
            "checksum_sha1": "",
            "checksum_sha256": "",
            "content": null,
            "content_base64": null,
            "content_disposition": "",
            "content_encoding": "",
            "content_language": "",
            "content_type": "js/jquery.backstretch.min.js",
            "etag": "03df077412c98f86c17c326f7fcc43f3",
            "force_destroy": false,
            "id": "js/jquery.backstretch.min.js",
            "key": "js/jquery.backstretch.min.js",
            "kms_key_id": null,
            "metadata": {},
            "object_lock_legal_hold_status": "",
            "object_lock_mode": "",
            "object_lock_retain_until_date": "",
            "override_provider": [],
            "server_side_encryption": "AES256",
            "source": "modules/s3_bucket/oclean/js/jquery.backstretch.min.js",
            "source_hash": null,
            "storage_class": "STANDARD",
            "tags": {},
            "tags_all": {},
            "version_id": "",
            "website_redirect": ""
          },
          "sensitive_attributes": [],
          "private": "bnVsbA==",
          "dependencies": [
            "module.aws_bucket.aws_s3_bucket.oluwasesan-static-bucket"
          ]
        },
        {
          "index_key": "js/jquery.magnific-popup.min.js",
          "schema_version": 0,
          "attributes": {
            "acl": null,
            "arn": "arn:aws:s3:::oluwasesan-static-bucket/js/jquery.magnific-popup.min.js",
            "bucket": "oluwasesan-static-bucket",
            "bucket_key_enabled": false,
            "cache_control": "",
            "checksum_algorithm": null,
            "checksum_crc32": "",
            "checksum_crc32c": "",
            "checksum_sha1": "",
            "checksum_sha256": "",
            "content": null,
            "content_base64": null,
            "content_disposition": "",
            "content_encoding": "",
            "content_language": "",
            "content_type": "js/jquery.magnific-popup.min.js",
            "etag": "d9267d6dda814fd767e1df7bfbe7eb57",
            "force_destroy": false,
            "id": "js/jquery.magnific-popup.min.js",
            "key": "js/jquery.magnific-popup.min.js",
            "kms_key_id": null,
            "metadata": {},
            "object_lock_legal_hold_status": "",
            "object_lock_mode": "",
            "object_lock_retain_until_date": "",
            "override_provider": [],
            "server_side_encryption": "AES256",
            "source": "modules/s3_bucket/oclean/js/jquery.magnific-popup.min.js",
            "source_hash": null,
            "storage_class": "STANDARD",
            "tags": {},
            "tags_all": {},
            "version_id": "",
            "website_redirect": ""
          },
          "sensitive_attributes": [],
          "private": "bnVsbA==",
          "dependencies": [
            "module.aws_bucket.aws_s3_bucket.oluwasesan-static-bucket"
          ]
        },
        {
          "index_key": "js/jquery.min.js",
          "schema_version": 0,
          "attributes": {
            "acl": null,
            "arn": "arn:aws:s3:::oluwasesan-static-bucket/js/jquery.min.js",
            "bucket": "oluwasesan-static-bucket",
            "bucket_key_enabled": false,
            "cache_control": "",
            "checksum_algorithm": null,
            "checksum_crc32": "",
            "checksum_crc32c": "",
            "checksum_sha1": "",
            "checksum_sha256": "",
            "content": null,
            "content_base64": null,
            "content_disposition": "",
            "content_encoding": "",
            "content_language": "",
            "content_type": "js/jquery.min.js",
            "etag": "48abd2372de119dfd7ffb96c8f307bfe",
            "force_destroy": false,
            "id": "js/jquery.min.js",
            "key": "js/jquery.min.js",
            "kms_key_id": null,
            "metadata": {},
            "object_lock_legal_hold_status": "",
            "object_lock_mode": "",
            "object_lock_retain_until_date": "",
            "override_provider": [],
            "server_side_encryption": "AES256",
            "source": "modules/s3_bucket/oclean/js/jquery.min.js",
            "source_hash": null,
            "storage_class": "STANDARD",
            "tags": {},
            "tags_all": {},
            "version_id": "",
            "website_redirect": ""
          },
          "sensitive_attributes": [],
          "private": "bnVsbA==",
          "dependencies": [
            "module.aws_bucket.aws_s3_bucket.oluwasesan-static-bucket"
          ]
        },
        {
          "index_key": "js/magnific-popup-options.js",
          "schema_version": 0,
          "attributes": {
            "acl": null,
            "arn": "arn:aws:s3:::oluwasesan-static-bucket/js/magnific-popup-options.js",
            "bucket": "oluwasesan-static-bucket",
            "bucket_key_enabled": false,
            "cache_control": "",
            "checksum_algorithm": null,
            "checksum_crc32": "",
            "checksum_crc32c": "",
            "checksum_sha1": "",
            "checksum_sha256": "",
            "content": null,
            "content_base64": null,
            "content_disposition": "",
            "content_encoding": "",
            "content_language": "",
            "content_type": "js/magnific-popup-options.js",
            "etag": "258e8da886282de5b7ca4994d30c2ac3",
            "force_destroy": false,
            "id": "js/magnific-popup-options.js",
            "key": "js/magnific-popup-options.js",
            "kms_key_id": null,
            "metadata": {},
            "object_lock_legal_hold_status": "",
            "object_lock_mode": "",
            "object_lock_retain_until_date": "",
            "override_provider": [],
            "server_side_encryption": "AES256",
            "source": "modules/s3_bucket/oclean/js/magnific-popup-options.js",
            "source_hash": null,
            "storage_class": "STANDARD",
            "tags": {},
            "tags_all": {},
            "version_id": "",
            "website_redirect": ""
          },
          "sensitive_attributes": [],
          "private": "bnVsbA==",
          "dependencies": [
            "module.aws_bucket.aws_s3_bucket.oluwasesan-static-bucket"
          ]
        },
        {
          "index_key": "js/modernizr.js",
          "schema_version": 0,
          "attributes": {
            "acl": null,
            "arn": "arn:aws:s3:::oluwasesan-static-bucket/js/modernizr.js",
            "bucket": "oluwasesan-static-bucket",
            "bucket_key_enabled": false,
            "cache_control": "",
            "checksum_algorithm": null,
            "checksum_crc32": "",
            "checksum_crc32c": "",
            "checksum_sha1": "",
            "checksum_sha256": "",
            "content": null,
            "content_base64": null,
            "content_disposition": "",
            "content_encoding": "",
            "content_language": "",
            "content_type": "js/modernizr.js",
            "etag": "1258d3cdc71540b07f3422a31e41f21a",
            "force_destroy": false,
            "id": "js/modernizr.js",
            "key": "js/modernizr.js",
            "kms_key_id": null,
            "metadata": {},
            "object_lock_legal_hold_status": "",
            "object_lock_mode": "",
            "object_lock_retain_until_date": "",
            "override_provider": [],
            "server_side_encryption": "AES256",
            "source": "modules/s3_bucket/oclean/js/modernizr.js",
            "source_hash": null,
            "storage_class": "STANDARD",
            "tags": {},
            "tags_all": {},
            "version_id": "",
            "website_redirect": ""
          },
          "sensitive_attributes": [],
          "private": "bnVsbA==",
          "dependencies": [
            "module.aws_bucket.aws_s3_bucket.oluwasesan-static-bucket"
          ]
        },
        {
          "index_key": "page-404.html",
          "schema_version": 0,
          "attributes": {
            "acl": null,
            "arn": "arn:aws:s3:::oluwasesan-static-bucket/page-404.html",
            "bucket": "oluwasesan-static-bucket",
            "bucket_key_enabled": false,
            "cache_control": "",
            "checksum_algorithm": null,
            "checksum_crc32": "",
            "checksum_crc32c": "",
            "checksum_sha1": "",
            "checksum_sha256": "",
            "content": null,
            "content_base64": null,
            "content_disposition": "",
            "content_encoding": "",
            "content_language": "",
            "content_type": "page-404.html",
            "etag": "60fb44124cf4df25350919777fb6966c",
            "force_destroy": false,
            "id": "page-404.html",
            "key": "page-404.html",
            "kms_key_id": null,
            "metadata": {},
            "object_lock_legal_hold_status": "",
            "object_lock_mode": "",
            "object_lock_retain_until_date": "",
            "override_provider": [],
            "server_side_encryption": "AES256",
            "source": "modules/s3_bucket/oclean/page-404.html",
            "source_hash": null,
            "storage_class": "STANDARD",
            "tags": {},
            "tags_all": {},
            "version_id": "",
            "website_redirect": ""
          },
          "sensitive_attributes": [],
          "private": "bnVsbA==",
          "dependencies": [
            "module.aws_bucket.aws_s3_bucket.oluwasesan-static-bucket"
          ]
        },
        {
          "index_key": "services-detail.html",
          "schema_version": 0,
          "attributes": {
            "acl": null,
            "arn": "arn:aws:s3:::oluwasesan-static-bucket/services-detail.html",
            "bucket": "oluwasesan-static-bucket",
            "bucket_key_enabled": false,
            "cache_control": "",
            "checksum_algorithm": null,
            "checksum_crc32": "",
            "checksum_crc32c": "",
            "checksum_sha1": "",
            "checksum_sha256": "",
            "content": null,
            "content_base64": null,
            "content_disposition": "",
            "content_encoding": "",
            "content_language": "",
            "content_type": "services-detail.html",
            "etag": "5225c824a505fe64a0edc1ef57a9869c",
            "force_destroy": false,
            "id": "services-detail.html",
            "key": "services-detail.html",
            "kms_key_id": null,
            "metadata": {},
            "object_lock_legal_hold_status": "",
            "object_lock_mode": "",
            "object_lock_retain_until_date": "",
            "override_provider": [],
            "server_side_encryption": "AES256",
            "source": "modules/s3_bucket/oclean/services-detail.html",
            "source_hash": null,
            "storage_class": "STANDARD",
            "tags": {},
            "tags_all": {},
            "version_id": "",
            "website_redirect": ""
          },
          "sensitive_attributes": [],
          "private": "bnVsbA==",
          "dependencies": [
            "module.aws_bucket.aws_s3_bucket.oluwasesan-static-bucket"
          ]
        },
        {
          "index_key": "services.html",
          "schema_version": 0,
          "attributes": {
            "acl": null,
            "arn": "arn:aws:s3:::oluwasesan-static-bucket/services.html",
            "bucket": "oluwasesan-static-bucket",
            "bucket_key_enabled": false,
            "cache_control": "",
            "checksum_algorithm": null,
            "checksum_crc32": "",
            "checksum_crc32c": "",
            "checksum_sha1": "",
            "checksum_sha256": "",
            "content": null,
            "content_base64": null,
            "content_disposition": "",
            "content_encoding": "",
            "content_language": "",
            "content_type": "services.html",
            "etag": "ea4a2c783f745dcc4a073a00e685a609",
            "force_destroy": false,
            "id": "services.html",
            "key": "services.html",
            "kms_key_id": null,
            "metadata": {},
            "object_lock_legal_hold_status": "",
            "object_lock_mode": "",
            "object_lock_retain_until_date": "",
            "override_provider": [],
            "server_side_encryption": "AES256",
            "source": "modules/s3_bucket/oclean/services.html",
            "source_hash": null,
            "storage_class": "STANDARD",
            "tags": {},
            "tags_all": {},
            "version_id": "",
            "website_redirect": ""
          },
          "sensitive_attributes": [],
          "private": "bnVsbA==",
          "dependencies": [
            "module.aws_bucket.aws_s3_bucket.oluwasesan-static-bucket"
          ]
        }
      ]
    },
    {
      "module": "module.aws_cloudfront",
      "mode": "managed",
      "type": "aws_cloudfront_distribution",
      "name": "cloudfront",
      "provider": "provider[\"registry.terraform.io/hashicorp/aws\"]",
      "instances": [
        {
          "schema_version": 1,
          "attributes": {
            "aliases": [],
            "arn": "arn:aws:cloudfront::058264206726:distribution/E2AQTC8OYN19QV",
            "caller_reference": "terraform-20240628210816391800000002",
            "comment": "CloudFront distribution for naima",
            "continuous_deployment_policy_id": "",
            "custom_error_response": [],
            "default_cache_behavior": [
              {
                "allowed_methods": [
                  "GET",
                  "HEAD"
                ],
                "cache_policy_id": "",
                "cached_methods": [
                  "GET",
                  "HEAD"
                ],
                "compress": false,
                "default_ttl": 3600,
                "field_level_encryption_id": "",
                "forwarded_values": [
                  {
                    "cookies": [
                      {
                        "forward": "none",
                        "whitelisted_names": []
                      }
                    ],
                    "headers": [],
                    "query_string": false,
                    "query_string_cache_keys": []
                  }
                ],
                "function_association": [],
                "lambda_function_association": [],
                "max_ttl": 86400,
                "min_ttl": 0,
                "origin_request_policy_id": "",
                "realtime_log_config_arn": "",
                "response_headers_policy_id": "",
                "smooth_streaming": false,
                "target_origin_id": "S3-oluwasesan-static-bucket",
                "trusted_key_groups": [],
                "trusted_signers": [],
                "viewer_protocol_policy": "redirect-to-https"
              }
            ],
            "default_root_object": "index.html",
            "domain_name": "daq2pig28e7n6.cloudfront.net",
            "enabled": true,
            "etag": "E37K00II6SCQKW",
            "hosted_zone_id": "Z2FDTNDATAQYW2",
            "http_version": "http2",
            "id": "E2AQTC8OYN19QV",
            "in_progress_validation_batches": 0,
            "is_ipv6_enabled": true,
            "last_modified_time": "2024-06-28 21:08:18.243 +0000 UTC",
            "logging_config": [],
            "ordered_cache_behavior": [],
            "origin": [
              {
                "connection_attempts": 3,
                "connection_timeout": 10,
                "custom_header": [],
                "custom_origin_config": [],
                "domain_name": "oluwasesan-static-bucket.s3.us-east-1.amazonaws.com",
                "origin_access_control_id": "",
                "origin_id": "S3-oluwasesan-static-bucket",
                "origin_path": "",
                "origin_shield": [],
                "s3_origin_config": [
                  {
                    "origin_access_identity": "origin-access-identity/cloudfront/E3NUEOCCEMALWO"
                  }
                ]
              }
            ],
            "origin_group": [],
            "price_class": "PriceClass_100",
            "restrictions": [
              {
                "geo_restriction": [
                  {
                    "locations": [],
                    "restriction_type": "none"
                  }
                ]
              }
            ],
            "retain_on_delete": false,
            "staging": false,
            "status": "Deployed",
            "tags": {},
            "tags_all": {},
            "trusted_key_groups": [
              {
                "enabled": false,
                "items": []
              }
            ],
            "trusted_signers": [
              {
                "enabled": false,
                "items": []
              }
            ],
            "viewer_certificate": [
              {
                "acm_certificate_arn": "",
                "cloudfront_default_certificate": true,
                "iam_certificate_id": "",
                "minimum_protocol_version": "TLSv1",
                "ssl_support_method": ""
              }
            ],
            "wait_for_deployment": true,
            "web_acl_id": ""
          },
          "sensitive_attributes": [],
          "private": "eyJzY2hlbWFfdmVyc2lvbiI6IjEifQ==",
          "dependencies": [
            "module.aws_bucket.aws_s3_bucket.oluwasesan-static-bucket",
            "module.aws_cloudfront.aws_cloudfront_origin_access_identity.origin_access_identity"
          ]
        }
      ]
    },
    {
      "module": "module.aws_cloudfront",
      "mode": "managed",
      "type": "aws_cloudfront_origin_access_identity",
      "name": "origin_access_identity",
      "provider": "provider[\"registry.terraform.io/hashicorp/aws\"]",
      "instances": [
        {
          "schema_version": 0,
          "attributes": {
            "caller_reference": "terraform-20240628210814168400000001",
            "cloudfront_access_identity_path": "origin-access-identity/cloudfront/E3NUEOCCEMALWO",
            "comment": "Origin Access Identity for naima",
            "etag": "E2749BHPBEIBKE",
            "iam_arn": "arn:aws:iam::cloudfront:user/CloudFront Origin Access Identity E3NUEOCCEMALWO",
            "id": "E3NUEOCCEMALWO",
            "s3_canonical_user_id": "e9cd0438de4bd8694da529682ae833d2a81b8d500c05301c3586d3dd48fb5f193ea4c90657dd5cf4d9247eb65ef2ed0b"
          },
          "sensitive_attributes": [],
          "private": "bnVsbA=="
        }
      ]
    },
    {
      "module": "module.aws_cloudfront",
      "mode": "managed",
      "type": "aws_s3_bucket_policy",
      "name": "bucket_policy",
      "provider": "provider[\"registry.terraform.io/hashicorp/aws\"]",
      "instances": [
        {
          "schema_version": 0,
          "attributes": {
            "bucket": "oluwasesan-static-bucket",
            "id": "oluwasesan-static-bucket",
            "policy": "{\"Statement\":[{\"Action\":\"s3:GetObject\",\"Effect\":\"Allow\",\"Principal\":{\"AWS\":\"arn:aws:iam::cloudfront:user/CloudFront Origin Access Identity E3NUEOCCEMALWO\"},\"Resource\":[\"arn:aws:s3:::oluwasesan-static-bucket/*\"]}],\"Version\":\"2012-10-17\"}"
          },
          "sensitive_attributes": [],
          "private": "bnVsbA==",
          "dependencies": [
            "module.aws_bucket.aws_s3_bucket.oluwasesan-static-bucket",
            "module.aws_cloudfront.aws_cloudfront_origin_access_identity.origin_access_identity"
          ]
        }
      ]
    },
    {
      "module": "module.certificate",
      "mode": "managed",
      "type": "aws_acm_certificate",
      "name": "cert",
      "provider": "provider[\"registry.terraform.io/hashicorp/aws\"]",
      "instances": [
        {
          "schema_version": 0,
          "attributes": {
            "arn": "arn:aws:acm:us-east-1:058264206726:certificate/e0433650-994f-450a-a672-b3d687fddc95",
            "certificate_authority_arn": "",
            "certificate_body": null,
            "certificate_chain": null,
            "domain_name": "oluwayemioluwasesan.me",
            "domain_validation_options": [
              {
                "domain_name": "oluwayemioluwasesan.me",
                "resource_record_name": "_546251071e673483cd6714f6e8c1c364.oluwayemioluwasesan.me.",
                "resource_record_type": "CNAME",
                "resource_record_value": "_080a80f72aebc9073fe95e599586f463.sdgjtdhdhz.acm-validations.aws."
              }
            ],
            "early_renewal_duration": "",
            "id": "arn:aws:acm:us-east-1:058264206726:certificate/e0433650-994f-450a-a672-b3d687fddc95",
            "key_algorithm": "RSA_2048",
            "not_after": "",
            "not_before": "",
            "options": [
              {
                "certificate_transparency_logging_preference": "ENABLED"
              }
            ],
            "pending_renewal": false,
            "private_key": null,
            "renewal_eligibility": "INELIGIBLE",
            "renewal_summary": [],
            "status": "PENDING_VALIDATION",
            "subject_alternative_names": [
              "oluwayemioluwasesan.me"
            ],
            "tags": {
              "Name": "example-cert"
            },
            "tags_all": {
              "Name": "example-cert"
            },
            "type": "AMAZON_ISSUED",
            "validation_emails": [],
            "validation_method": "DNS",
            "validation_option": []
          },
          "sensitive_attributes": [
            [
              {
                "type": "get_attr",
                "value": "private_key"
              }
            ]
          ],
          "private": "bnVsbA==",
          "create_before_destroy": true
        }
      ]
    },
    {
      "module": "module.certificate",
      "mode": "managed",
      "type": "aws_acm_certificate_validation",
      "name": "cert_validation",
      "provider": "provider[\"registry.terraform.io/hashicorp/aws\"]",
      "instances": [
        {
          "schema_version": 0,
          "attributes": {
            "certificate_arn": "arn:aws:acm:us-east-1:058264206726:certificate/e0433650-994f-450a-a672-b3d687fddc95",
            "id": "0001-01-01 00:00:00 +0000 UTC",
            "timeouts": null,
            "validation_record_fqdns": [
              "_546251071e673483cd6714f6e8c1c364.oluwayemioluwasesan.me"
            ]
          },
          "sensitive_attributes": [],
          "private": "eyJlMmJmYjczMC1lY2FhLTExZTYtOGY4OC0zNDM2M2JjN2M0YzAiOnsiY3JlYXRlIjo0NTAwMDAwMDAwMDAwfX0=",
          "dependencies": [
            "module.certificate.aws_acm_certificate.cert",
            "module.certificate.aws_route53_record.cert_validation",
            "module.route53.aws_route53_zone.main"
          ]
        }
      ]
    },
    {
      "module": "module.certificate",
      "mode": "managed",
      "type": "aws_route53_record",
      "name": "cert_validation",
      "provider": "provider[\"registry.terraform.io/hashicorp/aws\"]",
      "instances": [
        {
          "index_key": "oluwayemioluwasesan.me",
          "schema_version": 2,
          "attributes": {
            "alias": [],
            "allow_overwrite": null,
            "cidr_routing_policy": [],
            "failover_routing_policy": [],
            "fqdn": "_546251071e673483cd6714f6e8c1c364.oluwayemioluwasesan.me",
            "geolocation_routing_policy": [],
            "geoproximity_routing_policy": [],
            "health_check_id": "",
            "id": "Z0154998ODM6B2D19648__546251071e673483cd6714f6e8c1c364.oluwayemioluwasesan.me._CNAME",
            "latency_routing_policy": [],
            "multivalue_answer_routing_policy": false,
            "name": "_546251071e673483cd6714f6e8c1c364.oluwayemioluwasesan.me",
            "records": [
              "_080a80f72aebc9073fe95e599586f463.sdgjtdhdhz.acm-validations.aws."
            ],
            "set_identifier": "",
            "ttl": 60,
            "type": "CNAME",
            "weighted_routing_policy": [],
            "zone_id": "Z0154998ODM6B2D19648"
          },
          "sensitive_attributes": [],
          "private": "eyJzY2hlbWFfdmVyc2lvbiI6IjIifQ==",
          "dependencies": [
            "module.certificate.aws_acm_certificate.cert",
            "module.route53.aws_route53_zone.main"
          ]
        }
      ]
    },
    {
      "module": "module.route53",
      "mode": "managed",
      "type": "aws_route53_record",
      "name": "www",
      "provider": "provider[\"registry.terraform.io/hashicorp/aws\"]",
      "instances": [
        {
          "schema_version": 2,
          "attributes": {
            "alias": [
              {
                "evaluate_target_health": false,
                "name": "daq2pig28e7n6.cloudfront.net",
                "zone_id": "Z2FDTNDATAQYW2"
              }
            ],
            "allow_overwrite": null,
            "cidr_routing_policy": [],
            "failover_routing_policy": [],
            "fqdn": "www.oluwayemioluwasesan.me",
            "geolocation_routing_policy": [],
            "geoproximity_routing_policy": [],
            "health_check_id": "",
            "id": "Z0154998ODM6B2D19648_www_A",
            "latency_routing_policy": [],
            "multivalue_answer_routing_policy": false,
            "name": "www",
            "records": [],
            "set_identifier": "",
            "ttl": 0,
            "type": "A",
            "weighted_routing_policy": [],
            "zone_id": "Z0154998ODM6B2D19648"
          },
          "sensitive_attributes": [],
          "private": "eyJzY2hlbWFfdmVyc2lvbiI6IjIifQ==",
          "dependencies": [
            "module.aws_bucket.aws_s3_bucket.oluwasesan-static-bucket",
            "module.aws_cloudfront.aws_cloudfront_distribution.cloudfront",
            "module.aws_cloudfront.aws_cloudfront_origin_access_identity.origin_access_identity",
            "module.route53.aws_route53_zone.main"
          ]
        }
      ]
    },
    {
      "module": "module.route53",
      "mode": "managed",
      "type": "aws_route53_zone",
      "name": "main",
      "provider": "provider[\"registry.terraform.io/hashicorp/aws\"]",
      "instances": [
        {
          "schema_version": 0,
          "attributes": {
            "arn": "arn:aws:route53:::hostedzone/Z0154998ODM6B2D19648",
            "comment": "Managed by Terraform",
            "delegation_set_id": "",
            "force_destroy": false,
            "id": "Z0154998ODM6B2D19648",
            "name": "oluwayemioluwasesan.me",
            "name_servers": [
              "ns-1351.awsdns-40.org",
              "ns-156.awsdns-19.com",
              "ns-1910.awsdns-46.co.uk",
              "ns-956.awsdns-55.net"
            ],
            "primary_name_server": "ns-1351.awsdns-40.org",
            "tags": {
              "Environment": "dev"
            },
            "tags_all": {
              "Environment": "dev"
            },
            "vpc": [],
            "zone_id": "Z0154998ODM6B2D19648"
          },
          "sensitive_attributes": [],
          "private": "bnVsbA=="
        }
      ]
    }
  ],
  "check_results": null
}
